// !$*UTF8*$!
{
	archiveVersion = 1;
	classes = {
	};
	objectVersion = 46;
	objects = {

/* Begin PBXBuildFile section */
		2623DDBF18DD0E7C00BF982F /* AMETCDApi.framework in Frameworks */ = {isa = PBXBuildFile; fileRef = 2623DDBE18DD0E7C00BF982F /* AMETCDApi.framework */; };
		264C748518EBF0AC00DC00DA /* AMUserGroupNode.h in Headers */ = {isa = PBXBuildFile; fileRef = 264C748318EBF0AC00DC00DA /* AMUserGroupNode.h */; settings = {ATTRIBUTES = (Public, ); }; };
		264C748618EBF0AC00DC00DA /* AMUserGroupNode.m in Sources */ = {isa = PBXBuildFile; fileRef = 264C748418EBF0AC00DC00DA /* AMUserGroupNode.m */; };
		2692CD5618D7C2A2006501C4 /* Cocoa.framework in Frameworks */ = {isa = PBXBuildFile; fileRef = 2692CD5518D7C2A2006501C4 /* Cocoa.framework */; };
		2692CD8218D7C2D3006501C4 /* AMMesher.h in Headers */ = {isa = PBXBuildFile; fileRef = 2692CD8018D7C2D3006501C4 /* AMMesher.h */; settings = {ATTRIBUTES = (Public, ); }; };
		2692CD8318D7C2D3006501C4 /* AMMesher.m in Sources */ = {isa = PBXBuildFile; fileRef = 2692CD8118D7C2D3006501C4 /* AMMesher.m */; };
		2692CDDF18D7CB88006501C4 /* InfoPlist.strings in Resources */ = {isa = PBXBuildFile; fileRef = 2692CD8C18D7C325006501C4 /* InfoPlist.strings */; };
		2692CE2318D7D024006501C4 /* AMNetworkUtils.framework in Frameworks */ = {isa = PBXBuildFile; fileRef = 2692CE2218D7D024006501C4 /* AMNetworkUtils.framework */; };
		26B328F518DD028F00E7F617 /* AMLeaderElecter.h in Headers */ = {isa = PBXBuildFile; fileRef = 26B328F318DD028F00E7F617 /* AMLeaderElecter.h */; };
		26B328F618DD028F00E7F617 /* AMLeaderElecter.m in Sources */ = {isa = PBXBuildFile; fileRef = 26B328F418DD028F00E7F617 /* AMLeaderElecter.m */; };
		26B328F918DD03DB00E7F617 /* AMMesherPreference.h in Headers */ = {isa = PBXBuildFile; fileRef = 26B328F718DD03DB00E7F617 /* AMMesherPreference.h */; };
		D48F3E5018E4F6FA008AB820 /* AMGroup.h in Headers */ = {isa = PBXBuildFile; fileRef = D48F3E4C18E4F6FA008AB820 /* AMGroup.h */; settings = {ATTRIBUTES = (Public, ); }; };
		D48F3E5118E4F6FA008AB820 /* AMGroup.m in Sources */ = {isa = PBXBuildFile; fileRef = D48F3E4D18E4F6FA008AB820 /* AMGroup.m */; };
		D48F3E5218E4F6FA008AB820 /* AMUser.h in Headers */ = {isa = PBXBuildFile; fileRef = D48F3E4E18E4F6FA008AB820 /* AMUser.h */; settings = {ATTRIBUTES = (Public, ); }; };
		D48F3E5318E4F6FA008AB820 /* AMUser.m in Sources */ = {isa = PBXBuildFile; fileRef = D48F3E4F18E4F6FA008AB820 /* AMUser.m */; };
		D4C3E88918F4DF36002AD7AC /* AMETCDArtsmeshIODestination.h in Headers */ = {isa = PBXBuildFile; fileRef = D4C3E88318F4DF36002AD7AC /* AMETCDArtsmeshIODestination.h */; };
		D4C3E88A18F4DF36002AD7AC /* AMETCDArtsmeshIODestination.m in Sources */ = {isa = PBXBuildFile; fileRef = D4C3E88418F4DF36002AD7AC /* AMETCDArtsmeshIODestination.m */; };
		D4C3E88B18F4DF36002AD7AC /* AMETCDLANDestination.h in Headers */ = {isa = PBXBuildFile; fileRef = D4C3E88518F4DF36002AD7AC /* AMETCDLANDestination.h */; };
		D4C3E88C18F4DF36002AD7AC /* AMETCDLANDestination.m in Sources */ = {isa = PBXBuildFile; fileRef = D4C3E88618F4DF36002AD7AC /* AMETCDLANDestination.m */; };
		D4C3E88D18F4DF36002AD7AC /* AMETCDPeerDestination.h in Headers */ = {isa = PBXBuildFile; fileRef = D4C3E88718F4DF36002AD7AC /* AMETCDPeerDestination.h */; };
		D4C3E88E18F4DF36002AD7AC /* AMETCDPeerDestination.m in Sources */ = {isa = PBXBuildFile; fileRef = D4C3E88818F4DF36002AD7AC /* AMETCDPeerDestination.m */; };
		D4C3E8A918F4DF50002AD7AC /* AMETCDAddGroupOperation.h in Headers */ = {isa = PBXBuildFile; fileRef = D4C3E88F18F4DF50002AD7AC /* AMETCDAddGroupOperation.h */; };
		D4C3E8AA18F4DF50002AD7AC /* AMETCDAddGroupOperation.m in Sources */ = {isa = PBXBuildFile; fileRef = D4C3E89018F4DF50002AD7AC /* AMETCDAddGroupOperation.m */; };
		D4C3E8AB18F4DF50002AD7AC /* AMETCDAddUserOperation.h in Headers */ = {isa = PBXBuildFile; fileRef = D4C3E89118F4DF50002AD7AC /* AMETCDAddUserOperation.h */; };
		D4C3E8AC18F4DF50002AD7AC /* AMETCDAddUserOperation.m in Sources */ = {isa = PBXBuildFile; fileRef = D4C3E89218F4DF50002AD7AC /* AMETCDAddUserOperation.m */; };
		D4C3E8AD18F4DF50002AD7AC /* AMETCDDeleteGroupOperation.h in Headers */ = {isa = PBXBuildFile; fileRef = D4C3E89318F4DF50002AD7AC /* AMETCDDeleteGroupOperation.h */; };
		D4C3E8AE18F4DF50002AD7AC /* AMETCDDeleteGroupOperation.m in Sources */ = {isa = PBXBuildFile; fileRef = D4C3E89418F4DF50002AD7AC /* AMETCDDeleteGroupOperation.m */; };
		D4C3E8AF18F4DF50002AD7AC /* AMETCDDeleteUserOperation.h in Headers */ = {isa = PBXBuildFile; fileRef = D4C3E89518F4DF50002AD7AC /* AMETCDDeleteUserOperation.h */; };
		D4C3E8B018F4DF50002AD7AC /* AMETCDDeleteUserOperation.m in Sources */ = {isa = PBXBuildFile; fileRef = D4C3E89618F4DF50002AD7AC /* AMETCDDeleteUserOperation.m */; };
		D4C3E8B118F4DF50002AD7AC /* AMETCDDestination.h in Headers */ = {isa = PBXBuildFile; fileRef = D4C3E89718F4DF50002AD7AC /* AMETCDDestination.h */; };
		D4C3E8B218F4DF50002AD7AC /* AMETCDDestination.m in Sources */ = {isa = PBXBuildFile; fileRef = D4C3E89818F4DF50002AD7AC /* AMETCDDestination.m */; };
		D4C3E8B518F4DF50002AD7AC /* AMETCDOperation.h in Headers */ = {isa = PBXBuildFile; fileRef = D4C3E89B18F4DF50002AD7AC /* AMETCDOperation.h */; };
		D4C3E8B618F4DF50002AD7AC /* AMETCDOperation.m in Sources */ = {isa = PBXBuildFile; fileRef = D4C3E89C18F4DF50002AD7AC /* AMETCDOperation.m */; };
		D4C3E8B718F4DF50002AD7AC /* AMETCDOperationDelegate.h in Headers */ = {isa = PBXBuildFile; fileRef = D4C3E89D18F4DF50002AD7AC /* AMETCDOperationDelegate.h */; };
		D4C3E8B818F4DF50002AD7AC /* AMETCDOperationHeader.h in Headers */ = {isa = PBXBuildFile; fileRef = D4C3E89E18F4DF50002AD7AC /* AMETCDOperationHeader.h */; };
		D4C3E8B918F4DF50002AD7AC /* AMETCDQueryOperation.h in Headers */ = {isa = PBXBuildFile; fileRef = D4C3E89F18F4DF50002AD7AC /* AMETCDQueryOperation.h */; };
		D4C3E8BA18F4DF50002AD7AC /* AMETCDQueryOperation.m in Sources */ = {isa = PBXBuildFile; fileRef = D4C3E8A018F4DF50002AD7AC /* AMETCDQueryOperation.m */; };
		D4C3E8BB18F4DF50002AD7AC /* AMETCDUpdateGroupOperation.h in Headers */ = {isa = PBXBuildFile; fileRef = D4C3E8A118F4DF50002AD7AC /* AMETCDUpdateGroupOperation.h */; };
		D4C3E8BC18F4DF50002AD7AC /* AMETCDUpdateGroupOperation.m in Sources */ = {isa = PBXBuildFile; fileRef = D4C3E8A218F4DF50002AD7AC /* AMETCDUpdateGroupOperation.m */; };
		D4C3E8BD18F4DF50002AD7AC /* AMETCDUpdateUserOperation.h in Headers */ = {isa = PBXBuildFile; fileRef = D4C3E8A318F4DF50002AD7AC /* AMETCDUpdateUserOperation.h */; };
		D4C3E8BE18F4DF50002AD7AC /* AMETCDUpdateUserOperation.m in Sources */ = {isa = PBXBuildFile; fileRef = D4C3E8A418F4DF50002AD7AC /* AMETCDUpdateUserOperation.m */; };
		D4C3E8C118F4DF50002AD7AC /* AMETCDWatchOperation.h in Headers */ = {isa = PBXBuildFile; fileRef = D4C3E8A718F4DF50002AD7AC /* AMETCDWatchOperation.h */; };
		D4C3E8C218F4DF50002AD7AC /* AMETCDWatchOperation.m in Sources */ = {isa = PBXBuildFile; fileRef = D4C3E8A818F4DF50002AD7AC /* AMETCDWatchOperation.m */; };
		D4C3E8C518F4DF5B002AD7AC /* AMETCDDataSource.h in Headers */ = {isa = PBXBuildFile; fileRef = D4C3E8C318F4DF5B002AD7AC /* AMETCDDataSource.h */; };
		D4C3E8C618F4DF5B002AD7AC /* AMETCDDataSource.m in Sources */ = {isa = PBXBuildFile; fileRef = D4C3E8C418F4DF5B002AD7AC /* AMETCDDataSource.m */; };
		D4C3E8EB18F4E2A2002AD7AC /* AMETCDGroupTTLOperation.h in Headers */ = {isa = PBXBuildFile; fileRef = D4C3E8E718F4E2A2002AD7AC /* AMETCDGroupTTLOperation.h */; };
		D4C3E8EC18F4E2A2002AD7AC /* AMETCDGroupTTLOperation.m in Sources */ = {isa = PBXBuildFile; fileRef = D4C3E8E818F4E2A2002AD7AC /* AMETCDGroupTTLOperation.m */; };
		D4C3E8ED18F4E2A2002AD7AC /* AMETCDUserTTLOperation.h in Headers */ = {isa = PBXBuildFile; fileRef = D4C3E8E918F4E2A2002AD7AC /* AMETCDUserTTLOperation.h */; };
		D4C3E8EE18F4E2A2002AD7AC /* AMETCDUserTTLOperation.m in Sources */ = {isa = PBXBuildFile; fileRef = D4C3E8EA18F4E2A2002AD7AC /* AMETCDUserTTLOperation.m */; };
		D4C3E8F118F4E2FB002AD7AC /* AMETCDLaunchOperation.h in Headers */ = {isa = PBXBuildFile; fileRef = D4C3E8EF18F4E2FB002AD7AC /* AMETCDLaunchOperation.h */; };
		D4C3E8F218F4E2FB002AD7AC /* AMETCDLaunchOperation.m in Sources */ = {isa = PBXBuildFile; fileRef = D4C3E8F018F4E2FB002AD7AC /* AMETCDLaunchOperation.m */; };
		D4C3E8F518F4E503002AD7AC /* AMETCDInitOperation.h in Headers */ = {isa = PBXBuildFile; fileRef = D4C3E8F318F4E503002AD7AC /* AMETCDInitOperation.h */; };
		D4C3E8F618F4E503002AD7AC /* AMETCDInitOperation.m in Sources */ = {isa = PBXBuildFile; fileRef = D4C3E8F418F4E503002AD7AC /* AMETCDInitOperation.m */; };
		D4C3E8F918F4E8E1002AD7AC /* AMETCDDataDestination.h in Headers */ = {isa = PBXBuildFile; fileRef = D4C3E8F718F4E8E1002AD7AC /* AMETCDDataDestination.h */; };
		D4C3E8FA18F4E8E1002AD7AC /* AMETCDDataDestination.m in Sources */ = {isa = PBXBuildFile; fileRef = D4C3E8F818F4E8E1002AD7AC /* AMETCDDataDestination.m */; };
		D4E3B76718EA82ED0088752C /* AMKillETCDOperation.h in Headers */ = {isa = PBXBuildFile; fileRef = D4E3B76518EA82ED0088752C /* AMKillETCDOperation.h */; };
		D4E3B76818EA82ED0088752C /* AMKillETCDOperation.m in Sources */ = {isa = PBXBuildFile; fileRef = D4E3B76618EA82ED0088752C /* AMKillETCDOperation.m */; };
/* End PBXBuildFile section */

/* Begin PBXCopyFilesBuildPhase section */
		2692CDA418D7C3CC006501C4 /* CopyFiles */ = {
			isa = PBXCopyFilesBuildPhase;
			buildActionMask = 2147483647;
			dstPath = "$(CONTENTS_FOLDER_PATH)/XPCServices";
			dstSubfolderSpec = 16;
			files = (
			);
			runOnlyForDeploymentPostprocessing = 0;
		};
/* End PBXCopyFilesBuildPhase section */

/* Begin PBXFileReference section */
		2623DDBE18DD0E7C00BF982F /* AMETCDApi.framework */ = {isa = PBXFileReference; lastKnownFileType = wrapper.framework; name = AMETCDApi.framework; path = ../DerivedData/Artsmesh/Build/Products/Debug/AMETCDApi.framework; sourceTree = "<group>"; };
		264C748318EBF0AC00DC00DA /* AMUserGroupNode.h */ = {isa = PBXFileReference; fileEncoding = 4; lastKnownFileType = sourcecode.c.h; path = AMUserGroupNode.h; sourceTree = "<group>"; };
		264C748418EBF0AC00DC00DA /* AMUserGroupNode.m */ = {isa = PBXFileReference; fileEncoding = 4; lastKnownFileType = sourcecode.c.objc; path = AMUserGroupNode.m; sourceTree = "<group>"; };
		2692CD5218D7C2A2006501C4 /* AMMesher.framework */ = {isa = PBXFileReference; explicitFileType = wrapper.framework; includeInIndex = 0; path = AMMesher.framework; sourceTree = BUILT_PRODUCTS_DIR; };
		2692CD5518D7C2A2006501C4 /* Cocoa.framework */ = {isa = PBXFileReference; lastKnownFileType = wrapper.framework; name = Cocoa.framework; path = System/Library/Frameworks/Cocoa.framework; sourceTree = SDKROOT; };
		2692CD5818D7C2A2006501C4 /* Foundation.framework */ = {isa = PBXFileReference; lastKnownFileType = wrapper.framework; name = Foundation.framework; path = System/Library/Frameworks/Foundation.framework; sourceTree = SDKROOT; };
		2692CD5918D7C2A2006501C4 /* CoreData.framework */ = {isa = PBXFileReference; lastKnownFileType = wrapper.framework; name = CoreData.framework; path = System/Library/Frameworks/CoreData.framework; sourceTree = SDKROOT; };
		2692CD5A18D7C2A2006501C4 /* AppKit.framework */ = {isa = PBXFileReference; lastKnownFileType = wrapper.framework; name = AppKit.framework; path = System/Library/Frameworks/AppKit.framework; sourceTree = SDKROOT; };
		2692CD6A18D7C2A2006501C4 /* XCTest.framework */ = {isa = PBXFileReference; lastKnownFileType = wrapper.framework; name = XCTest.framework; path = Library/Frameworks/XCTest.framework; sourceTree = DEVELOPER_DIR; };
		2692CD8018D7C2D3006501C4 /* AMMesher.h */ = {isa = PBXFileReference; fileEncoding = 4; lastKnownFileType = sourcecode.c.h; path = AMMesher.h; sourceTree = "<group>"; };
		2692CD8118D7C2D3006501C4 /* AMMesher.m */ = {isa = PBXFileReference; fileEncoding = 4; lastKnownFileType = sourcecode.c.objc; path = AMMesher.m; sourceTree = "<group>"; };
		2692CD8818D7C31B006501C4 /* AMMesher-Info.plist */ = {isa = PBXFileReference; fileEncoding = 4; lastKnownFileType = text.plist.xml; path = "AMMesher-Info.plist"; sourceTree = "<group>"; };
		2692CD8918D7C31B006501C4 /* AMMesher-Prefix.pch */ = {isa = PBXFileReference; fileEncoding = 4; lastKnownFileType = sourcecode.c.h; path = "AMMesher-Prefix.pch"; sourceTree = "<group>"; };
		2692CD8D18D7C325006501C4 /* en */ = {isa = PBXFileReference; lastKnownFileType = text.plist.strings; name = en; path = en.lproj/InfoPlist.strings; sourceTree = "<group>"; };
		2692CD9418D7C37A006501C4 /* Foundation.framework */ = {isa = PBXFileReference; lastKnownFileType = wrapper.framework; name = Foundation.framework; path = System/Library/Frameworks/Foundation.framework; sourceTree = SDKROOT; };
		2692CE2218D7D024006501C4 /* AMNetworkUtils.framework */ = {isa = PBXFileReference; lastKnownFileType = wrapper.framework; name = AMNetworkUtils.framework; path = ../DerivedData/Artsmesh/Build/Products/Debug/AMNetworkUtils.framework; sourceTree = "<group>"; };
		26B328F318DD028F00E7F617 /* AMLeaderElecter.h */ = {isa = PBXFileReference; fileEncoding = 4; lastKnownFileType = sourcecode.c.h; path = AMLeaderElecter.h; sourceTree = "<group>"; };
		26B328F418DD028F00E7F617 /* AMLeaderElecter.m */ = {isa = PBXFileReference; fileEncoding = 4; lastKnownFileType = sourcecode.c.objc; path = AMLeaderElecter.m; sourceTree = "<group>"; };
		26B328F718DD03DB00E7F617 /* AMMesherPreference.h */ = {isa = PBXFileReference; fileEncoding = 4; lastKnownFileType = sourcecode.c.h; path = AMMesherPreference.h; sourceTree = "<group>"; };
		D48F3E4C18E4F6FA008AB820 /* AMGroup.h */ = {isa = PBXFileReference; fileEncoding = 4; lastKnownFileType = sourcecode.c.h; path = AMGroup.h; sourceTree = "<group>"; };
		D48F3E4D18E4F6FA008AB820 /* AMGroup.m */ = {isa = PBXFileReference; fileEncoding = 4; lastKnownFileType = sourcecode.c.objc; path = AMGroup.m; sourceTree = "<group>"; };
		D48F3E4E18E4F6FA008AB820 /* AMUser.h */ = {isa = PBXFileReference; fileEncoding = 4; lastKnownFileType = sourcecode.c.h; path = AMUser.h; sourceTree = "<group>"; };
		D48F3E4F18E4F6FA008AB820 /* AMUser.m */ = {isa = PBXFileReference; fileEncoding = 4; lastKnownFileType = sourcecode.c.objc; path = AMUser.m; sourceTree = "<group>"; };
		D4C3E88318F4DF36002AD7AC /* AMETCDArtsmeshIODestination.h */ = {isa = PBXFileReference; fileEncoding = 4; lastKnownFileType = sourcecode.c.h; path = AMETCDArtsmeshIODestination.h; sourceTree = "<group>"; };
		D4C3E88418F4DF36002AD7AC /* AMETCDArtsmeshIODestination.m */ = {isa = PBXFileReference; fileEncoding = 4; lastKnownFileType = sourcecode.c.objc; path = AMETCDArtsmeshIODestination.m; sourceTree = "<group>"; };
		D4C3E88518F4DF36002AD7AC /* AMETCDLANDestination.h */ = {isa = PBXFileReference; fileEncoding = 4; lastKnownFileType = sourcecode.c.h; path = AMETCDLANDestination.h; sourceTree = "<group>"; };
		D4C3E88618F4DF36002AD7AC /* AMETCDLANDestination.m */ = {isa = PBXFileReference; fileEncoding = 4; lastKnownFileType = sourcecode.c.objc; path = AMETCDLANDestination.m; sourceTree = "<group>"; };
		D4C3E88718F4DF36002AD7AC /* AMETCDPeerDestination.h */ = {isa = PBXFileReference; fileEncoding = 4; lastKnownFileType = sourcecode.c.h; path = AMETCDPeerDestination.h; sourceTree = "<group>"; };
		D4C3E88818F4DF36002AD7AC /* AMETCDPeerDestination.m */ = {isa = PBXFileReference; fileEncoding = 4; lastKnownFileType = sourcecode.c.objc; path = AMETCDPeerDestination.m; sourceTree = "<group>"; };
		D4C3E88F18F4DF50002AD7AC /* AMETCDAddGroupOperation.h */ = {isa = PBXFileReference; fileEncoding = 4; lastKnownFileType = sourcecode.c.h; path = AMETCDAddGroupOperation.h; sourceTree = "<group>"; };
		D4C3E89018F4DF50002AD7AC /* AMETCDAddGroupOperation.m */ = {isa = PBXFileReference; fileEncoding = 4; lastKnownFileType = sourcecode.c.objc; path = AMETCDAddGroupOperation.m; sourceTree = "<group>"; };
		D4C3E89118F4DF50002AD7AC /* AMETCDAddUserOperation.h */ = {isa = PBXFileReference; fileEncoding = 4; lastKnownFileType = sourcecode.c.h; path = AMETCDAddUserOperation.h; sourceTree = "<group>"; };
		D4C3E89218F4DF50002AD7AC /* AMETCDAddUserOperation.m */ = {isa = PBXFileReference; fileEncoding = 4; lastKnownFileType = sourcecode.c.objc; path = AMETCDAddUserOperation.m; sourceTree = "<group>"; };
		D4C3E89318F4DF50002AD7AC /* AMETCDDeleteGroupOperation.h */ = {isa = PBXFileReference; fileEncoding = 4; lastKnownFileType = sourcecode.c.h; path = AMETCDDeleteGroupOperation.h; sourceTree = "<group>"; };
		D4C3E89418F4DF50002AD7AC /* AMETCDDeleteGroupOperation.m */ = {isa = PBXFileReference; fileEncoding = 4; lastKnownFileType = sourcecode.c.objc; path = AMETCDDeleteGroupOperation.m; sourceTree = "<group>"; };
		D4C3E89518F4DF50002AD7AC /* AMETCDDeleteUserOperation.h */ = {isa = PBXFileReference; fileEncoding = 4; lastKnownFileType = sourcecode.c.h; path = AMETCDDeleteUserOperation.h; sourceTree = "<group>"; };
		D4C3E89618F4DF50002AD7AC /* AMETCDDeleteUserOperation.m */ = {isa = PBXFileReference; fileEncoding = 4; lastKnownFileType = sourcecode.c.objc; path = AMETCDDeleteUserOperation.m; sourceTree = "<group>"; };
		D4C3E89718F4DF50002AD7AC /* AMETCDDestination.h */ = {isa = PBXFileReference; fileEncoding = 4; lastKnownFileType = sourcecode.c.h; path = AMETCDDestination.h; sourceTree = "<group>"; };
		D4C3E89818F4DF50002AD7AC /* AMETCDDestination.m */ = {isa = PBXFileReference; fileEncoding = 4; lastKnownFileType = sourcecode.c.objc; path = AMETCDDestination.m; sourceTree = "<group>"; };
		D4C3E89B18F4DF50002AD7AC /* AMETCDOperation.h */ = {isa = PBXFileReference; fileEncoding = 4; lastKnownFileType = sourcecode.c.h; path = AMETCDOperation.h; sourceTree = "<group>"; };
		D4C3E89C18F4DF50002AD7AC /* AMETCDOperation.m */ = {isa = PBXFileReference; fileEncoding = 4; lastKnownFileType = sourcecode.c.objc; path = AMETCDOperation.m; sourceTree = "<group>"; };
		D4C3E89D18F4DF50002AD7AC /* AMETCDOperationDelegate.h */ = {isa = PBXFileReference; fileEncoding = 4; lastKnownFileType = sourcecode.c.h; path = AMETCDOperationDelegate.h; sourceTree = "<group>"; };
		D4C3E89E18F4DF50002AD7AC /* AMETCDOperationHeader.h */ = {isa = PBXFileReference; fileEncoding = 4; lastKnownFileType = sourcecode.c.h; path = AMETCDOperationHeader.h; sourceTree = "<group>"; };
		D4C3E89F18F4DF50002AD7AC /* AMETCDQueryOperation.h */ = {isa = PBXFileReference; fileEncoding = 4; lastKnownFileType = sourcecode.c.h; path = AMETCDQueryOperation.h; sourceTree = "<group>"; };
		D4C3E8A018F4DF50002AD7AC /* AMETCDQueryOperation.m */ = {isa = PBXFileReference; fileEncoding = 4; lastKnownFileType = sourcecode.c.objc; path = AMETCDQueryOperation.m; sourceTree = "<group>"; };
		D4C3E8A118F4DF50002AD7AC /* AMETCDUpdateGroupOperation.h */ = {isa = PBXFileReference; fileEncoding = 4; lastKnownFileType = sourcecode.c.h; path = AMETCDUpdateGroupOperation.h; sourceTree = "<group>"; };
		D4C3E8A218F4DF50002AD7AC /* AMETCDUpdateGroupOperation.m */ = {isa = PBXFileReference; fileEncoding = 4; lastKnownFileType = sourcecode.c.objc; path = AMETCDUpdateGroupOperation.m; sourceTree = "<group>"; };
		D4C3E8A318F4DF50002AD7AC /* AMETCDUpdateUserOperation.h */ = {isa = PBXFileReference; fileEncoding = 4; lastKnownFileType = sourcecode.c.h; path = AMETCDUpdateUserOperation.h; sourceTree = "<group>"; };
		D4C3E8A418F4DF50002AD7AC /* AMETCDUpdateUserOperation.m */ = {isa = PBXFileReference; fileEncoding = 4; lastKnownFileType = sourcecode.c.objc; path = AMETCDUpdateUserOperation.m; sourceTree = "<group>"; };
		D4C3E8A718F4DF50002AD7AC /* AMETCDWatchOperation.h */ = {isa = PBXFileReference; fileEncoding = 4; lastKnownFileType = sourcecode.c.h; path = AMETCDWatchOperation.h; sourceTree = "<group>"; };
		D4C3E8A818F4DF50002AD7AC /* AMETCDWatchOperation.m */ = {isa = PBXFileReference; fileEncoding = 4; lastKnownFileType = sourcecode.c.objc; path = AMETCDWatchOperation.m; sourceTree = "<group>"; };
		D4C3E8C318F4DF5B002AD7AC /* AMETCDDataSource.h */ = {isa = PBXFileReference; fileEncoding = 4; lastKnownFileType = sourcecode.c.h; path = AMETCDDataSource.h; sourceTree = "<group>"; };
		D4C3E8C418F4DF5B002AD7AC /* AMETCDDataSource.m */ = {isa = PBXFileReference; fileEncoding = 4; lastKnownFileType = sourcecode.c.objc; path = AMETCDDataSource.m; sourceTree = "<group>"; };
		D4C3E8E718F4E2A2002AD7AC /* AMETCDGroupTTLOperation.h */ = {isa = PBXFileReference; fileEncoding = 4; lastKnownFileType = sourcecode.c.h; path = AMETCDGroupTTLOperation.h; sourceTree = "<group>"; };
		D4C3E8E818F4E2A2002AD7AC /* AMETCDGroupTTLOperation.m */ = {isa = PBXFileReference; fileEncoding = 4; lastKnownFileType = sourcecode.c.objc; path = AMETCDGroupTTLOperation.m; sourceTree = "<group>"; };
		D4C3E8E918F4E2A2002AD7AC /* AMETCDUserTTLOperation.h */ = {isa = PBXFileReference; fileEncoding = 4; lastKnownFileType = sourcecode.c.h; path = AMETCDUserTTLOperation.h; sourceTree = "<group>"; };
		D4C3E8EA18F4E2A2002AD7AC /* AMETCDUserTTLOperation.m */ = {isa = PBXFileReference; fileEncoding = 4; lastKnownFileType = sourcecode.c.objc; path = AMETCDUserTTLOperation.m; sourceTree = "<group>"; };
		D4C3E8EF18F4E2FB002AD7AC /* AMETCDLaunchOperation.h */ = {isa = PBXFileReference; fileEncoding = 4; lastKnownFileType = sourcecode.c.h; path = AMETCDLaunchOperation.h; sourceTree = "<group>"; };
		D4C3E8F018F4E2FB002AD7AC /* AMETCDLaunchOperation.m */ = {isa = PBXFileReference; fileEncoding = 4; lastKnownFileType = sourcecode.c.objc; path = AMETCDLaunchOperation.m; sourceTree = "<group>"; };
		D4C3E8F318F4E503002AD7AC /* AMETCDInitOperation.h */ = {isa = PBXFileReference; fileEncoding = 4; lastKnownFileType = sourcecode.c.h; path = AMETCDInitOperation.h; sourceTree = "<group>"; };
		D4C3E8F418F4E503002AD7AC /* AMETCDInitOperation.m */ = {isa = PBXFileReference; fileEncoding = 4; lastKnownFileType = sourcecode.c.objc; path = AMETCDInitOperation.m; sourceTree = "<group>"; };
		D4C3E8F718F4E8E1002AD7AC /* AMETCDDataDestination.h */ = {isa = PBXFileReference; fileEncoding = 4; lastKnownFileType = sourcecode.c.h; path = AMETCDDataDestination.h; sourceTree = "<group>"; };
		D4C3E8F818F4E8E1002AD7AC /* AMETCDDataDestination.m */ = {isa = PBXFileReference; fileEncoding = 4; lastKnownFileType = sourcecode.c.objc; path = AMETCDDataDestination.m; sourceTree = "<group>"; };
		D4D35FC318E43018005C5F1A /* AMNetworkUtils.framework */ = {isa = PBXFileReference; lastKnownFileType = wrapper.framework; name = AMNetworkUtils.framework; path = ../AMNetworkUtils/build/Release/AMNetworkUtils.framework; sourceTree = "<group>"; };
		D4E3B76518EA82ED0088752C /* AMKillETCDOperation.h */ = {isa = PBXFileReference; fileEncoding = 4; lastKnownFileType = sourcecode.c.h; path = AMKillETCDOperation.h; sourceTree = "<group>"; };
		D4E3B76618EA82ED0088752C /* AMKillETCDOperation.m */ = {isa = PBXFileReference; fileEncoding = 4; lastKnownFileType = sourcecode.c.objc; path = AMKillETCDOperation.m; sourceTree = "<group>"; };
/* End PBXFileReference section */

/* Begin PBXFrameworksBuildPhase section */
		2692CD4E18D7C2A2006501C4 /* Frameworks */ = {
			isa = PBXFrameworksBuildPhase;
			buildActionMask = 2147483647;
			files = (
				2623DDBF18DD0E7C00BF982F /* AMETCDApi.framework in Frameworks */,
				2692CE2318D7D024006501C4 /* AMNetworkUtils.framework in Frameworks */,
				2692CD5618D7C2A2006501C4 /* Cocoa.framework in Frameworks */,
			);
			runOnlyForDeploymentPostprocessing = 0;
		};
/* End PBXFrameworksBuildPhase section */

/* Begin PBXGroup section */
		2692CD4818D7C2A2006501C4 = {
			isa = PBXGroup;
			children = (
				2692CD5B18D7C2A2006501C4 /* AMMesher */,
				2692CD5418D7C2A2006501C4 /* Frameworks */,
				2692CD5318D7C2A2006501C4 /* Products */,
			);
			sourceTree = "<group>";
		};
		2692CD5318D7C2A2006501C4 /* Products */ = {
			isa = PBXGroup;
			children = (
				2692CD5218D7C2A2006501C4 /* AMMesher.framework */,
			);
			name = Products;
			sourceTree = "<group>";
		};
		2692CD5418D7C2A2006501C4 /* Frameworks */ = {
			isa = PBXGroup;
			children = (
				D4D35FC318E43018005C5F1A /* AMNetworkUtils.framework */,
				2623DDBE18DD0E7C00BF982F /* AMETCDApi.framework */,
				2692CE2218D7D024006501C4 /* AMNetworkUtils.framework */,
				2692CD5518D7C2A2006501C4 /* Cocoa.framework */,
				2692CD6A18D7C2A2006501C4 /* XCTest.framework */,
				2692CD9418D7C37A006501C4 /* Foundation.framework */,
				2692CD5718D7C2A2006501C4 /* Other Frameworks */,
			);
			name = Frameworks;
			sourceTree = "<group>";
		};
		2692CD5718D7C2A2006501C4 /* Other Frameworks */ = {
			isa = PBXGroup;
			children = (
				2692CD5818D7C2A2006501C4 /* Foundation.framework */,
				2692CD5918D7C2A2006501C4 /* CoreData.framework */,
				2692CD5A18D7C2A2006501C4 /* AppKit.framework */,
			);
			name = "Other Frameworks";
			sourceTree = "<group>";
		};
		2692CD5B18D7C2A2006501C4 /* AMMesher */ = {
			isa = PBXGroup;
			children = (
				26E4092E18E7DABB00004450 /* UserGroup */,
				26E4092D18E7DA5200004450 /* ETCDOperations */,
				2692CD8018D7C2D3006501C4 /* AMMesher.h */,
				2692CD8118D7C2D3006501C4 /* AMMesher.m */,
				26B328F318DD028F00E7F617 /* AMLeaderElecter.h */,
				26B328F418DD028F00E7F617 /* AMLeaderElecter.m */,
				26B328F718DD03DB00E7F617 /* AMMesherPreference.h */,
				2692CD5C18D7C2A2006501C4 /* Supporting Files */,
			);
			path = AMMesher;
			sourceTree = "<group>";
		};
		2692CD5C18D7C2A2006501C4 /* Supporting Files */ = {
			isa = PBXGroup;
			children = (
				2692CD8C18D7C325006501C4 /* InfoPlist.strings */,
				2692CD8818D7C31B006501C4 /* AMMesher-Info.plist */,
				2692CD8918D7C31B006501C4 /* AMMesher-Prefix.pch */,
			);
			name = "Supporting Files";
			sourceTree = "<group>";
		};
		26E4092D18E7DA5200004450 /* ETCDOperations */ = {
			isa = PBXGroup;
			children = (
				D4C3E89E18F4DF50002AD7AC /* AMETCDOperationHeader.h */,
				D4C3E89D18F4DF50002AD7AC /* AMETCDOperationDelegate.h */,
				D4C3E8C318F4DF5B002AD7AC /* AMETCDDataSource.h */,
				D4C3E8C418F4DF5B002AD7AC /* AMETCDDataSource.m */,
				D4C3E89718F4DF50002AD7AC /* AMETCDDestination.h */,
				D4C3E89818F4DF50002AD7AC /* AMETCDDestination.m */,
				D4C3E88318F4DF36002AD7AC /* AMETCDArtsmeshIODestination.h */,
				D4C3E88418F4DF36002AD7AC /* AMETCDArtsmeshIODestination.m */,
				D4C3E88518F4DF36002AD7AC /* AMETCDLANDestination.h */,
				D4C3E88618F4DF36002AD7AC /* AMETCDLANDestination.m */,
				D4C3E88718F4DF36002AD7AC /* AMETCDPeerDestination.h */,
				D4C3E88818F4DF36002AD7AC /* AMETCDPeerDestination.m */,
				D4C3E8F718F4E8E1002AD7AC /* AMETCDDataDestination.h */,
				D4C3E8F818F4E8E1002AD7AC /* AMETCDDataDestination.m */,
				D4C3E89B18F4DF50002AD7AC /* AMETCDOperation.h */,
				D4C3E89C18F4DF50002AD7AC /* AMETCDOperation.m */,
				D4C3E8F318F4E503002AD7AC /* AMETCDInitOperation.h */,
				D4C3E8F418F4E503002AD7AC /* AMETCDInitOperation.m */,
				D4C3E8EF18F4E2FB002AD7AC /* AMETCDLaunchOperation.h */,
				D4C3E8F018F4E2FB002AD7AC /* AMETCDLaunchOperation.m */,
				D4C3E88F18F4DF50002AD7AC /* AMETCDAddGroupOperation.h */,
				D4C3E89018F4DF50002AD7AC /* AMETCDAddGroupOperation.m */,
				D4C3E89118F4DF50002AD7AC /* AMETCDAddUserOperation.h */,
				D4C3E89218F4DF50002AD7AC /* AMETCDAddUserOperation.m */,
				D4C3E89318F4DF50002AD7AC /* AMETCDDeleteGroupOperation.h */,
				D4C3E89418F4DF50002AD7AC /* AMETCDDeleteGroupOperation.m */,
				D4C3E89518F4DF50002AD7AC /* AMETCDDeleteUserOperation.h */,
				D4C3E89618F4DF50002AD7AC /* AMETCDDeleteUserOperation.m */,
				D4C3E89F18F4DF50002AD7AC /* AMETCDQueryOperation.h */,
				D4C3E8A018F4DF50002AD7AC /* AMETCDQueryOperation.m */,
				D4C3E8A118F4DF50002AD7AC /* AMETCDUpdateGroupOperation.h */,
				D4C3E8A218F4DF50002AD7AC /* AMETCDUpdateGroupOperation.m */,
				D4C3E8A318F4DF50002AD7AC /* AMETCDUpdateUserOperation.h */,
				D4C3E8A418F4DF50002AD7AC /* AMETCDUpdateUserOperation.m */,
				D4C3E8A718F4DF50002AD7AC /* AMETCDWatchOperation.h */,
				D4C3E8A818F4DF50002AD7AC /* AMETCDWatchOperation.m */,
				D4C3E8E718F4E2A2002AD7AC /* AMETCDGroupTTLOperation.h */,
				D4C3E8E818F4E2A2002AD7AC /* AMETCDGroupTTLOperation.m */,
				D4C3E8E918F4E2A2002AD7AC /* AMETCDUserTTLOperation.h */,
				D4C3E8EA18F4E2A2002AD7AC /* AMETCDUserTTLOperation.m */,
				D4E3B76518EA82ED0088752C /* AMKillETCDOperation.h */,
				D4E3B76618EA82ED0088752C /* AMKillETCDOperation.m */,
			);
			name = ETCDOperations;
			sourceTree = "<group>";
		};
		26E4092E18E7DABB00004450 /* UserGroup */ = {
			isa = PBXGroup;
			children = (
				D48F3E4C18E4F6FA008AB820 /* AMGroup.h */,
				D48F3E4D18E4F6FA008AB820 /* AMGroup.m */,
				D48F3E4E18E4F6FA008AB820 /* AMUser.h */,
				D48F3E4F18E4F6FA008AB820 /* AMUser.m */,
				264C748318EBF0AC00DC00DA /* AMUserGroupNode.h */,
				264C748418EBF0AC00DC00DA /* AMUserGroupNode.m */,
			);
			name = UserGroup;
			sourceTree = "<group>";
		};
/* End PBXGroup section */

/* Begin PBXHeadersBuildPhase section */
		2692CD4F18D7C2A2006501C4 /* Headers */ = {
			isa = PBXHeadersBuildPhase;
			buildActionMask = 2147483647;
			files = (
				D4C3E8B918F4DF50002AD7AC /* AMETCDQueryOperation.h in Headers */,
				D4C3E8A918F4DF50002AD7AC /* AMETCDAddGroupOperation.h in Headers */,
				D4C3E8C118F4DF50002AD7AC /* AMETCDWatchOperation.h in Headers */,
				D4C3E88918F4DF36002AD7AC /* AMETCDArtsmeshIODestination.h in Headers */,
				264C748518EBF0AC00DC00DA /* AMUserGroupNode.h in Headers */,
				D4C3E8B718F4DF50002AD7AC /* AMETCDOperationDelegate.h in Headers */,
				D4C3E8F918F4E8E1002AD7AC /* AMETCDDataDestination.h in Headers */,
				D48F3E5218E4F6FA008AB820 /* AMUser.h in Headers */,
				D48F3E5018E4F6FA008AB820 /* AMGroup.h in Headers */,
				D4C3E8BD18F4DF50002AD7AC /* AMETCDUpdateUserOperation.h in Headers */,
				D4C3E8F118F4E2FB002AD7AC /* AMETCDLaunchOperation.h in Headers */,
				D4C3E8C518F4DF5B002AD7AC /* AMETCDDataSource.h in Headers */,
				D4C3E8ED18F4E2A2002AD7AC /* AMETCDUserTTLOperation.h in Headers */,
				D4C3E8BB18F4DF50002AD7AC /* AMETCDUpdateGroupOperation.h in Headers */,
				D4C3E88B18F4DF36002AD7AC /* AMETCDLANDestination.h in Headers */,
				D4C3E8F518F4E503002AD7AC /* AMETCDInitOperation.h in Headers */,
				26B328F518DD028F00E7F617 /* AMLeaderElecter.h in Headers */,
				D4C3E8B118F4DF50002AD7AC /* AMETCDDestination.h in Headers */,
				2692CD8218D7C2D3006501C4 /* AMMesher.h in Headers */,
				D4C3E8B818F4DF50002AD7AC /* AMETCDOperationHeader.h in Headers */,
				D4C3E8AF18F4DF50002AD7AC /* AMETCDDeleteUserOperation.h in Headers */,
				D4C3E88D18F4DF36002AD7AC /* AMETCDPeerDestination.h in Headers */,
				D4C3E8AB18F4DF50002AD7AC /* AMETCDAddUserOperation.h in Headers */,
				D4E3B76718EA82ED0088752C /* AMKillETCDOperation.h in Headers */,
				D4C3E8EB18F4E2A2002AD7AC /* AMETCDGroupTTLOperation.h in Headers */,
				D4C3E8B518F4DF50002AD7AC /* AMETCDOperation.h in Headers */,
				26B328F918DD03DB00E7F617 /* AMMesherPreference.h in Headers */,
				D4C3E8AD18F4DF50002AD7AC /* AMETCDDeleteGroupOperation.h in Headers */,
			);
			runOnlyForDeploymentPostprocessing = 0;
		};
/* End PBXHeadersBuildPhase section */

/* Begin PBXNativeTarget section */
		2692CD5118D7C2A2006501C4 /* AMMesher */ = {
			isa = PBXNativeTarget;
			buildConfigurationList = 2692CD7A18D7C2A2006501C4 /* Build configuration list for PBXNativeTarget "AMMesher" */;
			buildPhases = (
				2692CD4D18D7C2A2006501C4 /* Sources */,
				2692CD4E18D7C2A2006501C4 /* Frameworks */,
				2692CD4F18D7C2A2006501C4 /* Headers */,
				2692CD5018D7C2A2006501C4 /* Resources */,
				2692CDA418D7C3CC006501C4 /* CopyFiles */,
			);
			buildRules = (
			);
			dependencies = (
			);
			name = AMMesher;
			productName = AMMesher;
			productReference = 2692CD5218D7C2A2006501C4 /* AMMesher.framework */;
			productType = "com.apple.product-type.framework";
		};
/* End PBXNativeTarget section */

/* Begin PBXProject section */
		2692CD4918D7C2A2006501C4 /* Project object */ = {
			isa = PBXProject;
			attributes = {
				LastUpgradeCheck = 0510;
				ORGANIZATIONNAME = AM;
			};
			buildConfigurationList = 2692CD4C18D7C2A2006501C4 /* Build configuration list for PBXProject "AMMesher" */;
			compatibilityVersion = "Xcode 3.2";
			developmentRegion = English;
			hasScannedForEncodings = 0;
			knownRegions = (
				en,
				Base,
			);
			mainGroup = 2692CD4818D7C2A2006501C4;
			productRefGroup = 2692CD5318D7C2A2006501C4 /* Products */;
			projectDirPath = "";
			projectRoot = "";
			targets = (
				2692CD5118D7C2A2006501C4 /* AMMesher */,
			);
		};
/* End PBXProject section */

/* Begin PBXResourcesBuildPhase section */
		2692CD5018D7C2A2006501C4 /* Resources */ = {
			isa = PBXResourcesBuildPhase;
			buildActionMask = 2147483647;
			files = (
				2692CDDF18D7CB88006501C4 /* InfoPlist.strings in Resources */,
			);
			runOnlyForDeploymentPostprocessing = 0;
		};
/* End PBXResourcesBuildPhase section */

/* Begin PBXSourcesBuildPhase section */
		2692CD4D18D7C2A2006501C4 /* Sources */ = {
			isa = PBXSourcesBuildPhase;
			buildActionMask = 2147483647;
			files = (
				264C748618EBF0AC00DC00DA /* AMUserGroupNode.m in Sources */,
				D48F3E5318E4F6FA008AB820 /* AMUser.m in Sources */,
				D4C3E8B018F4DF50002AD7AC /* AMETCDDeleteUserOperation.m in Sources */,
				D4C3E8EC18F4E2A2002AD7AC /* AMETCDGroupTTLOperation.m in Sources */,
				D4C3E8EE18F4E2A2002AD7AC /* AMETCDUserTTLOperation.m in Sources */,
				D4C3E8AC18F4DF50002AD7AC /* AMETCDAddUserOperation.m in Sources */,
				D4C3E8AE18F4DF50002AD7AC /* AMETCDDeleteGroupOperation.m in Sources */,
				D4C3E8C618F4DF5B002AD7AC /* AMETCDDataSource.m in Sources */,
				2692CD8318D7C2D3006501C4 /* AMMesher.m in Sources */,
				D48F3E5118E4F6FA008AB820 /* AMGroup.m in Sources */,
				D4C3E8BC18F4DF50002AD7AC /* AMETCDUpdateGroupOperation.m in Sources */,
				26B328F618DD028F00E7F617 /* AMLeaderElecter.m in Sources */,
				D4C3E8BE18F4DF50002AD7AC /* AMETCDUpdateUserOperation.m in Sources */,
				D4C3E8F618F4E503002AD7AC /* AMETCDInitOperation.m in Sources */,
				D4C3E8B618F4DF50002AD7AC /* AMETCDOperation.m in Sources */,
				D4C3E88A18F4DF36002AD7AC /* AMETCDArtsmeshIODestination.m in Sources */,
				D4C3E8F218F4E2FB002AD7AC /* AMETCDLaunchOperation.m in Sources */,
				D4C3E8FA18F4E8E1002AD7AC /* AMETCDDataDestination.m in Sources */,
				D4C3E8B218F4DF50002AD7AC /* AMETCDDestination.m in Sources */,
				D4E3B76818EA82ED0088752C /* AMKillETCDOperation.m in Sources */,
				D4C3E88C18F4DF36002AD7AC /* AMETCDLANDestination.m in Sources */,
				D4C3E8BA18F4DF50002AD7AC /* AMETCDQueryOperation.m in Sources */,
				D4C3E8AA18F4DF50002AD7AC /* AMETCDAddGroupOperation.m in Sources */,
				D4C3E8C218F4DF50002AD7AC /* AMETCDWatchOperation.m in Sources */,
				D4C3E88E18F4DF36002AD7AC /* AMETCDPeerDestination.m in Sources */,
			);
			runOnlyForDeploymentPostprocessing = 0;
		};
/* End PBXSourcesBuildPhase section */

/* Begin PBXVariantGroup section */
		2692CD8C18D7C325006501C4 /* InfoPlist.strings */ = {
			isa = PBXVariantGroup;
			children = (
				2692CD8D18D7C325006501C4 /* en */,
			);
			name = InfoPlist.strings;
			sourceTree = "<group>";
		};
/* End PBXVariantGroup section */

/* Begin XCBuildConfiguration section */
		2692CD7818D7C2A2006501C4 /* Debug */ = {
			isa = XCBuildConfiguration;
			buildSettings = {
				ALWAYS_SEARCH_USER_PATHS = NO;
				CLANG_CXX_LANGUAGE_STANDARD = "gnu++0x";
				CLANG_CXX_LIBRARY = "libc++";
				CLANG_ENABLE_MODULES = YES;
				CLANG_ENABLE_OBJC_ARC = YES;
				CLANG_WARN_BOOL_CONVERSION = YES;
				CLANG_WARN_CONSTANT_CONVERSION = YES;
				CLANG_WARN_DIRECT_OBJC_ISA_USAGE = YES_ERROR;
				CLANG_WARN_EMPTY_BODY = YES;
				CLANG_WARN_ENUM_CONVERSION = YES;
				CLANG_WARN_INT_CONVERSION = YES;
				CLANG_WARN_OBJC_ROOT_CLASS = YES_ERROR;
				CLANG_WARN__DUPLICATE_METHOD_MATCH = YES;
				COPY_PHASE_STRIP = NO;
				GCC_C_LANGUAGE_STANDARD = gnu99;
				GCC_DYNAMIC_NO_PIC = NO;
				GCC_ENABLE_OBJC_EXCEPTIONS = YES;
				GCC_OPTIMIZATION_LEVEL = 0;
				GCC_PREPROCESSOR_DEFINITIONS = (
					"DEBUG=1",
					"$(inherited)",
				);
				GCC_SYMBOLS_PRIVATE_EXTERN = NO;
				GCC_WARN_64_TO_32_BIT_CONVERSION = YES;
				GCC_WARN_ABOUT_RETURN_TYPE = YES_ERROR;
				GCC_WARN_UNDECLARED_SELECTOR = YES;
				GCC_WARN_UNINITIALIZED_AUTOS = YES_AGGRESSIVE;
				GCC_WARN_UNUSED_FUNCTION = YES;
				GCC_WARN_UNUSED_VARIABLE = YES;
				MACOSX_DEPLOYMENT_TARGET = 10.9;
				ONLY_ACTIVE_ARCH = YES;
				SDKROOT = macosx;
			};
			name = Debug;
		};
		2692CD7918D7C2A2006501C4 /* Release */ = {
			isa = XCBuildConfiguration;
			buildSettings = {
				ALWAYS_SEARCH_USER_PATHS = NO;
				CLANG_CXX_LANGUAGE_STANDARD = "gnu++0x";
				CLANG_CXX_LIBRARY = "libc++";
				CLANG_ENABLE_MODULES = YES;
				CLANG_ENABLE_OBJC_ARC = YES;
				CLANG_WARN_BOOL_CONVERSION = YES;
				CLANG_WARN_CONSTANT_CONVERSION = YES;
				CLANG_WARN_DIRECT_OBJC_ISA_USAGE = YES_ERROR;
				CLANG_WARN_EMPTY_BODY = YES;
				CLANG_WARN_ENUM_CONVERSION = YES;
				CLANG_WARN_INT_CONVERSION = YES;
				CLANG_WARN_OBJC_ROOT_CLASS = YES_ERROR;
				CLANG_WARN__DUPLICATE_METHOD_MATCH = YES;
				COPY_PHASE_STRIP = YES;
				DEBUG_INFORMATION_FORMAT = "dwarf-with-dsym";
				ENABLE_NS_ASSERTIONS = NO;
				GCC_C_LANGUAGE_STANDARD = gnu99;
				GCC_ENABLE_OBJC_EXCEPTIONS = YES;
				GCC_WARN_64_TO_32_BIT_CONVERSION = YES;
				GCC_WARN_ABOUT_RETURN_TYPE = YES_ERROR;
				GCC_WARN_UNDECLARED_SELECTOR = YES;
				GCC_WARN_UNINITIALIZED_AUTOS = YES_AGGRESSIVE;
				GCC_WARN_UNUSED_FUNCTION = YES;
				GCC_WARN_UNUSED_VARIABLE = YES;
				MACOSX_DEPLOYMENT_TARGET = 10.9;
				SDKROOT = macosx;
			};
			name = Release;
		};
		2692CD7B18D7C2A2006501C4 /* Debug */ = {
			isa = XCBuildConfiguration;
			buildSettings = {
				COMBINE_HIDPI_IMAGES = YES;
				DYLIB_COMPATIBILITY_VERSION = 1;
				DYLIB_CURRENT_VERSION = 1;
				FRAMEWORK_SEARCH_PATHS = (
					"$(inherited)",
					/Users/weiwang/src/Artsmesh/DerivedData/Artsmesh/Build/Products/Debug,
					/Users/weiwang/src/Artsmesh/AMNetworkUtils/build/Debug,
				);
				FRAMEWORK_VERSION = A;
				GCC_PRECOMPILE_PREFIX_HEADER = YES;
				GCC_PREFIX_HEADER = "AMMesher/AMMesher-Prefix.pch";
				INFOPLIST_FILE = "AMMesher/AMMesher-Info.plist";
				PRODUCT_NAME = "$(TARGET_NAME)";
				WRAPPER_EXTENSION = framework;
			};
			name = Debug;
		};
		2692CD7C18D7C2A2006501C4 /* Release */ = {
			isa = XCBuildConfiguration;
			buildSettings = {
				COMBINE_HIDPI_IMAGES = YES;
				DYLIB_COMPATIBILITY_VERSION = 1;
				DYLIB_CURRENT_VERSION = 1;
				FRAMEWORK_SEARCH_PATHS = (
					"$(inherited)",
					/Users/weiwang/src/Artsmesh/DerivedData/Artsmesh/Build/Products/Debug,
					/Users/weiwang/src/Artsmesh/AMNetworkUtils/build/Debug,
				);
				FRAMEWORK_VERSION = A;
				GCC_PRECOMPILE_PREFIX_HEADER = YES;
				GCC_PREFIX_HEADER = "AMMesher/AMMesher-Prefix.pch";
				INFOPLIST_FILE = "AMMesher/AMMesher-Info.plist";
				PRODUCT_NAME = "$(TARGET_NAME)";
				WRAPPER_EXTENSION = framework;
			};
			name = Release;
		};
/* End XCBuildConfiguration section */

/* Begin XCConfigurationList section */
		2692CD4C18D7C2A2006501C4 /* Build configuration list for PBXProject "AMMesher" */ = {
			isa = XCConfigurationList;
			buildConfigurations = (
				2692CD7818D7C2A2006501C4 /* Debug */,
				2692CD7918D7C2A2006501C4 /* Release */,
			);
			defaultConfigurationIsVisible = 0;
			defaultConfigurationName = Release;
		};
		2692CD7A18D7C2A2006501C4 /* Build configuration list for PBXNativeTarget "AMMesher" */ = {
			isa = XCConfigurationList;
			buildConfigurations = (
				2692CD7B18D7C2A2006501C4 /* Debug */,
				2692CD7C18D7C2A2006501C4 /* Release */,
			);
			defaultConfigurationIsVisible = 0;
			defaultConfigurationName = Release;
		};
/* End XCConfigurationList section */
	};
	rootObject = 2692CD4918D7C2A2006501C4 /* Project object */;
}
