// !$*UTF8*$!
{
	archiveVersion = 1;
	classes = {
	};
	objectVersion = 46;
	objects = {

/* Begin PBXBuildFile section */
		2630E02619163B390071260C /* AMNotificationManager.framework in Frameworks */ = {isa = PBXBuildFile; fileRef = 2630E02519163B390071260C /* AMNotificationManager.framework */; };
		267FA56E1936CF4D001FDA74 /* AMSystemConfig.h in Headers */ = {isa = PBXBuildFile; fileRef = 267FA56C1936CF4D001FDA74 /* AMSystemConfig.h */; };
		267FA56F1936CF4D001FDA74 /* AMSystemConfig.m in Sources */ = {isa = PBXBuildFile; fileRef = 267FA56D1936CF4D001FDA74 /* AMSystemConfig.m */; };
		267FA5751936EF0D001FDA74 /* AMUserRequest.h in Headers */ = {isa = PBXBuildFile; fileRef = 267FA5731936EF0D001FDA74 /* AMUserRequest.h */; };
		267FA5761936EF0D001FDA74 /* AMUserRequest.m in Sources */ = {isa = PBXBuildFile; fileRef = 267FA5741936EF0D001FDA74 /* AMUserRequest.m */; };
		2692CD5618D7C2A2006501C4 /* Cocoa.framework in Frameworks */ = {isa = PBXBuildFile; fileRef = 2692CD5518D7C2A2006501C4 /* Cocoa.framework */; };
		2692CDDF18D7CB88006501C4 /* InfoPlist.strings in Resources */ = {isa = PBXBuildFile; fileRef = 2692CD8C18D7C325006501C4 /* InfoPlist.strings */; };
		2692CE2318D7D024006501C4 /* AMNetworkUtils.framework in Frameworks */ = {isa = PBXBuildFile; fileRef = 2692CE2218D7D024006501C4 /* AMNetworkUtils.framework */; };
		26BC15B0193214BB0020AD2B /* AMUser.h in Headers */ = {isa = PBXBuildFile; fileRef = 26BC15AE193214BB0020AD2B /* AMUser.h */; settings = {ATTRIBUTES = (Public, ); }; };
		26BC15B1193214BB0020AD2B /* AMUser.m in Sources */ = {isa = PBXBuildFile; fileRef = 26BC15AF193214BB0020AD2B /* AMUser.m */; };
		26BC15B719321D280020AD2B /* Cocoa.framework in Frameworks */ = {isa = PBXBuildFile; fileRef = 2692CD5518D7C2A2006501C4 /* Cocoa.framework */; };
		26BC15BD19321D280020AD2B /* InfoPlist.strings in Resources */ = {isa = PBXBuildFile; fileRef = 26BC15BB19321D280020AD2B /* InfoPlist.strings */; };
		26BC15BF19321D280020AD2B /* main.m in Sources */ = {isa = PBXBuildFile; fileRef = 26BC15BE19321D280020AD2B /* main.m */; };
		26BC15C319321D280020AD2B /* Credits.rtf in Resources */ = {isa = PBXBuildFile; fileRef = 26BC15C119321D280020AD2B /* Credits.rtf */; };
		26BC15C619321D280020AD2B /* AppDelegate.m in Sources */ = {isa = PBXBuildFile; fileRef = 26BC15C519321D280020AD2B /* AppDelegate.m */; };
		26BC15C919321D280020AD2B /* MainMenu.xib in Resources */ = {isa = PBXBuildFile; fileRef = 26BC15C719321D280020AD2B /* MainMenu.xib */; };
		26BC15CB19321D280020AD2B /* Images.xcassets in Resources */ = {isa = PBXBuildFile; fileRef = 26BC15CA19321D280020AD2B /* Images.xcassets */; };
		26BC15E319321D3A0020AD2B /* AMMesher.framework in Frameworks */ = {isa = PBXBuildFile; fileRef = 2692CD5218D7C2A2006501C4 /* AMMesher.framework */; };
		26BC15E51932E5860020AD2B /* AMTaskLauncher.framework in Frameworks */ = {isa = PBXBuildFile; fileRef = 26BC15E41932E5860020AD2B /* AMTaskLauncher.framework */; };
		26CC6CD8193838980008E83E /* AMNotificationManager.framework in Frameworks */ = {isa = PBXBuildFile; fileRef = 2630E02519163B390071260C /* AMNotificationManager.framework */; };
		26F2BF5018FCB61000DD04A6 /* AMLeaderElecter.h in Headers */ = {isa = PBXBuildFile; fileRef = 26F2BF4B18FCB61000DD04A6 /* AMLeaderElecter.h */; };
		26F2BF5118FCB61000DD04A6 /* AMLeaderElecter.m in Sources */ = {isa = PBXBuildFile; fileRef = 26F2BF4C18FCB61000DD04A6 /* AMLeaderElecter.m */; };
		26F2BF5218FCB61000DD04A6 /* AMMesher.h in Headers */ = {isa = PBXBuildFile; fileRef = 26F2BF4D18FCB61000DD04A6 /* AMMesher.h */; settings = {ATTRIBUTES = (Public, ); }; };
		26F2BF5318FCB61000DD04A6 /* AMMesher.m in Sources */ = {isa = PBXBuildFile; fileRef = 26F2BF4E18FCB61000DD04A6 /* AMMesher.m */; };
		CE0EEACF1935D63D0063EBA7 /* AMHeartBeat.h in Headers */ = {isa = PBXBuildFile; fileRef = CE0EEACD1935D63D0063EBA7 /* AMHeartBeat.h */; };
		CE0EEAD01935D63D0063EBA7 /* AMHeartBeat.m in Sources */ = {isa = PBXBuildFile; fileRef = CE0EEACE1935D63D0063EBA7 /* AMHeartBeat.m */; };
		CE318D961934BB43006D6EAA /* AMGroup.h in Headers */ = {isa = PBXBuildFile; fileRef = CE318D921934BB43006D6EAA /* AMGroup.h */; settings = {ATTRIBUTES = (Public, ); }; };
		CE318D971934BB43006D6EAA /* AMGroup.m in Sources */ = {isa = PBXBuildFile; fileRef = CE318D931934BB43006D6EAA /* AMGroup.m */; };
		CE318D981934BB43006D6EAA /* AMGroupsBuilder.h in Headers */ = {isa = PBXBuildFile; fileRef = CE318D941934BB43006D6EAA /* AMGroupsBuilder.h */; };
		CE318D991934BB43006D6EAA /* AMGroupsBuilder.m in Sources */ = {isa = PBXBuildFile; fileRef = CE318D951934BB43006D6EAA /* AMGroupsBuilder.m */; };
		CEF8D327194D5D2400159B71 /* AMAppObjects.h in Headers */ = {isa = PBXBuildFile; fileRef = CEF8D325194D5D2400159B71 /* AMAppObjects.h */; };
		CEF8D328194D5D2400159B71 /* AMAppObjects.m in Sources */ = {isa = PBXBuildFile; fileRef = CEF8D326194D5D2400159B71 /* AMAppObjects.m */; };
		D4945B3E190128FE00D1233D /* AMPreferenceManager.framework in Frameworks */ = {isa = PBXBuildFile; fileRef = D4945B3D190128FE00D1233D /* AMPreferenceManager.framework */; };
/* End PBXBuildFile section */

/* Begin PBXCopyFilesBuildPhase section */
		26BC15E81932E7FE0020AD2B /* CopyFiles */ = {
			isa = PBXCopyFilesBuildPhase;
			buildActionMask = 2147483647;
			dstPath = "";
			dstSubfolderSpec = 6;
			files = (
			);
			runOnlyForDeploymentPostprocessing = 0;
		};
/* End PBXCopyFilesBuildPhase section */

/* Begin PBXFileReference section */
		2623DDBE18DD0E7C00BF982F /* AMETCDApi.framework */ = {isa = PBXFileReference; lastKnownFileType = wrapper.framework; name = AMETCDApi.framework; path = ../DerivedData/Artsmesh/Build/Products/Debug/AMETCDApi.framework; sourceTree = "<group>"; };
		2630E02519163B390071260C /* AMNotificationManager.framework */ = {isa = PBXFileReference; lastKnownFileType = wrapper.framework; name = AMNotificationManager.framework; path = ../DerivedData/Artsmesh/Build/Products/Debug/AMNotificationManager.framework; sourceTree = "<group>"; };
		267FA56C1936CF4D001FDA74 /* AMSystemConfig.h */ = {isa = PBXFileReference; fileEncoding = 4; lastKnownFileType = sourcecode.c.h; path = AMSystemConfig.h; sourceTree = "<group>"; };
		267FA56D1936CF4D001FDA74 /* AMSystemConfig.m */ = {isa = PBXFileReference; fileEncoding = 4; lastKnownFileType = sourcecode.c.objc; path = AMSystemConfig.m; sourceTree = "<group>"; };
		267FA5731936EF0D001FDA74 /* AMUserRequest.h */ = {isa = PBXFileReference; fileEncoding = 4; lastKnownFileType = sourcecode.c.h; path = AMUserRequest.h; sourceTree = "<group>"; };
		267FA5741936EF0D001FDA74 /* AMUserRequest.m */ = {isa = PBXFileReference; fileEncoding = 4; lastKnownFileType = sourcecode.c.objc; path = AMUserRequest.m; sourceTree = "<group>"; };
		2692CD5218D7C2A2006501C4 /* AMMesher.framework */ = {isa = PBXFileReference; explicitFileType = wrapper.framework; includeInIndex = 0; path = AMMesher.framework; sourceTree = BUILT_PRODUCTS_DIR; };
		2692CD5518D7C2A2006501C4 /* Cocoa.framework */ = {isa = PBXFileReference; lastKnownFileType = wrapper.framework; name = Cocoa.framework; path = System/Library/Frameworks/Cocoa.framework; sourceTree = SDKROOT; };
		2692CD5818D7C2A2006501C4 /* Foundation.framework */ = {isa = PBXFileReference; lastKnownFileType = wrapper.framework; name = Foundation.framework; path = System/Library/Frameworks/Foundation.framework; sourceTree = SDKROOT; };
		2692CD5918D7C2A2006501C4 /* CoreData.framework */ = {isa = PBXFileReference; lastKnownFileType = wrapper.framework; name = CoreData.framework; path = System/Library/Frameworks/CoreData.framework; sourceTree = SDKROOT; };
		2692CD5A18D7C2A2006501C4 /* AppKit.framework */ = {isa = PBXFileReference; lastKnownFileType = wrapper.framework; name = AppKit.framework; path = System/Library/Frameworks/AppKit.framework; sourceTree = SDKROOT; };
		2692CD6A18D7C2A2006501C4 /* XCTest.framework */ = {isa = PBXFileReference; lastKnownFileType = wrapper.framework; name = XCTest.framework; path = Library/Frameworks/XCTest.framework; sourceTree = DEVELOPER_DIR; };
		2692CD8818D7C31B006501C4 /* AMMesher-Info.plist */ = {isa = PBXFileReference; fileEncoding = 4; lastKnownFileType = text.plist.xml; path = "AMMesher-Info.plist"; sourceTree = "<group>"; };
		2692CD8918D7C31B006501C4 /* AMMesher-Prefix.pch */ = {isa = PBXFileReference; fileEncoding = 4; lastKnownFileType = sourcecode.c.h; path = "AMMesher-Prefix.pch"; sourceTree = "<group>"; };
		2692CD8D18D7C325006501C4 /* en */ = {isa = PBXFileReference; lastKnownFileType = text.plist.strings; name = en; path = en.lproj/InfoPlist.strings; sourceTree = "<group>"; };
		2692CD9418D7C37A006501C4 /* Foundation.framework */ = {isa = PBXFileReference; lastKnownFileType = wrapper.framework; name = Foundation.framework; path = System/Library/Frameworks/Foundation.framework; sourceTree = SDKROOT; };
		2692CE2218D7D024006501C4 /* AMNetworkUtils.framework */ = {isa = PBXFileReference; lastKnownFileType = wrapper.framework; name = AMNetworkUtils.framework; path = ../DerivedData/Artsmesh/Build/Products/Debug/AMNetworkUtils.framework; sourceTree = "<group>"; };
		26BC15AE193214BB0020AD2B /* AMUser.h */ = {isa = PBXFileReference; fileEncoding = 4; lastKnownFileType = sourcecode.c.h; path = AMUser.h; sourceTree = "<group>"; };
		26BC15AF193214BB0020AD2B /* AMUser.m */ = {isa = PBXFileReference; fileEncoding = 4; lastKnownFileType = sourcecode.c.objc; path = AMUser.m; sourceTree = "<group>"; };
		26BC15B619321D280020AD2B /* AMMesherTest.app */ = {isa = PBXFileReference; explicitFileType = wrapper.application; includeInIndex = 0; path = AMMesherTest.app; sourceTree = BUILT_PRODUCTS_DIR; };
		26BC15BA19321D280020AD2B /* AMMesherTest-Info.plist */ = {isa = PBXFileReference; lastKnownFileType = text.plist.xml; path = "AMMesherTest-Info.plist"; sourceTree = "<group>"; };
		26BC15BC19321D280020AD2B /* en */ = {isa = PBXFileReference; lastKnownFileType = text.plist.strings; name = en; path = en.lproj/InfoPlist.strings; sourceTree = "<group>"; };
		26BC15BE19321D280020AD2B /* main.m */ = {isa = PBXFileReference; lastKnownFileType = sourcecode.c.objc; path = main.m; sourceTree = "<group>"; };
		26BC15C019321D280020AD2B /* AMMesherTest-Prefix.pch */ = {isa = PBXFileReference; lastKnownFileType = sourcecode.c.h; path = "AMMesherTest-Prefix.pch"; sourceTree = "<group>"; };
		26BC15C219321D280020AD2B /* en */ = {isa = PBXFileReference; lastKnownFileType = text.rtf; name = en; path = en.lproj/Credits.rtf; sourceTree = "<group>"; };
		26BC15C419321D280020AD2B /* AppDelegate.h */ = {isa = PBXFileReference; lastKnownFileType = sourcecode.c.h; path = AppDelegate.h; sourceTree = "<group>"; };
		26BC15C519321D280020AD2B /* AppDelegate.m */ = {isa = PBXFileReference; lastKnownFileType = sourcecode.c.objc; path = AppDelegate.m; sourceTree = "<group>"; };
		26BC15C819321D280020AD2B /* Base */ = {isa = PBXFileReference; lastKnownFileType = file.xib; name = Base; path = Base.lproj/MainMenu.xib; sourceTree = "<group>"; };
		26BC15CA19321D280020AD2B /* Images.xcassets */ = {isa = PBXFileReference; lastKnownFileType = folder.assetcatalog; path = Images.xcassets; sourceTree = "<group>"; };
		26BC15E41932E5860020AD2B /* AMTaskLauncher.framework */ = {isa = PBXFileReference; lastKnownFileType = wrapper.framework; name = AMTaskLauncher.framework; path = ../DerivedData/Artsmesh/Build/Products/Debug/AMTaskLauncher.framework; sourceTree = "<group>"; };
		26F2BF4B18FCB61000DD04A6 /* AMLeaderElecter.h */ = {isa = PBXFileReference; fileEncoding = 4; lastKnownFileType = sourcecode.c.h; path = AMLeaderElecter.h; sourceTree = "<group>"; };
		26F2BF4C18FCB61000DD04A6 /* AMLeaderElecter.m */ = {isa = PBXFileReference; fileEncoding = 4; lastKnownFileType = sourcecode.c.objc; path = AMLeaderElecter.m; sourceTree = "<group>"; };
		26F2BF4D18FCB61000DD04A6 /* AMMesher.h */ = {isa = PBXFileReference; fileEncoding = 4; lastKnownFileType = sourcecode.c.h; path = AMMesher.h; sourceTree = "<group>"; };
		26F2BF4E18FCB61000DD04A6 /* AMMesher.m */ = {isa = PBXFileReference; fileEncoding = 4; lastKnownFileType = sourcecode.c.objc; path = AMMesher.m; sourceTree = "<group>"; };
		CE0EEACD1935D63D0063EBA7 /* AMHeartBeat.h */ = {isa = PBXFileReference; fileEncoding = 4; lastKnownFileType = sourcecode.c.h; path = AMHeartBeat.h; sourceTree = "<group>"; };
		CE0EEACE1935D63D0063EBA7 /* AMHeartBeat.m */ = {isa = PBXFileReference; fileEncoding = 4; lastKnownFileType = sourcecode.c.objc; path = AMHeartBeat.m; sourceTree = "<group>"; };
		CE318D921934BB43006D6EAA /* AMGroup.h */ = {isa = PBXFileReference; fileEncoding = 4; lastKnownFileType = sourcecode.c.h; path = AMGroup.h; sourceTree = "<group>"; };
		CE318D931934BB43006D6EAA /* AMGroup.m */ = {isa = PBXFileReference; fileEncoding = 4; lastKnownFileType = sourcecode.c.objc; path = AMGroup.m; sourceTree = "<group>"; };
		CE318D941934BB43006D6EAA /* AMGroupsBuilder.h */ = {isa = PBXFileReference; fileEncoding = 4; lastKnownFileType = sourcecode.c.h; path = AMGroupsBuilder.h; sourceTree = "<group>"; };
		CE318D951934BB43006D6EAA /* AMGroupsBuilder.m */ = {isa = PBXFileReference; fileEncoding = 4; lastKnownFileType = sourcecode.c.objc; path = AMGroupsBuilder.m; sourceTree = "<group>"; };
		CEF8D325194D5D2400159B71 /* AMAppObjects.h */ = {isa = PBXFileReference; fileEncoding = 4; lastKnownFileType = sourcecode.c.h; path = AMAppObjects.h; sourceTree = "<group>"; };
		CEF8D326194D5D2400159B71 /* AMAppObjects.m */ = {isa = PBXFileReference; fileEncoding = 4; lastKnownFileType = sourcecode.c.objc; path = AMAppObjects.m; sourceTree = "<group>"; };
		D4945B3D190128FE00D1233D /* AMPreferenceManager.framework */ = {isa = PBXFileReference; lastKnownFileType = wrapper.framework; name = AMPreferenceManager.framework; path = ../DerivedData/Artsmesh/Build/Products/Debug/AMPreferenceManager.framework; sourceTree = "<group>"; };
/* End PBXFileReference section */

/* Begin PBXFrameworksBuildPhase section */
		2692CD4E18D7C2A2006501C4 /* Frameworks */ = {
			isa = PBXFrameworksBuildPhase;
			buildActionMask = 2147483647;
			files = (
				26BC15E51932E5860020AD2B /* AMTaskLauncher.framework in Frameworks */,
				2630E02619163B390071260C /* AMNotificationManager.framework in Frameworks */,
				D4945B3E190128FE00D1233D /* AMPreferenceManager.framework in Frameworks */,
				2692CE2318D7D024006501C4 /* AMNetworkUtils.framework in Frameworks */,
				2692CD5618D7C2A2006501C4 /* Cocoa.framework in Frameworks */,
			);
			runOnlyForDeploymentPostprocessing = 0;
		};
		26BC15B319321D280020AD2B /* Frameworks */ = {
			isa = PBXFrameworksBuildPhase;
			buildActionMask = 2147483647;
			files = (
				26CC6CD8193838980008E83E /* AMNotificationManager.framework in Frameworks */,
				26BC15E319321D3A0020AD2B /* AMMesher.framework in Frameworks */,
				26BC15B719321D280020AD2B /* Cocoa.framework in Frameworks */,
			);
			runOnlyForDeploymentPostprocessing = 0;
		};
/* End PBXFrameworksBuildPhase section */

/* Begin PBXGroup section */
		2692CD4818D7C2A2006501C4 = {
			isa = PBXGroup;
			children = (
				2692CD5B18D7C2A2006501C4 /* AMMesher */,
				26BC15B819321D280020AD2B /* AMMesherTest */,
				2692CD5418D7C2A2006501C4 /* Frameworks */,
				2692CD5318D7C2A2006501C4 /* Products */,
			);
			sourceTree = "<group>";
		};
		2692CD5318D7C2A2006501C4 /* Products */ = {
			isa = PBXGroup;
			children = (
				2692CD5218D7C2A2006501C4 /* AMMesher.framework */,
				26BC15B619321D280020AD2B /* AMMesherTest.app */,
			);
			name = Products;
			sourceTree = "<group>";
		};
		2692CD5418D7C2A2006501C4 /* Frameworks */ = {
			isa = PBXGroup;
			children = (
				26BC15E41932E5860020AD2B /* AMTaskLauncher.framework */,
				2630E02519163B390071260C /* AMNotificationManager.framework */,
				D4945B3D190128FE00D1233D /* AMPreferenceManager.framework */,
				2623DDBE18DD0E7C00BF982F /* AMETCDApi.framework */,
				2692CE2218D7D024006501C4 /* AMNetworkUtils.framework */,
				2692CD5518D7C2A2006501C4 /* Cocoa.framework */,
				2692CD6A18D7C2A2006501C4 /* XCTest.framework */,
				2692CD9418D7C37A006501C4 /* Foundation.framework */,
				2692CD5718D7C2A2006501C4 /* Other Frameworks */,
			);
			name = Frameworks;
			sourceTree = "<group>";
		};
		2692CD5718D7C2A2006501C4 /* Other Frameworks */ = {
			isa = PBXGroup;
			children = (
				2692CD5818D7C2A2006501C4 /* Foundation.framework */,
				2692CD5918D7C2A2006501C4 /* CoreData.framework */,
				2692CD5A18D7C2A2006501C4 /* AppKit.framework */,
			);
			name = "Other Frameworks";
			sourceTree = "<group>";
		};
		2692CD5B18D7C2A2006501C4 /* AMMesher */ = {
			isa = PBXGroup;
			children = (
				CEF8D325194D5D2400159B71 /* AMAppObjects.h */,
				CEF8D326194D5D2400159B71 /* AMAppObjects.m */,
				CE0EEACD1935D63D0063EBA7 /* AMHeartBeat.h */,
				CE0EEACE1935D63D0063EBA7 /* AMHeartBeat.m */,
				267FA5731936EF0D001FDA74 /* AMUserRequest.h */,
				267FA5741936EF0D001FDA74 /* AMUserRequest.m */,
				26BC15AE193214BB0020AD2B /* AMUser.h */,
				26BC15AF193214BB0020AD2B /* AMUser.m */,
				CE318D921934BB43006D6EAA /* AMGroup.h */,
				CE318D931934BB43006D6EAA /* AMGroup.m */,
				CE318D951934BB43006D6EAA /* AMGroupsBuilder.m */,
				CE318D941934BB43006D6EAA /* AMGroupsBuilder.h */,
				267FA56C1936CF4D001FDA74 /* AMSystemConfig.h */,
				267FA56D1936CF4D001FDA74 /* AMSystemConfig.m */,
				26F2BF4B18FCB61000DD04A6 /* AMLeaderElecter.h */,
				26F2BF4C18FCB61000DD04A6 /* AMLeaderElecter.m */,
				26F2BF4D18FCB61000DD04A6 /* AMMesher.h */,
				26F2BF4E18FCB61000DD04A6 /* AMMesher.m */,
				2692CD5C18D7C2A2006501C4 /* Supporting Files */,
			);
			path = AMMesher;
			sourceTree = "<group>";
		};
		2692CD5C18D7C2A2006501C4 /* Supporting Files */ = {
			isa = PBXGroup;
			children = (
				2692CD8C18D7C325006501C4 /* InfoPlist.strings */,
				2692CD8818D7C31B006501C4 /* AMMesher-Info.plist */,
				2692CD8918D7C31B006501C4 /* AMMesher-Prefix.pch */,
			);
			name = "Supporting Files";
			sourceTree = "<group>";
		};
		26BC15B819321D280020AD2B /* AMMesherTest */ = {
			isa = PBXGroup;
			children = (
				26BC15C419321D280020AD2B /* AppDelegate.h */,
				26BC15C519321D280020AD2B /* AppDelegate.m */,
				26BC15C719321D280020AD2B /* MainMenu.xib */,
				26BC15CA19321D280020AD2B /* Images.xcassets */,
				26BC15B919321D280020AD2B /* Supporting Files */,
			);
			path = AMMesherTest;
			sourceTree = "<group>";
		};
		26BC15B919321D280020AD2B /* Supporting Files */ = {
			isa = PBXGroup;
			children = (
				26BC15BA19321D280020AD2B /* AMMesherTest-Info.plist */,
				26BC15BB19321D280020AD2B /* InfoPlist.strings */,
				26BC15BE19321D280020AD2B /* main.m */,
				26BC15C019321D280020AD2B /* AMMesherTest-Prefix.pch */,
				26BC15C119321D280020AD2B /* Credits.rtf */,
			);
			name = "Supporting Files";
			sourceTree = "<group>";
		};
/* End PBXGroup section */

/* Begin PBXHeadersBuildPhase section */
		2692CD4F18D7C2A2006501C4 /* Headers */ = {
			isa = PBXHeadersBuildPhase;
			buildActionMask = 2147483647;
			files = (
				26BC15B0193214BB0020AD2B /* AMUser.h in Headers */,
				CE318D961934BB43006D6EAA /* AMGroup.h in Headers */,
				26F2BF5218FCB61000DD04A6 /* AMMesher.h in Headers */,
				CE0EEACF1935D63D0063EBA7 /* AMHeartBeat.h in Headers */,
				CEF8D327194D5D2400159B71 /* AMAppObjects.h in Headers */,
				26F2BF5018FCB61000DD04A6 /* AMLeaderElecter.h in Headers */,
				267FA5751936EF0D001FDA74 /* AMUserRequest.h in Headers */,
				CE318D981934BB43006D6EAA /* AMGroupsBuilder.h in Headers */,
				267FA56E1936CF4D001FDA74 /* AMSystemConfig.h in Headers */,
			);
			runOnlyForDeploymentPostprocessing = 0;
		};
/* End PBXHeadersBuildPhase section */

/* Begin PBXNativeTarget section */
		2692CD5118D7C2A2006501C4 /* AMMesher */ = {
			isa = PBXNativeTarget;
			buildConfigurationList = 2692CD7A18D7C2A2006501C4 /* Build configuration list for PBXNativeTarget "AMMesher" */;
			buildPhases = (
				2692CD4D18D7C2A2006501C4 /* Sources */,
				2692CD4E18D7C2A2006501C4 /* Frameworks */,
				2692CD4F18D7C2A2006501C4 /* Headers */,
				2692CD5018D7C2A2006501C4 /* Resources */,
			);
			buildRules = (
			);
			dependencies = (
			);
			name = AMMesher;
			productName = AMMesher;
			productReference = 2692CD5218D7C2A2006501C4 /* AMMesher.framework */;
			productType = "com.apple.product-type.framework";
		};
		26BC15B519321D280020AD2B /* AMMesherTest */ = {
			isa = PBXNativeTarget;
			buildConfigurationList = 26BC15DD19321D280020AD2B /* Build configuration list for PBXNativeTarget "AMMesherTest" */;
			buildPhases = (
				26BC15B219321D280020AD2B /* Sources */,
				26BC15B319321D280020AD2B /* Frameworks */,
				26BC15B419321D280020AD2B /* Resources */,
				26BC15E81932E7FE0020AD2B /* CopyFiles */,
			);
			buildRules = (
			);
			dependencies = (
			);
			name = AMMesherTest;
			productName = AMMesherTest;
			productReference = 26BC15B619321D280020AD2B /* AMMesherTest.app */;
			productType = "com.apple.product-type.application";
		};
/* End PBXNativeTarget section */

/* Begin PBXProject section */
		2692CD4918D7C2A2006501C4 /* Project object */ = {
			isa = PBXProject;
			attributes = {
				LastUpgradeCheck = 0510;
				ORGANIZATIONNAME = AM;
			};
			buildConfigurationList = 2692CD4C18D7C2A2006501C4 /* Build configuration list for PBXProject "AMMesher" */;
			compatibilityVersion = "Xcode 3.2";
			developmentRegion = English;
			hasScannedForEncodings = 0;
			knownRegions = (
				en,
				Base,
			);
			mainGroup = 2692CD4818D7C2A2006501C4;
			productRefGroup = 2692CD5318D7C2A2006501C4 /* Products */;
			projectDirPath = "";
			projectRoot = "";
			targets = (
				2692CD5118D7C2A2006501C4 /* AMMesher */,
				26BC15B519321D280020AD2B /* AMMesherTest */,
			);
		};
/* End PBXProject section */

/* Begin PBXResourcesBuildPhase section */
		2692CD5018D7C2A2006501C4 /* Resources */ = {
			isa = PBXResourcesBuildPhase;
			buildActionMask = 2147483647;
			files = (
				2692CDDF18D7CB88006501C4 /* InfoPlist.strings in Resources */,
			);
			runOnlyForDeploymentPostprocessing = 0;
		};
		26BC15B419321D280020AD2B /* Resources */ = {
			isa = PBXResourcesBuildPhase;
			buildActionMask = 2147483647;
			files = (
				26BC15BD19321D280020AD2B /* InfoPlist.strings in Resources */,
				26BC15CB19321D280020AD2B /* Images.xcassets in Resources */,
				26BC15C319321D280020AD2B /* Credits.rtf in Resources */,
				26BC15C919321D280020AD2B /* MainMenu.xib in Resources */,
			);
			runOnlyForDeploymentPostprocessing = 0;
		};
/* End PBXResourcesBuildPhase section */

/* Begin PBXSourcesBuildPhase section */
		2692CD4D18D7C2A2006501C4 /* Sources */ = {
			isa = PBXSourcesBuildPhase;
			buildActionMask = 2147483647;
			files = (
				CE318D991934BB43006D6EAA /* AMGroupsBuilder.m in Sources */,
				267FA56F1936CF4D001FDA74 /* AMSystemConfig.m in Sources */,
				CEF8D328194D5D2400159B71 /* AMAppObjects.m in Sources */,
				26F2BF5118FCB61000DD04A6 /* AMLeaderElecter.m in Sources */,
				26BC15B1193214BB0020AD2B /* AMUser.m in Sources */,
				26F2BF5318FCB61000DD04A6 /* AMMesher.m in Sources */,
				267FA5761936EF0D001FDA74 /* AMUserRequest.m in Sources */,
				CE318D971934BB43006D6EAA /* AMGroup.m in Sources */,
				CE0EEAD01935D63D0063EBA7 /* AMHeartBeat.m in Sources */,
			);
			runOnlyForDeploymentPostprocessing = 0;
		};
		26BC15B219321D280020AD2B /* Sources */ = {
			isa = PBXSourcesBuildPhase;
			buildActionMask = 2147483647;
			files = (
				26BC15C619321D280020AD2B /* AppDelegate.m in Sources */,
				26BC15BF19321D280020AD2B /* main.m in Sources */,
			);
			runOnlyForDeploymentPostprocessing = 0;
		};
/* End PBXSourcesBuildPhase section */

/* Begin PBXVariantGroup section */
		2692CD8C18D7C325006501C4 /* InfoPlist.strings */ = {
			isa = PBXVariantGroup;
			children = (
				2692CD8D18D7C325006501C4 /* en */,
			);
			name = InfoPlist.strings;
			sourceTree = "<group>";
		};
		26BC15BB19321D280020AD2B /* InfoPlist.strings */ = {
			isa = PBXVariantGroup;
			children = (
				26BC15BC19321D280020AD2B /* en */,
			);
			name = InfoPlist.strings;
			sourceTree = "<group>";
		};
		26BC15C119321D280020AD2B /* Credits.rtf */ = {
			isa = PBXVariantGroup;
			children = (
				26BC15C219321D280020AD2B /* en */,
			);
			name = Credits.rtf;
			sourceTree = "<group>";
		};
		26BC15C719321D280020AD2B /* MainMenu.xib */ = {
			isa = PBXVariantGroup;
			children = (
				26BC15C819321D280020AD2B /* Base */,
			);
			name = MainMenu.xib;
			sourceTree = "<group>";
		};
/* End PBXVariantGroup section */

/* Begin XCBuildConfiguration section */
		2692CD7818D7C2A2006501C4 /* Debug */ = {
			isa = XCBuildConfiguration;
			buildSettings = {
				ALWAYS_SEARCH_USER_PATHS = NO;
				CLANG_CXX_LANGUAGE_STANDARD = "gnu++0x";
				CLANG_CXX_LIBRARY = "libc++";
				CLANG_ENABLE_MODULES = YES;
				CLANG_ENABLE_OBJC_ARC = YES;
				CLANG_WARN_BOOL_CONVERSION = YES;
				CLANG_WARN_CONSTANT_CONVERSION = YES;
				CLANG_WARN_DIRECT_OBJC_ISA_USAGE = YES_ERROR;
				CLANG_WARN_EMPTY_BODY = YES;
				CLANG_WARN_ENUM_CONVERSION = YES;
				CLANG_WARN_INT_CONVERSION = YES;
				CLANG_WARN_OBJC_ROOT_CLASS = YES_ERROR;
				CLANG_WARN__DUPLICATE_METHOD_MATCH = YES;
				COPY_PHASE_STRIP = NO;
				GCC_C_LANGUAGE_STANDARD = gnu99;
				GCC_DYNAMIC_NO_PIC = NO;
				GCC_ENABLE_OBJC_EXCEPTIONS = YES;
				GCC_OPTIMIZATION_LEVEL = 0;
				GCC_PREPROCESSOR_DEFINITIONS = (
					"DEBUG=1",
					"$(inherited)",
				);
				GCC_SYMBOLS_PRIVATE_EXTERN = NO;
				GCC_WARN_64_TO_32_BIT_CONVERSION = YES;
				GCC_WARN_ABOUT_RETURN_TYPE = YES_ERROR;
				GCC_WARN_UNDECLARED_SELECTOR = YES;
				GCC_WARN_UNINITIALIZED_AUTOS = YES_AGGRESSIVE;
				GCC_WARN_UNUSED_FUNCTION = YES;
				GCC_WARN_UNUSED_VARIABLE = YES;
				MACOSX_DEPLOYMENT_TARGET = 10.9;
				ONLY_ACTIVE_ARCH = YES;
				SDKROOT = macosx;
			};
			name = Debug;
		};
		2692CD7918D7C2A2006501C4 /* Release */ = {
			isa = XCBuildConfiguration;
			buildSettings = {
				ALWAYS_SEARCH_USER_PATHS = NO;
				CLANG_CXX_LANGUAGE_STANDARD = "gnu++0x";
				CLANG_CXX_LIBRARY = "libc++";
				CLANG_ENABLE_MODULES = YES;
				CLANG_ENABLE_OBJC_ARC = YES;
				CLANG_WARN_BOOL_CONVERSION = YES;
				CLANG_WARN_CONSTANT_CONVERSION = YES;
				CLANG_WARN_DIRECT_OBJC_ISA_USAGE = YES_ERROR;
				CLANG_WARN_EMPTY_BODY = YES;
				CLANG_WARN_ENUM_CONVERSION = YES;
				CLANG_WARN_INT_CONVERSION = YES;
				CLANG_WARN_OBJC_ROOT_CLASS = YES_ERROR;
				CLANG_WARN__DUPLICATE_METHOD_MATCH = YES;
				COPY_PHASE_STRIP = YES;
				DEBUG_INFORMATION_FORMAT = "dwarf-with-dsym";
				ENABLE_NS_ASSERTIONS = NO;
				GCC_C_LANGUAGE_STANDARD = gnu99;
				GCC_ENABLE_OBJC_EXCEPTIONS = YES;
				GCC_WARN_64_TO_32_BIT_CONVERSION = YES;
				GCC_WARN_ABOUT_RETURN_TYPE = YES_ERROR;
				GCC_WARN_UNDECLARED_SELECTOR = YES;
				GCC_WARN_UNINITIALIZED_AUTOS = YES_AGGRESSIVE;
				GCC_WARN_UNUSED_FUNCTION = YES;
				GCC_WARN_UNUSED_VARIABLE = YES;
				MACOSX_DEPLOYMENT_TARGET = 10.9;
				SDKROOT = macosx;
			};
			name = Release;
		};
		2692CD7B18D7C2A2006501C4 /* Debug */ = {
			isa = XCBuildConfiguration;
			buildSettings = {
				COMBINE_HIDPI_IMAGES = YES;
				DYLIB_COMPATIBILITY_VERSION = 1;
				DYLIB_CURRENT_VERSION = 1;
				FRAMEWORK_SEARCH_PATHS = (
					"$(inherited)",
					/Users/weiwang/src/Artsmesh/DerivedData/Artsmesh/Build/Products/Debug,
				);
				FRAMEWORK_VERSION = A;
				GCC_PRECOMPILE_PREFIX_HEADER = YES;
				GCC_PREFIX_HEADER = "AMMesher/AMMesher-Prefix.pch";
				INFOPLIST_FILE = "AMMesher/AMMesher-Info.plist";
				PRODUCT_NAME = "$(TARGET_NAME)";
				WRAPPER_EXTENSION = framework;
			};
			name = Debug;
		};
		2692CD7C18D7C2A2006501C4 /* Release */ = {
			isa = XCBuildConfiguration;
			buildSettings = {
				COMBINE_HIDPI_IMAGES = YES;
				DYLIB_COMPATIBILITY_VERSION = 1;
				DYLIB_CURRENT_VERSION = 1;
				FRAMEWORK_SEARCH_PATHS = (
					"$(inherited)",
					/Users/weiwang/src/Artsmesh/DerivedData/Artsmesh/Build/Products/Debug,
				);
				FRAMEWORK_VERSION = A;
				GCC_PRECOMPILE_PREFIX_HEADER = YES;
				GCC_PREFIX_HEADER = "AMMesher/AMMesher-Prefix.pch";
				INFOPLIST_FILE = "AMMesher/AMMesher-Info.plist";
				PRODUCT_NAME = "$(TARGET_NAME)";
				WRAPPER_EXTENSION = framework;
			};
			name = Release;
		};
		26BC15DE19321D280020AD2B /* Debug */ = {
			isa = XCBuildConfiguration;
			buildSettings = {
				ASSETCATALOG_COMPILER_APPICON_NAME = AppIcon;
				COMBINE_HIDPI_IMAGES = YES;
				FRAMEWORK_SEARCH_PATHS = (
					"$(inherited)",
					/Users/weiwang/src/Artsmesh/DerivedData/Artsmesh/Build/Products/Debug,
				);
				GCC_PRECOMPILE_PREFIX_HEADER = YES;
				GCC_PREFIX_HEADER = "AMMesherTest/AMMesherTest-Prefix.pch";
				GCC_PREPROCESSOR_DEFINITIONS = (
					"DEBUG=1",
					"$(inherited)",
				);
				INFOPLIST_FILE = "AMMesherTest/AMMesherTest-Info.plist";
				PRODUCT_NAME = "$(TARGET_NAME)";
				WRAPPER_EXTENSION = app;
			};
			name = Debug;
		};
		26BC15DF19321D280020AD2B /* Release */ = {
			isa = XCBuildConfiguration;
			buildSettings = {
				ASSETCATALOG_COMPILER_APPICON_NAME = AppIcon;
				COMBINE_HIDPI_IMAGES = YES;
				FRAMEWORK_SEARCH_PATHS = (
					"$(inherited)",
					/Users/weiwang/src/Artsmesh/DerivedData/Artsmesh/Build/Products/Debug,
				);
				GCC_PRECOMPILE_PREFIX_HEADER = YES;
				GCC_PREFIX_HEADER = "AMMesherTest/AMMesherTest-Prefix.pch";
				INFOPLIST_FILE = "AMMesherTest/AMMesherTest-Info.plist";
				PRODUCT_NAME = "$(TARGET_NAME)";
				WRAPPER_EXTENSION = app;
			};
			name = Release;
		};
/* End XCBuildConfiguration section */

/* Begin XCConfigurationList section */
		2692CD4C18D7C2A2006501C4 /* Build configuration list for PBXProject "AMMesher" */ = {
			isa = XCConfigurationList;
			buildConfigurations = (
				2692CD7818D7C2A2006501C4 /* Debug */,
				2692CD7918D7C2A2006501C4 /* Release */,
			);
			defaultConfigurationIsVisible = 0;
			defaultConfigurationName = Release;
		};
		2692CD7A18D7C2A2006501C4 /* Build configuration list for PBXNativeTarget "AMMesher" */ = {
			isa = XCConfigurationList;
			buildConfigurations = (
				2692CD7B18D7C2A2006501C4 /* Debug */,
				2692CD7C18D7C2A2006501C4 /* Release */,
			);
			defaultConfigurationIsVisible = 0;
			defaultConfigurationName = Release;
		};
		26BC15DD19321D280020AD2B /* Build configuration list for PBXNativeTarget "AMMesherTest" */ = {
			isa = XCConfigurationList;
			buildConfigurations = (
				26BC15DE19321D280020AD2B /* Debug */,
				26BC15DF19321D280020AD2B /* Release */,
			);
			defaultConfigurationIsVisible = 0;
			defaultConfigurationName = Release;
		};
/* End XCConfigurationList section */
	};
	rootObject = 2692CD4918D7C2A2006501C4 /* Project object */;
}
