// !$*UTF8*$!
{
	archiveVersion = 1;
	classes = {
	};
	objectVersion = 46;
	objects = {

/* Begin PBXBuildFile section */
		2611399E18D2E8A800CDCF8F /* AMPluginLoader.framework in Frameworks */ = {isa = PBXBuildFile; fileRef = 2611399D18D2E8A800CDCF8F /* AMPluginLoader.framework */; };
		2653BC8718DC6589004707B5 /* AMMesher.framework in Frameworks */ = {isa = PBXBuildFile; fileRef = 26ED34C718CFDFB200E1B791 /* AMMesher.framework */; };
		268E7DD718D183F600B0F710 /* AMWindow.m in Sources */ = {isa = PBXBuildFile; fileRef = 268E7DD618D183F600B0F710 /* AMWindow.m */; };
		268E7DD918D1861000B0F710 /* AMNotificationManager.framework in Frameworks */ = {isa = PBXBuildFile; fileRef = 268E7DD818D1861000B0F710 /* AMNotificationManager.framework */; };
		268E7DDD18D1861600B0F710 /* AMPreferenceManager.framework in Frameworks */ = {isa = PBXBuildFile; fileRef = 268E7DDC18D1861600B0F710 /* AMPreferenceManager.framework */; };
		268E7DDF18D1861A00B0F710 /* UIFramewrok.framework in Frameworks */ = {isa = PBXBuildFile; fileRef = 268E7DDE18D1861A00B0F710 /* UIFramewrok.framework */; };
		268E7DE518D1864700B0F710 /* UserGroupModule.bundle in CopyFiles */ = {isa = PBXBuildFile; fileRef = 268E7DE418D1864700B0F710 /* UserGroupModule.bundle */; };
		2692DB8B18E91D7100553924 /* etcd in Resources */ = {isa = PBXBuildFile; fileRef = 2692DB8A18E91D7100553924 /* etcd */; };
		2692DB8C18E91D7A00553924 /* etcd in CopyFiles */ = {isa = PBXBuildFile; fileRef = 2692DB8A18E91D7100553924 /* etcd */; };
		2692DB8E18E9459600553924 /* AMETCDPreferenceView.xib in Resources */ = {isa = PBXBuildFile; fileRef = 2692DB8D18E9459600553924 /* AMETCDPreferenceView.xib */; };
		26ED34C618CFDFAF00E1B791 /* AMETCDApi.framework in Frameworks */ = {isa = PBXBuildFile; fileRef = 26ED34C518CFDFAF00E1B791 /* AMETCDApi.framework */; };
		37C23170187A8FFD00554AFD /* Cocoa.framework in Frameworks */ = {isa = PBXBuildFile; fileRef = 37C2316F187A8FFD00554AFD /* Cocoa.framework */; };
		37C2317A187A8FFD00554AFD /* InfoPlist.strings in Resources */ = {isa = PBXBuildFile; fileRef = 37C23178187A8FFD00554AFD /* InfoPlist.strings */; };
		37C2317C187A8FFD00554AFD /* main.m in Sources */ = {isa = PBXBuildFile; fileRef = 37C2317B187A8FFD00554AFD /* main.m */; };
		37C23180187A8FFD00554AFD /* Credits.rtf in Resources */ = {isa = PBXBuildFile; fileRef = 37C2317E187A8FFD00554AFD /* Credits.rtf */; };
		37C23183187A8FFD00554AFD /* AMAppDelegate.m in Sources */ = {isa = PBXBuildFile; fileRef = 37C23182187A8FFD00554AFD /* AMAppDelegate.m */; };
		37C23186187A8FFD00554AFD /* MainMenu.xib in Resources */ = {isa = PBXBuildFile; fileRef = 37C23184187A8FFD00554AFD /* MainMenu.xib */; };
		37C23188187A8FFD00554AFD /* Images.xcassets in Resources */ = {isa = PBXBuildFile; fileRef = 37C23187187A8FFD00554AFD /* Images.xcassets */; };
		37C2318F187A8FFD00554AFD /* XCTest.framework in Frameworks */ = {isa = PBXBuildFile; fileRef = 37C2318E187A8FFD00554AFD /* XCTest.framework */; };
		37C23190187A8FFD00554AFD /* Cocoa.framework in Frameworks */ = {isa = PBXBuildFile; fileRef = 37C2316F187A8FFD00554AFD /* Cocoa.framework */; };
		37C23198187A8FFD00554AFD /* InfoPlist.strings in Resources */ = {isa = PBXBuildFile; fileRef = 37C23196187A8FFD00554AFD /* InfoPlist.strings */; };
		37C2319A187A8FFD00554AFD /* DemoUITests.m in Sources */ = {isa = PBXBuildFile; fileRef = 37C23199187A8FFD00554AFD /* DemoUITests.m */; };
		AF9B4E6F18C826ED00EEBD6C /* AMPanelView.xib in Resources */ = {isa = PBXBuildFile; fileRef = AF9B4E6E18C826ED00EEBD6C /* AMPanelView.xib */; };
		AF9B4E7518C829AE00EEBD6C /* AMPanelViewController.m in Sources */ = {isa = PBXBuildFile; fileRef = AF9B4E7418C829AE00EEBD6C /* AMPanelViewController.m */; };
		AFC188D218C6F4DA00E03010 /* AMMaxSizeView.m in Sources */ = {isa = PBXBuildFile; fileRef = AFC188D118C6F4DA00E03010 /* AMMaxSizeView.m */; };
/* End PBXBuildFile section */

/* Begin PBXContainerItemProxy section */
		37C23191187A8FFD00554AFD /* PBXContainerItemProxy */ = {
			isa = PBXContainerItemProxy;
			containerPortal = 37C23164187A8FFD00554AFD /* Project object */;
			proxyType = 1;
			remoteGlobalIDString = 37C2316B187A8FFD00554AFD;
			remoteInfo = DemoUI;
		};
/* End PBXContainerItemProxy section */

/* Begin PBXCopyFilesBuildPhase section */
		2692DB8718E91D1900553924 /* CopyFiles */ = {
			isa = PBXCopyFilesBuildPhase;
			buildActionMask = 2147483647;
			dstPath = "";
			dstSubfolderSpec = 6;
			files = (
				2692DB8C18E91D7A00553924 /* etcd in CopyFiles */,
			);
			runOnlyForDeploymentPostprocessing = 0;
		};
		376E047C187A9B1E0081DBA6 /* CopyFiles */ = {
			isa = PBXCopyFilesBuildPhase;
			buildActionMask = 2147483647;
			dstPath = "";
			dstSubfolderSpec = 13;
			files = (
				268E7DE518D1864700B0F710 /* UserGroupModule.bundle in CopyFiles */,
			);
			runOnlyForDeploymentPostprocessing = 0;
		};
/* End PBXCopyFilesBuildPhase section */

/* Begin PBXFileReference section */
		2611399D18D2E8A800CDCF8F /* AMPluginLoader.framework */ = {isa = PBXFileReference; lastKnownFileType = wrapper.framework; name = AMPluginLoader.framework; path = ../../DerivedData/Artsmesh/Build/Products/Debug/AMPluginLoader.framework; sourceTree = "<group>"; };
		268E7DD518D183F600B0F710 /* AMWindow.h */ = {isa = PBXFileReference; fileEncoding = 4; lastKnownFileType = sourcecode.c.h; path = AMWindow.h; sourceTree = "<group>"; };
		268E7DD618D183F600B0F710 /* AMWindow.m */ = {isa = PBXFileReference; fileEncoding = 4; lastKnownFileType = sourcecode.c.objc; path = AMWindow.m; sourceTree = "<group>"; };
		268E7DD818D1861000B0F710 /* AMNotificationManager.framework */ = {isa = PBXFileReference; lastKnownFileType = wrapper.framework; name = AMNotificationManager.framework; path = ../../DerivedData/Artsmesh/Build/Products/Debug/AMNotificationManager.framework; sourceTree = "<group>"; };
		268E7DDC18D1861600B0F710 /* AMPreferenceManager.framework */ = {isa = PBXFileReference; lastKnownFileType = wrapper.framework; name = AMPreferenceManager.framework; path = ../../DerivedData/Artsmesh/Build/Products/Debug/AMPreferenceManager.framework; sourceTree = "<group>"; };
		268E7DDE18D1861A00B0F710 /* UIFramewrok.framework */ = {isa = PBXFileReference; lastKnownFileType = wrapper.framework; name = UIFramewrok.framework; path = ../../DerivedData/Artsmesh/Build/Products/Debug/UIFramewrok.framework; sourceTree = "<group>"; };
		268E7DE418D1864700B0F710 /* UserGroupModule.bundle */ = {isa = PBXFileReference; lastKnownFileType = "wrapper.plug-in"; name = UserGroupModule.bundle; path = ../../DerivedData/Artsmesh/Build/Products/Debug/UserGroupModule.bundle; sourceTree = "<group>"; };
		2692DB8A18E91D7100553924 /* etcd */ = {isa = PBXFileReference; lastKnownFileType = "compiled.mach-o.executable"; path = etcd; sourceTree = "<group>"; };
		2692DB8D18E9459600553924 /* AMETCDPreferenceView.xib */ = {isa = PBXFileReference; fileEncoding = 4; lastKnownFileType = file.xib; path = AMETCDPreferenceView.xib; sourceTree = "<group>"; };
		26ED34C518CFDFAF00E1B791 /* AMETCDApi.framework */ = {isa = PBXFileReference; lastKnownFileType = wrapper.framework; name = AMETCDApi.framework; path = ../../DerivedData/Artsmesh/Build/Products/Debug/AMETCDApi.framework; sourceTree = "<group>"; };
		26ED34C718CFDFB200E1B791 /* AMMesher.framework */ = {isa = PBXFileReference; lastKnownFileType = wrapper.framework; name = AMMesher.framework; path = ../../DerivedData/Artsmesh/Build/Products/Debug/AMMesher.framework; sourceTree = "<group>"; };
		37C2316C187A8FFD00554AFD /* DemoUI.app */ = {isa = PBXFileReference; explicitFileType = wrapper.application; includeInIndex = 0; path = DemoUI.app; sourceTree = BUILT_PRODUCTS_DIR; };
		37C2316F187A8FFD00554AFD /* Cocoa.framework */ = {isa = PBXFileReference; lastKnownFileType = wrapper.framework; name = Cocoa.framework; path = System/Library/Frameworks/Cocoa.framework; sourceTree = SDKROOT; };
		37C23172187A8FFD00554AFD /* AppKit.framework */ = {isa = PBXFileReference; lastKnownFileType = wrapper.framework; name = AppKit.framework; path = System/Library/Frameworks/AppKit.framework; sourceTree = SDKROOT; };
		37C23173187A8FFD00554AFD /* CoreData.framework */ = {isa = PBXFileReference; lastKnownFileType = wrapper.framework; name = CoreData.framework; path = System/Library/Frameworks/CoreData.framework; sourceTree = SDKROOT; };
		37C23174187A8FFD00554AFD /* Foundation.framework */ = {isa = PBXFileReference; lastKnownFileType = wrapper.framework; name = Foundation.framework; path = System/Library/Frameworks/Foundation.framework; sourceTree = SDKROOT; };
		37C23177187A8FFD00554AFD /* DemoUI-Info.plist */ = {isa = PBXFileReference; lastKnownFileType = text.plist.xml; path = "DemoUI-Info.plist"; sourceTree = "<group>"; };
		37C23179187A8FFD00554AFD /* en */ = {isa = PBXFileReference; lastKnownFileType = text.plist.strings; name = en; path = en.lproj/InfoPlist.strings; sourceTree = "<group>"; };
		37C2317B187A8FFD00554AFD /* main.m */ = {isa = PBXFileReference; lastKnownFileType = sourcecode.c.objc; path = main.m; sourceTree = "<group>"; };
		37C2317D187A8FFD00554AFD /* DemoUI-Prefix.pch */ = {isa = PBXFileReference; lastKnownFileType = sourcecode.c.h; path = "DemoUI-Prefix.pch"; sourceTree = "<group>"; };
		37C2317F187A8FFD00554AFD /* en */ = {isa = PBXFileReference; lastKnownFileType = text.rtf; name = en; path = en.lproj/Credits.rtf; sourceTree = "<group>"; };
		37C23181187A8FFD00554AFD /* AMAppDelegate.h */ = {isa = PBXFileReference; lastKnownFileType = sourcecode.c.h; path = AMAppDelegate.h; sourceTree = "<group>"; };
		37C23182187A8FFD00554AFD /* AMAppDelegate.m */ = {isa = PBXFileReference; lastKnownFileType = sourcecode.c.objc; path = AMAppDelegate.m; sourceTree = "<group>"; };
		37C23185187A8FFD00554AFD /* Base */ = {isa = PBXFileReference; lastKnownFileType = file.xib; name = Base; path = Base.lproj/MainMenu.xib; sourceTree = "<group>"; };
		37C23187187A8FFD00554AFD /* Images.xcassets */ = {isa = PBXFileReference; lastKnownFileType = folder.assetcatalog; path = Images.xcassets; sourceTree = "<group>"; };
		37C2318D187A8FFD00554AFD /* DemoUITests.xctest */ = {isa = PBXFileReference; explicitFileType = wrapper.cfbundle; includeInIndex = 0; path = DemoUITests.xctest; sourceTree = BUILT_PRODUCTS_DIR; };
		37C2318E187A8FFD00554AFD /* XCTest.framework */ = {isa = PBXFileReference; lastKnownFileType = wrapper.framework; name = XCTest.framework; path = Library/Frameworks/XCTest.framework; sourceTree = DEVELOPER_DIR; };
		37C23195187A8FFD00554AFD /* DemoUITests-Info.plist */ = {isa = PBXFileReference; lastKnownFileType = text.plist.xml; path = "DemoUITests-Info.plist"; sourceTree = "<group>"; };
		37C23197187A8FFD00554AFD /* en */ = {isa = PBXFileReference; lastKnownFileType = text.plist.strings; name = en; path = en.lproj/InfoPlist.strings; sourceTree = "<group>"; };
		37C23199187A8FFD00554AFD /* DemoUITests.m */ = {isa = PBXFileReference; lastKnownFileType = sourcecode.c.objc; path = DemoUITests.m; sourceTree = "<group>"; };
		AF9B4E6E18C826ED00EEBD6C /* AMPanelView.xib */ = {isa = PBXFileReference; fileEncoding = 4; lastKnownFileType = file.xib; path = AMPanelView.xib; sourceTree = "<group>"; };
		AF9B4E7318C829AE00EEBD6C /* AMPanelViewController.h */ = {isa = PBXFileReference; fileEncoding = 4; lastKnownFileType = sourcecode.c.h; path = AMPanelViewController.h; sourceTree = "<group>"; };
		AF9B4E7418C829AE00EEBD6C /* AMPanelViewController.m */ = {isa = PBXFileReference; fileEncoding = 4; lastKnownFileType = sourcecode.c.objc; path = AMPanelViewController.m; sourceTree = "<group>"; };
		AFC188D018C6F4DA00E03010 /* AMMaxSizeView.h */ = {isa = PBXFileReference; fileEncoding = 4; lastKnownFileType = sourcecode.c.h; path = AMMaxSizeView.h; sourceTree = "<group>"; };
		AFC188D118C6F4DA00E03010 /* AMMaxSizeView.m */ = {isa = PBXFileReference; fileEncoding = 4; lastKnownFileType = sourcecode.c.objc; path = AMMaxSizeView.m; sourceTree = "<group>"; };
		D447827718CD6BEA00D72C9F /* HelloWorldConst.h */ = {isa = PBXFileReference; lastKnownFileType = sourcecode.c.h; path = HelloWorldConst.h; sourceTree = "<group>"; };
		D447827818CD6BFE00D72C9F /* UserGroupModuleConst.h */ = {isa = PBXFileReference; lastKnownFileType = sourcecode.c.h; path = UserGroupModuleConst.h; sourceTree = "<group>"; };
/* End PBXFileReference section */

/* Begin PBXFrameworksBuildPhase section */
		37C23169187A8FFD00554AFD /* Frameworks */ = {
			isa = PBXFrameworksBuildPhase;
			buildActionMask = 2147483647;
			files = (
				2653BC8718DC6589004707B5 /* AMMesher.framework in Frameworks */,
				2611399E18D2E8A800CDCF8F /* AMPluginLoader.framework in Frameworks */,
				268E7DDF18D1861A00B0F710 /* UIFramewrok.framework in Frameworks */,
				268E7DDD18D1861600B0F710 /* AMPreferenceManager.framework in Frameworks */,
				268E7DD918D1861000B0F710 /* AMNotificationManager.framework in Frameworks */,
				26ED34C618CFDFAF00E1B791 /* AMETCDApi.framework in Frameworks */,
				37C23170187A8FFD00554AFD /* Cocoa.framework in Frameworks */,
			);
			runOnlyForDeploymentPostprocessing = 0;
		};
		37C2318A187A8FFD00554AFD /* Frameworks */ = {
			isa = PBXFrameworksBuildPhase;
			buildActionMask = 2147483647;
			files = (
				37C23190187A8FFD00554AFD /* Cocoa.framework in Frameworks */,
				37C2318F187A8FFD00554AFD /* XCTest.framework in Frameworks */,
			);
			runOnlyForDeploymentPostprocessing = 0;
		};
/* End PBXFrameworksBuildPhase section */

/* Begin PBXGroup section */
		37C23163187A8FFD00554AFD = {
			isa = PBXGroup;
			children = (
				2692DB8A18E91D7100553924 /* etcd */,
				268E7DE418D1864700B0F710 /* UserGroupModule.bundle */,
				D447827818CD6BFE00D72C9F /* UserGroupModuleConst.h */,
				D447827718CD6BEA00D72C9F /* HelloWorldConst.h */,
				37C23175187A8FFD00554AFD /* DemoUI */,
				37C23193187A8FFD00554AFD /* DemoUITests */,
				37C2316E187A8FFD00554AFD /* Frameworks */,
				37C2316D187A8FFD00554AFD /* Products */,
			);
			sourceTree = "<group>";
		};
		37C2316D187A8FFD00554AFD /* Products */ = {
			isa = PBXGroup;
			children = (
				37C2316C187A8FFD00554AFD /* DemoUI.app */,
				37C2318D187A8FFD00554AFD /* DemoUITests.xctest */,
			);
			name = Products;
			sourceTree = "<group>";
		};
		37C2316E187A8FFD00554AFD /* Frameworks */ = {
			isa = PBXGroup;
			children = (
				2611399D18D2E8A800CDCF8F /* AMPluginLoader.framework */,
				268E7DDE18D1861A00B0F710 /* UIFramewrok.framework */,
				268E7DDC18D1861600B0F710 /* AMPreferenceManager.framework */,
				268E7DD818D1861000B0F710 /* AMNotificationManager.framework */,
				26ED34C718CFDFB200E1B791 /* AMMesher.framework */,
				26ED34C518CFDFAF00E1B791 /* AMETCDApi.framework */,
				37C2316F187A8FFD00554AFD /* Cocoa.framework */,
				37C2318E187A8FFD00554AFD /* XCTest.framework */,
				37C23171187A8FFD00554AFD /* Other Frameworks */,
			);
			name = Frameworks;
			sourceTree = "<group>";
		};
		37C23171187A8FFD00554AFD /* Other Frameworks */ = {
			isa = PBXGroup;
			children = (
				37C23172187A8FFD00554AFD /* AppKit.framework */,
				37C23173187A8FFD00554AFD /* CoreData.framework */,
				37C23174187A8FFD00554AFD /* Foundation.framework */,
			);
			name = "Other Frameworks";
			sourceTree = "<group>";
		};
		37C23175187A8FFD00554AFD /* DemoUI */ = {
			isa = PBXGroup;
			children = (
				37C23181187A8FFD00554AFD /* AMAppDelegate.h */,
				37C23182187A8FFD00554AFD /* AMAppDelegate.m */,
				37C23184187A8FFD00554AFD /* MainMenu.xib */,
				37C23187187A8FFD00554AFD /* Images.xcassets */,
				37C23176187A8FFD00554AFD /* Supporting Files */,
				AFC188D018C6F4DA00E03010 /* AMMaxSizeView.h */,
				AFC188D118C6F4DA00E03010 /* AMMaxSizeView.m */,
				AF9B4E6E18C826ED00EEBD6C /* AMPanelView.xib */,
				AF9B4E7318C829AE00EEBD6C /* AMPanelViewController.h */,
				AF9B4E7418C829AE00EEBD6C /* AMPanelViewController.m */,
				268E7DD518D183F600B0F710 /* AMWindow.h */,
				268E7DD618D183F600B0F710 /* AMWindow.m */,
				2692DB8D18E9459600553924 /* AMETCDPreferenceView.xib */,
			);
			path = DemoUI;
			sourceTree = "<group>";
		};
		37C23176187A8FFD00554AFD /* Supporting Files */ = {
			isa = PBXGroup;
			children = (
				37C23177187A8FFD00554AFD /* DemoUI-Info.plist */,
				37C23178187A8FFD00554AFD /* InfoPlist.strings */,
				37C2317B187A8FFD00554AFD /* main.m */,
				37C2317D187A8FFD00554AFD /* DemoUI-Prefix.pch */,
				37C2317E187A8FFD00554AFD /* Credits.rtf */,
			);
			name = "Supporting Files";
			sourceTree = "<group>";
		};
		37C23193187A8FFD00554AFD /* DemoUITests */ = {
			isa = PBXGroup;
			children = (
				37C23199187A8FFD00554AFD /* DemoUITests.m */,
				37C23194187A8FFD00554AFD /* Supporting Files */,
			);
			path = DemoUITests;
			sourceTree = "<group>";
		};
		37C23194187A8FFD00554AFD /* Supporting Files */ = {
			isa = PBXGroup;
			children = (
				37C23195187A8FFD00554AFD /* DemoUITests-Info.plist */,
				37C23196187A8FFD00554AFD /* InfoPlist.strings */,
			);
			name = "Supporting Files";
			sourceTree = "<group>";
		};
/* End PBXGroup section */

/* Begin PBXNativeTarget section */
		37C2316B187A8FFD00554AFD /* DemoUI */ = {
			isa = PBXNativeTarget;
			buildConfigurationList = 37C2319D187A8FFD00554AFD /* Build configuration list for PBXNativeTarget "DemoUI" */;
			buildPhases = (
				37C23168187A8FFD00554AFD /* Sources */,
				37C23169187A8FFD00554AFD /* Frameworks */,
				37C2316A187A8FFD00554AFD /* Resources */,
				376E047C187A9B1E0081DBA6 /* CopyFiles */,
				2692DB8718E91D1900553924 /* CopyFiles */,
			);
			buildRules = (
			);
			dependencies = (
			);
			name = DemoUI;
			productName = DemoUI;
			productReference = 37C2316C187A8FFD00554AFD /* DemoUI.app */;
			productType = "com.apple.product-type.application";
		};
		37C2318C187A8FFD00554AFD /* DemoUITests */ = {
			isa = PBXNativeTarget;
			buildConfigurationList = 37C231A0187A8FFD00554AFD /* Build configuration list for PBXNativeTarget "DemoUITests" */;
			buildPhases = (
				37C23189187A8FFD00554AFD /* Sources */,
				37C2318A187A8FFD00554AFD /* Frameworks */,
				37C2318B187A8FFD00554AFD /* Resources */,
			);
			buildRules = (
			);
			dependencies = (
				37C23192187A8FFD00554AFD /* PBXTargetDependency */,
			);
			name = DemoUITests;
			productName = DemoUITests;
			productReference = 37C2318D187A8FFD00554AFD /* DemoUITests.xctest */;
			productType = "com.apple.product-type.bundle.unit-test";
		};
/* End PBXNativeTarget section */

/* Begin PBXProject section */
		37C23164187A8FFD00554AFD /* Project object */ = {
			isa = PBXProject;
			attributes = {
				CLASSPREFIX = AM;
				LastUpgradeCheck = 0500;
				ORGANIZATIONNAME = Artsmesh;
				TargetAttributes = {
					37C2318C187A8FFD00554AFD = {
						TestTargetID = 37C2316B187A8FFD00554AFD;
					};
				};
			};
			buildConfigurationList = 37C23167187A8FFD00554AFD /* Build configuration list for PBXProject "DemoUI" */;
			compatibilityVersion = "Xcode 3.2";
			developmentRegion = English;
			hasScannedForEncodings = 0;
			knownRegions = (
				en,
				Base,
			);
			mainGroup = 37C23163187A8FFD00554AFD;
			productRefGroup = 37C2316D187A8FFD00554AFD /* Products */;
			projectDirPath = "";
			projectRoot = "";
			targets = (
				37C2316B187A8FFD00554AFD /* DemoUI */,
				37C2318C187A8FFD00554AFD /* DemoUITests */,
			);
		};
/* End PBXProject section */

/* Begin PBXResourcesBuildPhase section */
		37C2316A187A8FFD00554AFD /* Resources */ = {
			isa = PBXResourcesBuildPhase;
			buildActionMask = 2147483647;
			files = (
				37C2317A187A8FFD00554AFD /* InfoPlist.strings in Resources */,
				2692DB8E18E9459600553924 /* AMETCDPreferenceView.xib in Resources */,
				37C23188187A8FFD00554AFD /* Images.xcassets in Resources */,
				2692DB8B18E91D7100553924 /* etcd in Resources */,
				AF9B4E6F18C826ED00EEBD6C /* AMPanelView.xib in Resources */,
				37C23180187A8FFD00554AFD /* Credits.rtf in Resources */,
				37C23186187A8FFD00554AFD /* MainMenu.xib in Resources */,
			);
			runOnlyForDeploymentPostprocessing = 0;
		};
		37C2318B187A8FFD00554AFD /* Resources */ = {
			isa = PBXResourcesBuildPhase;
			buildActionMask = 2147483647;
			files = (
				37C23198187A8FFD00554AFD /* InfoPlist.strings in Resources */,
			);
			runOnlyForDeploymentPostprocessing = 0;
		};
/* End PBXResourcesBuildPhase section */

/* Begin PBXSourcesBuildPhase section */
		37C23168187A8FFD00554AFD /* Sources */ = {
			isa = PBXSourcesBuildPhase;
			buildActionMask = 2147483647;
			files = (
				AF9B4E7518C829AE00EEBD6C /* AMPanelViewController.m in Sources */,
				268E7DD718D183F600B0F710 /* AMWindow.m in Sources */,
				37C23183187A8FFD00554AFD /* AMAppDelegate.m in Sources */,
				AFC188D218C6F4DA00E03010 /* AMMaxSizeView.m in Sources */,
				37C2317C187A8FFD00554AFD /* main.m in Sources */,
			);
			runOnlyForDeploymentPostprocessing = 0;
		};
		37C23189187A8FFD00554AFD /* Sources */ = {
			isa = PBXSourcesBuildPhase;
			buildActionMask = 2147483647;
			files = (
				37C2319A187A8FFD00554AFD /* DemoUITests.m in Sources */,
			);
			runOnlyForDeploymentPostprocessing = 0;
		};
/* End PBXSourcesBuildPhase section */

/* Begin PBXTargetDependency section */
		37C23192187A8FFD00554AFD /* PBXTargetDependency */ = {
			isa = PBXTargetDependency;
			target = 37C2316B187A8FFD00554AFD /* DemoUI */;
			targetProxy = 37C23191187A8FFD00554AFD /* PBXContainerItemProxy */;
		};
/* End PBXTargetDependency section */

/* Begin PBXVariantGroup section */
		37C23178187A8FFD00554AFD /* InfoPlist.strings */ = {
			isa = PBXVariantGroup;
			children = (
				37C23179187A8FFD00554AFD /* en */,
			);
			name = InfoPlist.strings;
			sourceTree = "<group>";
		};
		37C2317E187A8FFD00554AFD /* Credits.rtf */ = {
			isa = PBXVariantGroup;
			children = (
				37C2317F187A8FFD00554AFD /* en */,
			);
			name = Credits.rtf;
			sourceTree = "<group>";
		};
		37C23184187A8FFD00554AFD /* MainMenu.xib */ = {
			isa = PBXVariantGroup;
			children = (
				37C23185187A8FFD00554AFD /* Base */,
			);
			name = MainMenu.xib;
			sourceTree = "<group>";
		};
		37C23196187A8FFD00554AFD /* InfoPlist.strings */ = {
			isa = PBXVariantGroup;
			children = (
				37C23197187A8FFD00554AFD /* en */,
			);
			name = InfoPlist.strings;
			sourceTree = "<group>";
		};
/* End PBXVariantGroup section */

/* Begin XCBuildConfiguration section */
		37C2319B187A8FFD00554AFD /* Debug */ = {
			isa = XCBuildConfiguration;
			buildSettings = {
				ALWAYS_SEARCH_USER_PATHS = NO;
				CLANG_CXX_LANGUAGE_STANDARD = "gnu++0x";
				CLANG_CXX_LIBRARY = "libc++";
				CLANG_ENABLE_OBJC_ARC = YES;
				CLANG_WARN_BOOL_CONVERSION = YES;
				CLANG_WARN_CONSTANT_CONVERSION = YES;
				CLANG_WARN_DIRECT_OBJC_ISA_USAGE = YES_ERROR;
				CLANG_WARN_EMPTY_BODY = YES;
				CLANG_WARN_ENUM_CONVERSION = YES;
				CLANG_WARN_INT_CONVERSION = YES;
				CLANG_WARN_OBJC_ROOT_CLASS = YES_ERROR;
				CLANG_WARN__DUPLICATE_METHOD_MATCH = YES;
				COPY_PHASE_STRIP = NO;
				GCC_C_LANGUAGE_STANDARD = gnu99;
				GCC_DYNAMIC_NO_PIC = NO;
				GCC_ENABLE_OBJC_EXCEPTIONS = YES;
				GCC_OPTIMIZATION_LEVEL = 0;
				GCC_PREPROCESSOR_DEFINITIONS = (
					"DEBUG=1",
					"$(inherited)",
				);
				GCC_SYMBOLS_PRIVATE_EXTERN = NO;
				GCC_WARN_64_TO_32_BIT_CONVERSION = YES;
				GCC_WARN_ABOUT_RETURN_TYPE = YES_ERROR;
				GCC_WARN_UNDECLARED_SELECTOR = YES;
				GCC_WARN_UNINITIALIZED_AUTOS = YES;
				GCC_WARN_UNUSED_FUNCTION = YES;
				GCC_WARN_UNUSED_VARIABLE = YES;
				MACOSX_DEPLOYMENT_TARGET = 10.9;
				ONLY_ACTIVE_ARCH = NO;
				SDKROOT = macosx;
			};
			name = Debug;
		};
		37C2319C187A8FFD00554AFD /* Release */ = {
			isa = XCBuildConfiguration;
			buildSettings = {
				ALWAYS_SEARCH_USER_PATHS = NO;
				CLANG_CXX_LANGUAGE_STANDARD = "gnu++0x";
				CLANG_CXX_LIBRARY = "libc++";
				CLANG_ENABLE_OBJC_ARC = YES;
				CLANG_WARN_BOOL_CONVERSION = YES;
				CLANG_WARN_CONSTANT_CONVERSION = YES;
				CLANG_WARN_DIRECT_OBJC_ISA_USAGE = YES_ERROR;
				CLANG_WARN_EMPTY_BODY = YES;
				CLANG_WARN_ENUM_CONVERSION = YES;
				CLANG_WARN_INT_CONVERSION = YES;
				CLANG_WARN_OBJC_ROOT_CLASS = YES_ERROR;
				CLANG_WARN__DUPLICATE_METHOD_MATCH = YES;
				COPY_PHASE_STRIP = YES;
				DEBUG_INFORMATION_FORMAT = "dwarf-with-dsym";
				ENABLE_NS_ASSERTIONS = NO;
				GCC_C_LANGUAGE_STANDARD = gnu99;
				GCC_ENABLE_OBJC_EXCEPTIONS = YES;
				GCC_WARN_64_TO_32_BIT_CONVERSION = YES;
				GCC_WARN_ABOUT_RETURN_TYPE = YES_ERROR;
				GCC_WARN_UNDECLARED_SELECTOR = YES;
				GCC_WARN_UNINITIALIZED_AUTOS = YES;
				GCC_WARN_UNUSED_FUNCTION = YES;
				GCC_WARN_UNUSED_VARIABLE = YES;
				MACOSX_DEPLOYMENT_TARGET = 10.9;
				SDKROOT = macosx;
			};
			name = Release;
		};
		37C2319E187A8FFD00554AFD /* Debug */ = {
			isa = XCBuildConfiguration;
			buildSettings = {
				ASSETCATALOG_COMPILER_APPICON_NAME = AppIcon;
				COMBINE_HIDPI_IMAGES = YES;
				FRAMEWORK_SEARCH_PATHS = (
					"$(inherited)",
					/Users/weiwang/src/Artsmesh/DerivedData/Artsmesh/Build/Products/Debug,
					"$(USER_LIBRARY_DIR)/Developer/Xcode/DerivedData/Artsmesh-bsujtofhsmpgubeyhvtfdxglqzbj/Build/Products/Debug",
				);
				GCC_PRECOMPILE_PREFIX_HEADER = YES;
				GCC_PREFIX_HEADER = "DemoUI/DemoUI-Prefix.pch";
				INFOPLIST_FILE = "DemoUI/DemoUI-Info.plist";
				PRODUCT_NAME = "$(TARGET_NAME)";
				WRAPPER_EXTENSION = app;
			};
			name = Debug;
		};
		37C2319F187A8FFD00554AFD /* Release */ = {
			isa = XCBuildConfiguration;
			buildSettings = {
				ASSETCATALOG_COMPILER_APPICON_NAME = AppIcon;
				COMBINE_HIDPI_IMAGES = YES;
				FRAMEWORK_SEARCH_PATHS = (
					"$(inherited)",
					/Users/weiwang/src/Artsmesh/DerivedData/Artsmesh/Build/Products/Debug,
					"$(USER_LIBRARY_DIR)/Developer/Xcode/DerivedData/Artsmesh-bsujtofhsmpgubeyhvtfdxglqzbj/Build/Products/Debug",
				);
				GCC_PRECOMPILE_PREFIX_HEADER = YES;
				GCC_PREFIX_HEADER = "DemoUI/DemoUI-Prefix.pch";
				INFOPLIST_FILE = "DemoUI/DemoUI-Info.plist";
				PRODUCT_NAME = "$(TARGET_NAME)";
				WRAPPER_EXTENSION = app;
			};
			name = Release;
		};
		37C231A1187A8FFD00554AFD /* Debug */ = {
			isa = XCBuildConfiguration;
			buildSettings = {
				BUNDLE_LOADER = "$(BUILT_PRODUCTS_DIR)/DemoUI.app/Contents/MacOS/DemoUI";
				COMBINE_HIDPI_IMAGES = YES;
				FRAMEWORK_SEARCH_PATHS = (
					"$(DEVELOPER_FRAMEWORKS_DIR)",
					"$(inherited)",
				);
				GCC_PRECOMPILE_PREFIX_HEADER = YES;
				GCC_PREFIX_HEADER = "DemoUI/DemoUI-Prefix.pch";
				GCC_PREPROCESSOR_DEFINITIONS = (
					"DEBUG=1",
					"$(inherited)",
				);
				INFOPLIST_FILE = "DemoUITests/DemoUITests-Info.plist";
				PRODUCT_NAME = "$(TARGET_NAME)";
				TEST_HOST = "$(BUNDLE_LOADER)";
				WRAPPER_EXTENSION = xctest;
			};
			name = Debug;
		};
		37C231A2187A8FFD00554AFD /* Release */ = {
			isa = XCBuildConfiguration;
			buildSettings = {
				BUNDLE_LOADER = "$(BUILT_PRODUCTS_DIR)/DemoUI.app/Contents/MacOS/DemoUI";
				COMBINE_HIDPI_IMAGES = YES;
				FRAMEWORK_SEARCH_PATHS = (
					"$(DEVELOPER_FRAMEWORKS_DIR)",
					"$(inherited)",
				);
				GCC_PRECOMPILE_PREFIX_HEADER = YES;
				GCC_PREFIX_HEADER = "DemoUI/DemoUI-Prefix.pch";
				INFOPLIST_FILE = "DemoUITests/DemoUITests-Info.plist";
				PRODUCT_NAME = "$(TARGET_NAME)";
				TEST_HOST = "$(BUNDLE_LOADER)";
				WRAPPER_EXTENSION = xctest;
			};
			name = Release;
		};
/* End XCBuildConfiguration section */

/* Begin XCConfigurationList section */
		37C23167187A8FFD00554AFD /* Build configuration list for PBXProject "DemoUI" */ = {
			isa = XCConfigurationList;
			buildConfigurations = (
				37C2319B187A8FFD00554AFD /* Debug */,
				37C2319C187A8FFD00554AFD /* Release */,
			);
			defaultConfigurationIsVisible = 0;
			defaultConfigurationName = Release;
		};
		37C2319D187A8FFD00554AFD /* Build configuration list for PBXNativeTarget "DemoUI" */ = {
			isa = XCConfigurationList;
			buildConfigurations = (
				37C2319E187A8FFD00554AFD /* Debug */,
				37C2319F187A8FFD00554AFD /* Release */,
			);
			defaultConfigurationIsVisible = 0;
			defaultConfigurationName = Release;
		};
		37C231A0187A8FFD00554AFD /* Build configuration list for PBXNativeTarget "DemoUITests" */ = {
			isa = XCConfigurationList;
			buildConfigurations = (
				37C231A1187A8FFD00554AFD /* Debug */,
				37C231A2187A8FFD00554AFD /* Release */,
			);
			defaultConfigurationIsVisible = 0;
			defaultConfigurationName = Release;
		};
/* End XCConfigurationList section */
	};
	rootObject = 37C23164187A8FFD00554AFD /* Project object */;
}
