// !$*UTF8*$!
{
	archiveVersion = 1;
	classes = {
	};
	objectVersion = 46;
	objects = {

/* Begin PBXBuildFile section */
		37C2315F187A89A000554AFD /* PluginPrincipal.m in Sources */ = {isa = PBXBuildFile; fileRef = 37C2315E187A89A000554AFD /* PluginPrincipal.m */; };
		37C23161187A89D600554AFD /* AMPluginLoader.framework in Frameworks */ = {isa = PBXBuildFile; fileRef = 37C23160187A89D600554AFD /* AMPluginLoader.framework */; };
		37FCBA1D187111F300C1FD1B /* Cocoa.framework in Frameworks */ = {isa = PBXBuildFile; fileRef = 37FCBA1C187111F300C1FD1B /* Cocoa.framework */; };
		37FCBA27187111F300C1FD1B /* InfoPlist.strings in Resources */ = {isa = PBXBuildFile; fileRef = 37FCBA25187111F300C1FD1B /* InfoPlist.strings */; };
/* End PBXBuildFile section */

/* Begin PBXFileReference section */
		37C2315D187A89A000554AFD /* PluginPrincipal.h */ = {isa = PBXFileReference; fileEncoding = 4; lastKnownFileType = sourcecode.c.h; path = PluginPrincipal.h; sourceTree = "<group>"; };
		37C2315E187A89A000554AFD /* PluginPrincipal.m */ = {isa = PBXFileReference; fileEncoding = 4; lastKnownFileType = sourcecode.c.objc; path = PluginPrincipal.m; sourceTree = "<group>"; };
		37C23160187A89D600554AFD /* AMPluginLoader.framework */ = {isa = PBXFileReference; lastKnownFileType = wrapper.framework; name = AMPluginLoader.framework; path = "../../../../../../Library/Developer/Xcode/DerivedData/Artsmesh-drnphvtbgrdcmveenynyldmyyfof/Build/Products/Debug/AMPluginLoader.framework"; sourceTree = "<group>"; };
		37FCBA19187111F300C1FD1B /* AMHelloWorldPlugin.bundle */ = {isa = PBXFileReference; explicitFileType = wrapper.cfbundle; includeInIndex = 0; path = AMHelloWorldPlugin.bundle; sourceTree = BUILT_PRODUCTS_DIR; };
		37FCBA1C187111F300C1FD1B /* Cocoa.framework */ = {isa = PBXFileReference; lastKnownFileType = wrapper.framework; name = Cocoa.framework; path = System/Library/Frameworks/Cocoa.framework; sourceTree = SDKROOT; };
		37FCBA1F187111F300C1FD1B /* Foundation.framework */ = {isa = PBXFileReference; lastKnownFileType = wrapper.framework; name = Foundation.framework; path = System/Library/Frameworks/Foundation.framework; sourceTree = SDKROOT; };
		37FCBA20187111F300C1FD1B /* CoreData.framework */ = {isa = PBXFileReference; lastKnownFileType = wrapper.framework; name = CoreData.framework; path = System/Library/Frameworks/CoreData.framework; sourceTree = SDKROOT; };
		37FCBA21187111F300C1FD1B /* AppKit.framework */ = {isa = PBXFileReference; lastKnownFileType = wrapper.framework; name = AppKit.framework; path = System/Library/Frameworks/AppKit.framework; sourceTree = SDKROOT; };
		37FCBA24187111F300C1FD1B /* AMHelloWorldPlugin-Info.plist */ = {isa = PBXFileReference; lastKnownFileType = text.plist.xml; path = "AMHelloWorldPlugin-Info.plist"; sourceTree = "<group>"; };
		37FCBA26187111F300C1FD1B /* en */ = {isa = PBXFileReference; lastKnownFileType = text.plist.strings; name = en; path = en.lproj/InfoPlist.strings; sourceTree = "<group>"; };
		37FCBA28187111F300C1FD1B /* AMHelloWorldPlugin-Prefix.pch */ = {isa = PBXFileReference; lastKnownFileType = sourcecode.c.h; path = "AMHelloWorldPlugin-Prefix.pch"; sourceTree = "<group>"; };
/* End PBXFileReference section */

/* Begin PBXFrameworksBuildPhase section */
		37FCBA16187111F300C1FD1B /* Frameworks */ = {
			isa = PBXFrameworksBuildPhase;
			buildActionMask = 2147483647;
			files = (
				37C23161187A89D600554AFD /* AMPluginLoader.framework in Frameworks */,
				37FCBA1D187111F300C1FD1B /* Cocoa.framework in Frameworks */,
			);
			runOnlyForDeploymentPostprocessing = 0;
		};
/* End PBXFrameworksBuildPhase section */

/* Begin PBXGroup section */
		37FCBA10187111F300C1FD1B = {
			isa = PBXGroup;
			children = (
				37FCBA22187111F300C1FD1B /* AMHelloWorldPlugin */,
				37FCBA1B187111F300C1FD1B /* Frameworks */,
				37FCBA1A187111F300C1FD1B /* Products */,
			);
			sourceTree = "<group>";
		};
		37FCBA1A187111F300C1FD1B /* Products */ = {
			isa = PBXGroup;
			children = (
				37FCBA19187111F300C1FD1B /* AMHelloWorldPlugin.bundle */,
			);
			name = Products;
			sourceTree = "<group>";
		};
		37FCBA1B187111F300C1FD1B /* Frameworks */ = {
			isa = PBXGroup;
			children = (
				37C23160187A89D600554AFD /* AMPluginLoader.framework */,
				37FCBA1C187111F300C1FD1B /* Cocoa.framework */,
				37FCBA1E187111F300C1FD1B /* Other Frameworks */,
			);
			name = Frameworks;
			sourceTree = "<group>";
		};
		37FCBA1E187111F300C1FD1B /* Other Frameworks */ = {
			isa = PBXGroup;
			children = (
				37FCBA1F187111F300C1FD1B /* Foundation.framework */,
				37FCBA20187111F300C1FD1B /* CoreData.framework */,
				37FCBA21187111F300C1FD1B /* AppKit.framework */,
			);
			name = "Other Frameworks";
			sourceTree = "<group>";
		};
		37FCBA22187111F300C1FD1B /* AMHelloWorldPlugin */ = {
			isa = PBXGroup;
			children = (
				37FCBA23187111F300C1FD1B /* Supporting Files */,
				37C2315D187A89A000554AFD /* PluginPrincipal.h */,
				37C2315E187A89A000554AFD /* PluginPrincipal.m */,
			);
			path = AMHelloWorldPlugin;
			sourceTree = "<group>";
		};
		37FCBA23187111F300C1FD1B /* Supporting Files */ = {
			isa = PBXGroup;
			children = (
				37FCBA24187111F300C1FD1B /* AMHelloWorldPlugin-Info.plist */,
				37FCBA25187111F300C1FD1B /* InfoPlist.strings */,
				37FCBA28187111F300C1FD1B /* AMHelloWorldPlugin-Prefix.pch */,
			);
			name = "Supporting Files";
			sourceTree = "<group>";
		};
/* End PBXGroup section */

/* Begin PBXNativeTarget section */
		37FCBA18187111F300C1FD1B /* AMHelloWorldPlugin */ = {
			isa = PBXNativeTarget;
			buildConfigurationList = 37FCBA2B187111F300C1FD1B /* Build configuration list for PBXNativeTarget "AMHelloWorldPlugin" */;
			buildPhases = (
				37FCBA15187111F300C1FD1B /* Sources */,
				37FCBA16187111F300C1FD1B /* Frameworks */,
				37FCBA17187111F300C1FD1B /* Resources */,
			);
			buildRules = (
			);
			dependencies = (
			);
			name = AMHelloWorldPlugin;
			productName = AMHelloWorldPlugin;
			productReference = 37FCBA19187111F300C1FD1B /* AMHelloWorldPlugin.bundle */;
			productType = "com.apple.product-type.bundle";
		};
/* End PBXNativeTarget section */

/* Begin PBXProject section */
		37FCBA11187111F300C1FD1B /* Project object */ = {
			isa = PBXProject;
			attributes = {
				LastUpgradeCheck = 0500;
				ORGANIZATIONNAME = Artsmesh;
			};
			buildConfigurationList = 37FCBA14187111F300C1FD1B /* Build configuration list for PBXProject "AMHelloWorldPlugin" */;
			compatibilityVersion = "Xcode 3.2";
			developmentRegion = English;
			hasScannedForEncodings = 0;
			knownRegions = (
				en,
			);
			mainGroup = 37FCBA10187111F300C1FD1B;
			productRefGroup = 37FCBA1A187111F300C1FD1B /* Products */;
			projectDirPath = "";
			projectRoot = "";
			targets = (
				37FCBA18187111F300C1FD1B /* AMHelloWorldPlugin */,
			);
		};
/* End PBXProject section */

/* Begin PBXResourcesBuildPhase section */
		37FCBA17187111F300C1FD1B /* Resources */ = {
			isa = PBXResourcesBuildPhase;
			buildActionMask = 2147483647;
			files = (
				37FCBA27187111F300C1FD1B /* InfoPlist.strings in Resources */,
			);
			runOnlyForDeploymentPostprocessing = 0;
		};
/* End PBXResourcesBuildPhase section */

/* Begin PBXSourcesBuildPhase section */
		37FCBA15187111F300C1FD1B /* Sources */ = {
			isa = PBXSourcesBuildPhase;
			buildActionMask = 2147483647;
			files = (
				37C2315F187A89A000554AFD /* PluginPrincipal.m in Sources */,
			);
			runOnlyForDeploymentPostprocessing = 0;
		};
/* End PBXSourcesBuildPhase section */

/* Begin PBXVariantGroup section */
		37FCBA25187111F300C1FD1B /* InfoPlist.strings */ = {
			isa = PBXVariantGroup;
			children = (
				37FCBA26187111F300C1FD1B /* en */,
			);
			name = InfoPlist.strings;
			sourceTree = "<group>";
		};
/* End PBXVariantGroup section */

/* Begin XCBuildConfiguration section */
		37FCBA29187111F300C1FD1B /* Debug */ = {
			isa = XCBuildConfiguration;
			buildSettings = {
				ALWAYS_SEARCH_USER_PATHS = NO;
				CLANG_CXX_LANGUAGE_STANDARD = "gnu++0x";
				CLANG_CXX_LIBRARY = "libc++";
				CLANG_ENABLE_OBJC_ARC = YES;
				CLANG_WARN_BOOL_CONVERSION = YES;
				CLANG_WARN_CONSTANT_CONVERSION = YES;
				CLANG_WARN_DIRECT_OBJC_ISA_USAGE = YES_ERROR;
				CLANG_WARN_EMPTY_BODY = YES;
				CLANG_WARN_ENUM_CONVERSION = YES;
				CLANG_WARN_INT_CONVERSION = YES;
				CLANG_WARN_OBJC_ROOT_CLASS = YES_ERROR;
				CLANG_WARN__DUPLICATE_METHOD_MATCH = YES;
				COPY_PHASE_STRIP = NO;
				GCC_C_LANGUAGE_STANDARD = gnu99;
				GCC_DYNAMIC_NO_PIC = NO;
				GCC_ENABLE_OBJC_EXCEPTIONS = YES;
				GCC_OPTIMIZATION_LEVEL = 0;
				GCC_PREPROCESSOR_DEFINITIONS = (
					"DEBUG=1",
					"$(inherited)",
				);
				GCC_SYMBOLS_PRIVATE_EXTERN = NO;
				GCC_WARN_64_TO_32_BIT_CONVERSION = YES;
				GCC_WARN_ABOUT_RETURN_TYPE = YES_ERROR;
				GCC_WARN_UNDECLARED_SELECTOR = YES;
				GCC_WARN_UNINITIALIZED_AUTOS = YES;
				GCC_WARN_UNUSED_FUNCTION = YES;
				GCC_WARN_UNUSED_VARIABLE = YES;
				MACOSX_DEPLOYMENT_TARGET = 10.9;
				ONLY_ACTIVE_ARCH = YES;
				SDKROOT = macosx;
			};
			name = Debug;
		};
		37FCBA2A187111F300C1FD1B /* Release */ = {
			isa = XCBuildConfiguration;
			buildSettings = {
				ALWAYS_SEARCH_USER_PATHS = NO;
				CLANG_CXX_LANGUAGE_STANDARD = "gnu++0x";
				CLANG_CXX_LIBRARY = "libc++";
				CLANG_ENABLE_OBJC_ARC = YES;
				CLANG_WARN_BOOL_CONVERSION = YES;
				CLANG_WARN_CONSTANT_CONVERSION = YES;
				CLANG_WARN_DIRECT_OBJC_ISA_USAGE = YES_ERROR;
				CLANG_WARN_EMPTY_BODY = YES;
				CLANG_WARN_ENUM_CONVERSION = YES;
				CLANG_WARN_INT_CONVERSION = YES;
				CLANG_WARN_OBJC_ROOT_CLASS = YES_ERROR;
				CLANG_WARN__DUPLICATE_METHOD_MATCH = YES;
				COPY_PHASE_STRIP = YES;
				DEBUG_INFORMATION_FORMAT = "dwarf-with-dsym";
				ENABLE_NS_ASSERTIONS = NO;
				GCC_C_LANGUAGE_STANDARD = gnu99;
				GCC_ENABLE_OBJC_EXCEPTIONS = YES;
				GCC_WARN_64_TO_32_BIT_CONVERSION = YES;
				GCC_WARN_ABOUT_RETURN_TYPE = YES_ERROR;
				GCC_WARN_UNDECLARED_SELECTOR = YES;
				GCC_WARN_UNINITIALIZED_AUTOS = YES;
				GCC_WARN_UNUSED_FUNCTION = YES;
				GCC_WARN_UNUSED_VARIABLE = YES;
				MACOSX_DEPLOYMENT_TARGET = 10.9;
				SDKROOT = macosx;
			};
			name = Release;
		};
		37FCBA2C187111F300C1FD1B /* Debug */ = {
			isa = XCBuildConfiguration;
			buildSettings = {
				COMBINE_HIDPI_IMAGES = YES;
				FRAMEWORK_SEARCH_PATHS = (
					"$(inherited)",
					"$(USER_LIBRARY_DIR)/Developer/Xcode/DerivedData/Artsmesh-drnphvtbgrdcmveenynyldmyyfof/Build/Products/Debug",
				);
				GCC_PRECOMPILE_PREFIX_HEADER = YES;
				GCC_PREFIX_HEADER = "AMHelloWorldPlugin/AMHelloWorldPlugin-Prefix.pch";
				INFOPLIST_FILE = "AMHelloWorldPlugin/AMHelloWorldPlugin-Info.plist";
				INSTALL_PATH = "$(LOCAL_LIBRARY_DIR)/Bundles";
				PRODUCT_NAME = "$(TARGET_NAME)";
				WRAPPER_EXTENSION = bundle;
			};
			name = Debug;
		};
		37FCBA2D187111F300C1FD1B /* Release */ = {
			isa = XCBuildConfiguration;
			buildSettings = {
				COMBINE_HIDPI_IMAGES = YES;
				FRAMEWORK_SEARCH_PATHS = (
					"$(inherited)",
					"$(USER_LIBRARY_DIR)/Developer/Xcode/DerivedData/Artsmesh-drnphvtbgrdcmveenynyldmyyfof/Build/Products/Debug",
				);
				GCC_PRECOMPILE_PREFIX_HEADER = YES;
				GCC_PREFIX_HEADER = "AMHelloWorldPlugin/AMHelloWorldPlugin-Prefix.pch";
				INFOPLIST_FILE = "AMHelloWorldPlugin/AMHelloWorldPlugin-Info.plist";
				INSTALL_PATH = "$(LOCAL_LIBRARY_DIR)/Bundles";
				PRODUCT_NAME = "$(TARGET_NAME)";
				WRAPPER_EXTENSION = bundle;
			};
			name = Release;
		};
/* End XCBuildConfiguration section */

/* Begin XCConfigurationList section */
		37FCBA14187111F300C1FD1B /* Build configuration list for PBXProject "AMHelloWorldPlugin" */ = {
			isa = XCConfigurationList;
			buildConfigurations = (
				37FCBA29187111F300C1FD1B /* Debug */,
				37FCBA2A187111F300C1FD1B /* Release */,
			);
			defaultConfigurationIsVisible = 0;
			defaultConfigurationName = Release;
		};
		37FCBA2B187111F300C1FD1B /* Build configuration list for PBXNativeTarget "AMHelloWorldPlugin" */ = {
			isa = XCConfigurationList;
			buildConfigurations = (
				37FCBA2C187111F300C1FD1B /* Debug */,
				37FCBA2D187111F300C1FD1B /* Release */,
			);
			defaultConfigurationIsVisible = 0;
			defaultConfigurationName = Release;
		};
/* End XCConfigurationList section */
	};
	rootObject = 37FCBA11187111F300C1FD1B /* Project object */;
}
