// !$*UTF8*$!
{
	archiveVersion = 1;
	classes = {
	};
	objectVersion = 46;
	objects = {

/* Begin PBXBuildFile section */
		2692CDF218D7CEC8006501C4 /* Cocoa.framework in Frameworks */ = {isa = PBXBuildFile; fileRef = 2692CDF118D7CEC8006501C4 /* Cocoa.framework */; };
		2692CDFC18D7CEC8006501C4 /* InfoPlist.strings in Resources */ = {isa = PBXBuildFile; fileRef = 2692CDFA18D7CEC8006501C4 /* InfoPlist.strings */; };
		2692CE0018D7CEC8006501C4 /* AMNetworkUtils.m in Sources */ = {isa = PBXBuildFile; fileRef = 2692CDFF18D7CEC8006501C4 /* AMNetworkUtils.m */; };
		2692CE0718D7CEC8006501C4 /* XCTest.framework in Frameworks */ = {isa = PBXBuildFile; fileRef = 2692CE0618D7CEC8006501C4 /* XCTest.framework */; };
		2692CE0818D7CEC8006501C4 /* Cocoa.framework in Frameworks */ = {isa = PBXBuildFile; fileRef = 2692CDF118D7CEC8006501C4 /* Cocoa.framework */; };
		2692CE0B18D7CEC8006501C4 /* AMNetworkUtils.framework in Frameworks */ = {isa = PBXBuildFile; fileRef = 2692CDEE18D7CEC8006501C4 /* AMNetworkUtils.framework */; };
		2692CE1118D7CEC8006501C4 /* InfoPlist.strings in Resources */ = {isa = PBXBuildFile; fileRef = 2692CE0F18D7CEC8006501C4 /* InfoPlist.strings */; };
		2692CE1318D7CEC8006501C4 /* AMNetworkUtilsTests.m in Sources */ = {isa = PBXBuildFile; fileRef = 2692CE1218D7CEC8006501C4 /* AMNetworkUtilsTests.m */; };
		2692CE1E18D7CFEA006501C4 /* AMNetworkUtils.h in Headers */ = {isa = PBXBuildFile; fileRef = 2692CDFE18D7CEC8006501C4 /* AMNetworkUtils.h */; settings = {ATTRIBUTES = (Public, ); }; };
		26EE8B6A18DBA4E6008262F8 /* GCDAsyncUdpSocket.h in Headers */ = {isa = PBXBuildFile; fileRef = 26EE8B6818DBA4E6008262F8 /* GCDAsyncUdpSocket.h */; settings = {ATTRIBUTES = (Public, ); }; };
		26EE8B6B18DBA4E6008262F8 /* GCDAsyncUdpSocket.m in Sources */ = {isa = PBXBuildFile; fileRef = 26EE8B6918DBA4E6008262F8 /* GCDAsyncUdpSocket.m */; };
		26EE8B8018DBB23E008262F8 /* GCDAsyncSocket.h in Headers */ = {isa = PBXBuildFile; fileRef = 26EE8B7E18DBB23E008262F8 /* GCDAsyncSocket.h */; settings = {ATTRIBUTES = (Public, ); }; };
		26EE8B8118DBB23E008262F8 /* GCDAsyncSocket.m in Sources */ = {isa = PBXBuildFile; fileRef = 26EE8B7F18DBB23E008262F8 /* GCDAsyncSocket.m */; };
		26EE8BD318DC0AB3008262F8 /* JSONKit.h in Headers */ = {isa = PBXBuildFile; fileRef = 26EE8BD118DC0AB3008262F8 /* JSONKit.h */; settings = {ATTRIBUTES = (Public, ); }; };
		26EE8BD418DC0AB3008262F8 /* JSONKit.m in Sources */ = {isa = PBXBuildFile; fileRef = 26EE8BD218DC0AB3008262F8 /* JSONKit.m */; settings = {COMPILER_FLAGS = "-fno-objc-arc"; }; };
/* End PBXBuildFile section */

/* Begin PBXContainerItemProxy section */
		2692CE0918D7CEC8006501C4 /* PBXContainerItemProxy */ = {
			isa = PBXContainerItemProxy;
			containerPortal = 2692CDE518D7CEC7006501C4 /* Project object */;
			proxyType = 1;
			remoteGlobalIDString = 2692CDED18D7CEC8006501C4;
			remoteInfo = AMNetworkUtils;
		};
/* End PBXContainerItemProxy section */

/* Begin PBXFileReference section */
		2692CDEE18D7CEC8006501C4 /* AMNetworkUtils.framework */ = {isa = PBXFileReference; explicitFileType = wrapper.framework; includeInIndex = 0; path = AMNetworkUtils.framework; sourceTree = BUILT_PRODUCTS_DIR; };
		2692CDF118D7CEC8006501C4 /* Cocoa.framework */ = {isa = PBXFileReference; lastKnownFileType = wrapper.framework; name = Cocoa.framework; path = System/Library/Frameworks/Cocoa.framework; sourceTree = SDKROOT; };
		2692CDF418D7CEC8006501C4 /* Foundation.framework */ = {isa = PBXFileReference; lastKnownFileType = wrapper.framework; name = Foundation.framework; path = System/Library/Frameworks/Foundation.framework; sourceTree = SDKROOT; };
		2692CDF518D7CEC8006501C4 /* CoreData.framework */ = {isa = PBXFileReference; lastKnownFileType = wrapper.framework; name = CoreData.framework; path = System/Library/Frameworks/CoreData.framework; sourceTree = SDKROOT; };
		2692CDF618D7CEC8006501C4 /* AppKit.framework */ = {isa = PBXFileReference; lastKnownFileType = wrapper.framework; name = AppKit.framework; path = System/Library/Frameworks/AppKit.framework; sourceTree = SDKROOT; };
		2692CDF918D7CEC8006501C4 /* AMNetworkUtils-Info.plist */ = {isa = PBXFileReference; lastKnownFileType = text.plist.xml; path = "AMNetworkUtils-Info.plist"; sourceTree = "<group>"; };
		2692CDFB18D7CEC8006501C4 /* en */ = {isa = PBXFileReference; lastKnownFileType = text.plist.strings; name = en; path = en.lproj/InfoPlist.strings; sourceTree = "<group>"; };
		2692CDFD18D7CEC8006501C4 /* AMNetworkUtils-Prefix.pch */ = {isa = PBXFileReference; lastKnownFileType = sourcecode.c.h; path = "AMNetworkUtils-Prefix.pch"; sourceTree = "<group>"; };
		2692CDFE18D7CEC8006501C4 /* AMNetworkUtils.h */ = {isa = PBXFileReference; lastKnownFileType = sourcecode.c.h; path = AMNetworkUtils.h; sourceTree = "<group>"; };
		2692CDFF18D7CEC8006501C4 /* AMNetworkUtils.m */ = {isa = PBXFileReference; lastKnownFileType = sourcecode.c.objc; path = AMNetworkUtils.m; sourceTree = "<group>"; };
		2692CE0518D7CEC8006501C4 /* AMNetworkUtilsTests.xctest */ = {isa = PBXFileReference; explicitFileType = wrapper.cfbundle; includeInIndex = 0; path = AMNetworkUtilsTests.xctest; sourceTree = BUILT_PRODUCTS_DIR; };
		2692CE0618D7CEC8006501C4 /* XCTest.framework */ = {isa = PBXFileReference; lastKnownFileType = wrapper.framework; name = XCTest.framework; path = Library/Frameworks/XCTest.framework; sourceTree = DEVELOPER_DIR; };
		2692CE0E18D7CEC8006501C4 /* AMNetworkUtilsTests-Info.plist */ = {isa = PBXFileReference; lastKnownFileType = text.plist.xml; path = "AMNetworkUtilsTests-Info.plist"; sourceTree = "<group>"; };
		2692CE1018D7CEC8006501C4 /* en */ = {isa = PBXFileReference; lastKnownFileType = text.plist.strings; name = en; path = en.lproj/InfoPlist.strings; sourceTree = "<group>"; };
		2692CE1218D7CEC8006501C4 /* AMNetworkUtilsTests.m */ = {isa = PBXFileReference; lastKnownFileType = sourcecode.c.objc; path = AMNetworkUtilsTests.m; sourceTree = "<group>"; };
		26EE8B6818DBA4E6008262F8 /* GCDAsyncUdpSocket.h */ = {isa = PBXFileReference; fileEncoding = 4; lastKnownFileType = sourcecode.c.h; path = GCDAsyncUdpSocket.h; sourceTree = "<group>"; };
		26EE8B6918DBA4E6008262F8 /* GCDAsyncUdpSocket.m */ = {isa = PBXFileReference; fileEncoding = 4; lastKnownFileType = sourcecode.c.objc; path = GCDAsyncUdpSocket.m; sourceTree = "<group>"; };
		26EE8B7E18DBB23E008262F8 /* GCDAsyncSocket.h */ = {isa = PBXFileReference; fileEncoding = 4; lastKnownFileType = sourcecode.c.h; path = GCDAsyncSocket.h; sourceTree = "<group>"; };
		26EE8B7F18DBB23E008262F8 /* GCDAsyncSocket.m */ = {isa = PBXFileReference; fileEncoding = 4; lastKnownFileType = sourcecode.c.objc; path = GCDAsyncSocket.m; sourceTree = "<group>"; };
		26EE8BD118DC0AB3008262F8 /* JSONKit.h */ = {isa = PBXFileReference; fileEncoding = 4; lastKnownFileType = sourcecode.c.h; path = JSONKit.h; sourceTree = "<group>"; };
		26EE8BD218DC0AB3008262F8 /* JSONKit.m */ = {isa = PBXFileReference; fileEncoding = 4; lastKnownFileType = sourcecode.c.objc; path = JSONKit.m; sourceTree = "<group>"; };
/* End PBXFileReference section */

/* Begin PBXFrameworksBuildPhase section */
		2692CDEA18D7CEC8006501C4 /* Frameworks */ = {
			isa = PBXFrameworksBuildPhase;
			buildActionMask = 2147483647;
			files = (
				2692CDF218D7CEC8006501C4 /* Cocoa.framework in Frameworks */,
			);
			runOnlyForDeploymentPostprocessing = 0;
		};
		2692CE0218D7CEC8006501C4 /* Frameworks */ = {
			isa = PBXFrameworksBuildPhase;
			buildActionMask = 2147483647;
			files = (
				2692CE0B18D7CEC8006501C4 /* AMNetworkUtils.framework in Frameworks */,
				2692CE0818D7CEC8006501C4 /* Cocoa.framework in Frameworks */,
				2692CE0718D7CEC8006501C4 /* XCTest.framework in Frameworks */,
			);
			runOnlyForDeploymentPostprocessing = 0;
		};
/* End PBXFrameworksBuildPhase section */

/* Begin PBXGroup section */
		2692CDE418D7CEC7006501C4 = {
			isa = PBXGroup;
			children = (
				2692CDF718D7CEC8006501C4 /* AMNetworkUtils */,
				2692CE0C18D7CEC8006501C4 /* AMNetworkUtilsTests */,
				2692CDF018D7CEC8006501C4 /* Frameworks */,
				2692CDEF18D7CEC8006501C4 /* Products */,
			);
			sourceTree = "<group>";
		};
		2692CDEF18D7CEC8006501C4 /* Products */ = {
			isa = PBXGroup;
			children = (
				2692CDEE18D7CEC8006501C4 /* AMNetworkUtils.framework */,
				2692CE0518D7CEC8006501C4 /* AMNetworkUtilsTests.xctest */,
			);
			name = Products;
			sourceTree = "<group>";
		};
		2692CDF018D7CEC8006501C4 /* Frameworks */ = {
			isa = PBXGroup;
			children = (
				2692CDF118D7CEC8006501C4 /* Cocoa.framework */,
				2692CE0618D7CEC8006501C4 /* XCTest.framework */,
				2692CDF318D7CEC8006501C4 /* Other Frameworks */,
			);
			name = Frameworks;
			sourceTree = "<group>";
		};
		2692CDF318D7CEC8006501C4 /* Other Frameworks */ = {
			isa = PBXGroup;
			children = (
				2692CDF418D7CEC8006501C4 /* Foundation.framework */,
				2692CDF518D7CEC8006501C4 /* CoreData.framework */,
				2692CDF618D7CEC8006501C4 /* AppKit.framework */,
			);
			name = "Other Frameworks";
			sourceTree = "<group>";
		};
		2692CDF718D7CEC8006501C4 /* AMNetworkUtils */ = {
			isa = PBXGroup;
			children = (
				26EE8BD118DC0AB3008262F8 /* JSONKit.h */,
				26EE8BD218DC0AB3008262F8 /* JSONKit.m */,
				26EE8B7E18DBB23E008262F8 /* GCDAsyncSocket.h */,
				26EE8B7F18DBB23E008262F8 /* GCDAsyncSocket.m */,
				26EE8B6818DBA4E6008262F8 /* GCDAsyncUdpSocket.h */,
				26EE8B6918DBA4E6008262F8 /* GCDAsyncUdpSocket.m */,
				2692CDFE18D7CEC8006501C4 /* AMNetworkUtils.h */,
				2692CDFF18D7CEC8006501C4 /* AMNetworkUtils.m */,
				2692CDF818D7CEC8006501C4 /* Supporting Files */,
			);
			path = AMNetworkUtils;
			sourceTree = "<group>";
		};
		2692CDF818D7CEC8006501C4 /* Supporting Files */ = {
			isa = PBXGroup;
			children = (
				2692CDF918D7CEC8006501C4 /* AMNetworkUtils-Info.plist */,
				2692CDFA18D7CEC8006501C4 /* InfoPlist.strings */,
				2692CDFD18D7CEC8006501C4 /* AMNetworkUtils-Prefix.pch */,
			);
			name = "Supporting Files";
			sourceTree = "<group>";
		};
		2692CE0C18D7CEC8006501C4 /* AMNetworkUtilsTests */ = {
			isa = PBXGroup;
			children = (
				2692CE1218D7CEC8006501C4 /* AMNetworkUtilsTests.m */,
				2692CE0D18D7CEC8006501C4 /* Supporting Files */,
			);
			path = AMNetworkUtilsTests;
			sourceTree = "<group>";
		};
		2692CE0D18D7CEC8006501C4 /* Supporting Files */ = {
			isa = PBXGroup;
			children = (
				2692CE0E18D7CEC8006501C4 /* AMNetworkUtilsTests-Info.plist */,
				2692CE0F18D7CEC8006501C4 /* InfoPlist.strings */,
			);
			name = "Supporting Files";
			sourceTree = "<group>";
		};
/* End PBXGroup section */

/* Begin PBXHeadersBuildPhase section */
		2692CDEB18D7CEC8006501C4 /* Headers */ = {
			isa = PBXHeadersBuildPhase;
			buildActionMask = 2147483647;
			files = (
				2692CE1E18D7CFEA006501C4 /* AMNetworkUtils.h in Headers */,
				26EE8B6A18DBA4E6008262F8 /* GCDAsyncUdpSocket.h in Headers */,
				26EE8BD318DC0AB3008262F8 /* JSONKit.h in Headers */,
				26EE8B8018DBB23E008262F8 /* GCDAsyncSocket.h in Headers */,
			);
			runOnlyForDeploymentPostprocessing = 0;
		};
/* End PBXHeadersBuildPhase section */

/* Begin PBXNativeTarget section */
		2692CDED18D7CEC8006501C4 /* AMNetworkUtils */ = {
			isa = PBXNativeTarget;
			buildConfigurationList = 2692CE1618D7CEC8006501C4 /* Build configuration list for PBXNativeTarget "AMNetworkUtils" */;
			buildPhases = (
				2692CDE918D7CEC8006501C4 /* Sources */,
				2692CDEA18D7CEC8006501C4 /* Frameworks */,
				2692CDEB18D7CEC8006501C4 /* Headers */,
				2692CDEC18D7CEC8006501C4 /* Resources */,
			);
			buildRules = (
			);
			dependencies = (
			);
			name = AMNetworkUtils;
			productName = AMNetworkUtils;
			productReference = 2692CDEE18D7CEC8006501C4 /* AMNetworkUtils.framework */;
			productType = "com.apple.product-type.framework";
		};
		2692CE0418D7CEC8006501C4 /* AMNetworkUtilsTests */ = {
			isa = PBXNativeTarget;
			buildConfigurationList = 2692CE1918D7CEC8006501C4 /* Build configuration list for PBXNativeTarget "AMNetworkUtilsTests" */;
			buildPhases = (
				2692CE0118D7CEC8006501C4 /* Sources */,
				2692CE0218D7CEC8006501C4 /* Frameworks */,
				2692CE0318D7CEC8006501C4 /* Resources */,
			);
			buildRules = (
			);
			dependencies = (
				2692CE0A18D7CEC8006501C4 /* PBXTargetDependency */,
			);
			name = AMNetworkUtilsTests;
			productName = AMNetworkUtilsTests;
			productReference = 2692CE0518D7CEC8006501C4 /* AMNetworkUtilsTests.xctest */;
			productType = "com.apple.product-type.bundle.unit-test";
		};
/* End PBXNativeTarget section */

/* Begin PBXProject section */
		2692CDE518D7CEC7006501C4 /* Project object */ = {
			isa = PBXProject;
			attributes = {
				LastUpgradeCheck = 0510;
				ORGANIZATIONNAME = AM;
				TargetAttributes = {
					2692CE0418D7CEC8006501C4 = {
						TestTargetID = 2692CDED18D7CEC8006501C4;
					};
				};
			};
			buildConfigurationList = 2692CDE818D7CEC7006501C4 /* Build configuration list for PBXProject "AMNetworkUtils" */;
			compatibilityVersion = "Xcode 3.2";
			developmentRegion = English;
			hasScannedForEncodings = 0;
			knownRegions = (
				en,
			);
			mainGroup = 2692CDE418D7CEC7006501C4;
			productRefGroup = 2692CDEF18D7CEC8006501C4 /* Products */;
			projectDirPath = "";
			projectRoot = "";
			targets = (
				2692CDED18D7CEC8006501C4 /* AMNetworkUtils */,
				2692CE0418D7CEC8006501C4 /* AMNetworkUtilsTests */,
			);
		};
/* End PBXProject section */

/* Begin PBXResourcesBuildPhase section */
		2692CDEC18D7CEC8006501C4 /* Resources */ = {
			isa = PBXResourcesBuildPhase;
			buildActionMask = 2147483647;
			files = (
				2692CDFC18D7CEC8006501C4 /* InfoPlist.strings in Resources */,
			);
			runOnlyForDeploymentPostprocessing = 0;
		};
		2692CE0318D7CEC8006501C4 /* Resources */ = {
			isa = PBXResourcesBuildPhase;
			buildActionMask = 2147483647;
			files = (
				2692CE1118D7CEC8006501C4 /* InfoPlist.strings in Resources */,
			);
			runOnlyForDeploymentPostprocessing = 0;
		};
/* End PBXResourcesBuildPhase section */

/* Begin PBXSourcesBuildPhase section */
		2692CDE918D7CEC8006501C4 /* Sources */ = {
			isa = PBXSourcesBuildPhase;
			buildActionMask = 2147483647;
			files = (
				26EE8B8118DBB23E008262F8 /* GCDAsyncSocket.m in Sources */,
				26EE8B6B18DBA4E6008262F8 /* GCDAsyncUdpSocket.m in Sources */,
				26EE8BD418DC0AB3008262F8 /* JSONKit.m in Sources */,
				2692CE0018D7CEC8006501C4 /* AMNetworkUtils.m in Sources */,
			);
			runOnlyForDeploymentPostprocessing = 0;
		};
		2692CE0118D7CEC8006501C4 /* Sources */ = {
			isa = PBXSourcesBuildPhase;
			buildActionMask = 2147483647;
			files = (
				2692CE1318D7CEC8006501C4 /* AMNetworkUtilsTests.m in Sources */,
			);
			runOnlyForDeploymentPostprocessing = 0;
		};
/* End PBXSourcesBuildPhase section */

/* Begin PBXTargetDependency section */
		2692CE0A18D7CEC8006501C4 /* PBXTargetDependency */ = {
			isa = PBXTargetDependency;
			target = 2692CDED18D7CEC8006501C4 /* AMNetworkUtils */;
			targetProxy = 2692CE0918D7CEC8006501C4 /* PBXContainerItemProxy */;
		};
/* End PBXTargetDependency section */

/* Begin PBXVariantGroup section */
		2692CDFA18D7CEC8006501C4 /* InfoPlist.strings */ = {
			isa = PBXVariantGroup;
			children = (
				2692CDFB18D7CEC8006501C4 /* en */,
			);
			name = InfoPlist.strings;
			sourceTree = "<group>";
		};
		2692CE0F18D7CEC8006501C4 /* InfoPlist.strings */ = {
			isa = PBXVariantGroup;
			children = (
				2692CE1018D7CEC8006501C4 /* en */,
			);
			name = InfoPlist.strings;
			sourceTree = "<group>";
		};
/* End PBXVariantGroup section */

/* Begin XCBuildConfiguration section */
		2692CE1418D7CEC8006501C4 /* Debug */ = {
			isa = XCBuildConfiguration;
			buildSettings = {
				ALWAYS_SEARCH_USER_PATHS = NO;
				CLANG_CXX_LANGUAGE_STANDARD = "gnu++0x";
				CLANG_CXX_LIBRARY = "libc++";
				CLANG_ENABLE_MODULES = YES;
				CLANG_ENABLE_OBJC_ARC = YES;
				CLANG_WARN_BOOL_CONVERSION = YES;
				CLANG_WARN_CONSTANT_CONVERSION = YES;
				CLANG_WARN_DIRECT_OBJC_ISA_USAGE = YES_ERROR;
				CLANG_WARN_EMPTY_BODY = YES;
				CLANG_WARN_ENUM_CONVERSION = YES;
				CLANG_WARN_INT_CONVERSION = YES;
				CLANG_WARN_OBJC_ROOT_CLASS = YES_ERROR;
				CLANG_WARN__DUPLICATE_METHOD_MATCH = YES;
				COPY_PHASE_STRIP = NO;
				GCC_C_LANGUAGE_STANDARD = gnu99;
				GCC_DYNAMIC_NO_PIC = NO;
				GCC_ENABLE_OBJC_EXCEPTIONS = YES;
				GCC_OPTIMIZATION_LEVEL = 0;
				GCC_PREPROCESSOR_DEFINITIONS = (
					"DEBUG=1",
					"$(inherited)",
				);
				GCC_SYMBOLS_PRIVATE_EXTERN = NO;
				GCC_WARN_64_TO_32_BIT_CONVERSION = YES;
				GCC_WARN_ABOUT_RETURN_TYPE = YES_ERROR;
				GCC_WARN_UNDECLARED_SELECTOR = YES;
				GCC_WARN_UNINITIALIZED_AUTOS = YES_AGGRESSIVE;
				GCC_WARN_UNUSED_FUNCTION = YES;
				GCC_WARN_UNUSED_VARIABLE = YES;
				MACOSX_DEPLOYMENT_TARGET = 10.9;
				ONLY_ACTIVE_ARCH = YES;
				SDKROOT = macosx;
			};
			name = Debug;
		};
		2692CE1518D7CEC8006501C4 /* Release */ = {
			isa = XCBuildConfiguration;
			buildSettings = {
				ALWAYS_SEARCH_USER_PATHS = NO;
				CLANG_CXX_LANGUAGE_STANDARD = "gnu++0x";
				CLANG_CXX_LIBRARY = "libc++";
				CLANG_ENABLE_MODULES = YES;
				CLANG_ENABLE_OBJC_ARC = YES;
				CLANG_WARN_BOOL_CONVERSION = YES;
				CLANG_WARN_CONSTANT_CONVERSION = YES;
				CLANG_WARN_DIRECT_OBJC_ISA_USAGE = YES_ERROR;
				CLANG_WARN_EMPTY_BODY = YES;
				CLANG_WARN_ENUM_CONVERSION = YES;
				CLANG_WARN_INT_CONVERSION = YES;
				CLANG_WARN_OBJC_ROOT_CLASS = YES_ERROR;
				CLANG_WARN__DUPLICATE_METHOD_MATCH = YES;
				COPY_PHASE_STRIP = YES;
				DEBUG_INFORMATION_FORMAT = "dwarf-with-dsym";
				ENABLE_NS_ASSERTIONS = NO;
				GCC_C_LANGUAGE_STANDARD = gnu99;
				GCC_ENABLE_OBJC_EXCEPTIONS = YES;
				GCC_WARN_64_TO_32_BIT_CONVERSION = YES;
				GCC_WARN_ABOUT_RETURN_TYPE = YES_ERROR;
				GCC_WARN_UNDECLARED_SELECTOR = YES;
				GCC_WARN_UNINITIALIZED_AUTOS = YES_AGGRESSIVE;
				GCC_WARN_UNUSED_FUNCTION = YES;
				GCC_WARN_UNUSED_VARIABLE = YES;
				MACOSX_DEPLOYMENT_TARGET = 10.9;
				SDKROOT = macosx;
			};
			name = Release;
		};
		2692CE1718D7CEC8006501C4 /* Debug */ = {
			isa = XCBuildConfiguration;
			buildSettings = {
				COMBINE_HIDPI_IMAGES = YES;
				DYLIB_COMPATIBILITY_VERSION = 1;
				DYLIB_CURRENT_VERSION = 1;
				FRAMEWORK_VERSION = A;
				GCC_PRECOMPILE_PREFIX_HEADER = YES;
				GCC_PREFIX_HEADER = "AMNetworkUtils/AMNetworkUtils-Prefix.pch";
				INFOPLIST_FILE = "AMNetworkUtils/AMNetworkUtils-Info.plist";
				PRODUCT_NAME = "$(TARGET_NAME)";
				WRAPPER_EXTENSION = framework;
			};
			name = Debug;
		};
		2692CE1818D7CEC8006501C4 /* Release */ = {
			isa = XCBuildConfiguration;
			buildSettings = {
				COMBINE_HIDPI_IMAGES = YES;
				DYLIB_COMPATIBILITY_VERSION = 1;
				DYLIB_CURRENT_VERSION = 1;
				FRAMEWORK_VERSION = A;
				GCC_PRECOMPILE_PREFIX_HEADER = YES;
				GCC_PREFIX_HEADER = "AMNetworkUtils/AMNetworkUtils-Prefix.pch";
				INFOPLIST_FILE = "AMNetworkUtils/AMNetworkUtils-Info.plist";
				PRODUCT_NAME = "$(TARGET_NAME)";
				WRAPPER_EXTENSION = framework;
			};
			name = Release;
		};
		2692CE1A18D7CEC8006501C4 /* Debug */ = {
			isa = XCBuildConfiguration;
			buildSettings = {
				BUNDLE_LOADER = "$(BUILT_PRODUCTS_DIR)/AMNetworkUtils.framework/Versions/A/AMNetworkUtils";
				COMBINE_HIDPI_IMAGES = YES;
				FRAMEWORK_SEARCH_PATHS = (
					"$(DEVELOPER_FRAMEWORKS_DIR)",
					"$(inherited)",
				);
				GCC_PRECOMPILE_PREFIX_HEADER = YES;
				GCC_PREFIX_HEADER = "AMNetworkUtils/AMNetworkUtils-Prefix.pch";
				GCC_PREPROCESSOR_DEFINITIONS = (
					"DEBUG=1",
					"$(inherited)",
				);
				INFOPLIST_FILE = "AMNetworkUtilsTests/AMNetworkUtilsTests-Info.plist";
				PRODUCT_NAME = "$(TARGET_NAME)";
				TEST_HOST = "$(BUNDLE_LOADER)";
				WRAPPER_EXTENSION = xctest;
			};
			name = Debug;
		};
		2692CE1B18D7CEC8006501C4 /* Release */ = {
			isa = XCBuildConfiguration;
			buildSettings = {
				BUNDLE_LOADER = "$(BUILT_PRODUCTS_DIR)/AMNetworkUtils.framework/Versions/A/AMNetworkUtils";
				COMBINE_HIDPI_IMAGES = YES;
				FRAMEWORK_SEARCH_PATHS = (
					"$(DEVELOPER_FRAMEWORKS_DIR)",
					"$(inherited)",
				);
				GCC_PRECOMPILE_PREFIX_HEADER = YES;
				GCC_PREFIX_HEADER = "AMNetworkUtils/AMNetworkUtils-Prefix.pch";
				INFOPLIST_FILE = "AMNetworkUtilsTests/AMNetworkUtilsTests-Info.plist";
				PRODUCT_NAME = "$(TARGET_NAME)";
				TEST_HOST = "$(BUNDLE_LOADER)";
				WRAPPER_EXTENSION = xctest;
			};
			name = Release;
		};
/* End XCBuildConfiguration section */

/* Begin XCConfigurationList section */
		2692CDE818D7CEC7006501C4 /* Build configuration list for PBXProject "AMNetworkUtils" */ = {
			isa = XCConfigurationList;
			buildConfigurations = (
				2692CE1418D7CEC8006501C4 /* Debug */,
				2692CE1518D7CEC8006501C4 /* Release */,
			);
			defaultConfigurationIsVisible = 0;
			defaultConfigurationName = Release;
		};
		2692CE1618D7CEC8006501C4 /* Build configuration list for PBXNativeTarget "AMNetworkUtils" */ = {
			isa = XCConfigurationList;
			buildConfigurations = (
				2692CE1718D7CEC8006501C4 /* Debug */,
				2692CE1818D7CEC8006501C4 /* Release */,
			);
			defaultConfigurationIsVisible = 0;
			defaultConfigurationName = Release;
		};
		2692CE1918D7CEC8006501C4 /* Build configuration list for PBXNativeTarget "AMNetworkUtilsTests" */ = {
			isa = XCConfigurationList;
			buildConfigurations = (
				2692CE1A18D7CEC8006501C4 /* Debug */,
				2692CE1B18D7CEC8006501C4 /* Release */,
			);
			defaultConfigurationIsVisible = 0;
			defaultConfigurationName = Release;
		};
/* End XCConfigurationList section */
	};
	rootObject = 2692CDE518D7CEC7006501C4 /* Project object */;
}
