// !$*UTF8*$!
{
	archiveVersion = 1;
	classes = {
	};
	objectVersion = 46;
	objects = {

/* Begin PBXBuildFile section */
		01D059B31A2D5A3600BC51E7 /* AMBigBlueButton.h in Headers */ = {isa = PBXBuildFile; fileRef = 01D059B11A2D5A3600BC51E7 /* AMBigBlueButton.h */; settings = {ATTRIBUTES = (Public, ); }; };
		01D059B41A2D5A3600BC51E7 /* AMBigBlueButton.m in Sources */ = {isa = PBXBuildFile; fileRef = 01D059B21A2D5A3600BC51E7 /* AMBigBlueButton.m */; };
		26253DD2193C24B100AFFC83 /* AMFoundryFontTextView.h in Headers */ = {isa = PBXBuildFile; fileRef = 26253DD0193C24B100AFFC83 /* AMFoundryFontTextView.h */; settings = {ATTRIBUTES = (Public, ); }; };
		26253DD3193C24B100AFFC83 /* AMFoundryFontTextView.m in Sources */ = {isa = PBXBuildFile; fileRef = 26253DD1193C24B100AFFC83 /* AMFoundryFontTextView.m */; };
		2658877A19899ABA001DA266 /* AMPopUpView.h in Headers */ = {isa = PBXBuildFile; fileRef = 2658877019899ABA001DA266 /* AMPopUpView.h */; settings = {ATTRIBUTES = (Public, ); }; };
		2658877B19899ABA001DA266 /* AMPopUpView.m in Sources */ = {isa = PBXBuildFile; fileRef = 2658877119899ABA001DA266 /* AMPopUpView.m */; };
		2658877C19899ABA001DA266 /* AMPopUpMenuItem.h in Headers */ = {isa = PBXBuildFile; fileRef = 2658877219899ABA001DA266 /* AMPopUpMenuItem.h */; settings = {ATTRIBUTES = (Public, ); }; };
		2658877D19899ABA001DA266 /* AMPopUpMenuItem.m in Sources */ = {isa = PBXBuildFile; fileRef = 2658877319899ABA001DA266 /* AMPopUpMenuItem.m */; };
		2658877E19899ABA001DA266 /* AMPopUpMenuController.h in Headers */ = {isa = PBXBuildFile; fileRef = 2658877419899ABA001DA266 /* AMPopUpMenuController.h */; settings = {ATTRIBUTES = (Public, ); }; };
		2658877F19899ABA001DA266 /* AMPopUpMenuController.m in Sources */ = {isa = PBXBuildFile; fileRef = 2658877519899ABA001DA266 /* AMPopUpMenuController.m */; };
		2658878019899ABA001DA266 /* AMPopUpMenuController.xib in Resources */ = {isa = PBXBuildFile; fileRef = 2658877619899ABA001DA266 /* AMPopUpMenuController.xib */; };
		26CEAE8D197380F600DF285F /* AMCheckBoxView.h in Headers */ = {isa = PBXBuildFile; fileRef = 26CEAE8B197380F600DF285F /* AMCheckBoxView.h */; settings = {ATTRIBUTES = (Public, ); }; };
		26CEAE8E197380F600DF285F /* AMCheckBoxView.m in Sources */ = {isa = PBXBuildFile; fileRef = 26CEAE8C197380F600DF285F /* AMCheckBoxView.m */; };
		2D9B7F331D3F2F650018580A /* AMTheme.h in Headers */ = {isa = PBXBuildFile; fileRef = 2D9B7F311D3F2F650018580A /* AMTheme.h */; settings = {ATTRIBUTES = (Public, ); }; };
		2D9B7F341D3F2F650018580A /* AMTheme.m in Sources */ = {isa = PBXBuildFile; fileRef = 2D9B7F321D3F2F650018580A /* AMTheme.m */; };
		2DA43CCD1DEF9A630096373F /* AMFoundryFontFieldLabelView.h in Headers */ = {isa = PBXBuildFile; fileRef = 2DA43CCB1DEF9A630096373F /* AMFoundryFontFieldLabelView.h */; };
		2DA43CCE1DEF9A630096373F /* AMFoundryFontFieldLabelView.m in Sources */ = {isa = PBXBuildFile; fileRef = 2DA43CCC1DEF9A630096373F /* AMFoundryFontFieldLabelView.m */; };
		4A207A6F1A875D8E006F4FA2 /* AMTextFieldView.h in Headers */ = {isa = PBXBuildFile; fileRef = 4A207A6D1A875D8E006F4FA2 /* AMTextFieldView.h */; settings = {ATTRIBUTES = (Public, ); }; };
		4A207A701A875D8E006F4FA2 /* AMTextFieldView.m in Sources */ = {isa = PBXBuildFile; fileRef = 4A207A6E1A875D8E006F4FA2 /* AMTextFieldView.m */; };
		4A776D241A7886FB00281F46 /* AMCollectionView.h in Headers */ = {isa = PBXBuildFile; fileRef = 4A776D221A7886FB00281F46 /* AMCollectionView.h */; settings = {ATTRIBUTES = (Public, ); }; };
		4A776D251A7886FB00281F46 /* AMCollectionView.m in Sources */ = {isa = PBXBuildFile; fileRef = 4A776D231A7886FB00281F46 /* AMCollectionView.m */; };
		4A776D291A78873300281F46 /* NSView_Constrains.h in Headers */ = {isa = PBXBuildFile; fileRef = 4A776D261A78873300281F46 /* NSView_Constrains.h */; settings = {ATTRIBUTES = (Public, ); }; };
		4A776D2A1A78873300281F46 /* NSView_Constrains.m in Sources */ = {isa = PBXBuildFile; fileRef = 4A776D271A78873300281F46 /* NSView_Constrains.m */; };
		4F15723E1AB195B700945397 /* AMTimerView.h in Headers */ = {isa = PBXBuildFile; fileRef = 4F15723C1AB195B700945397 /* AMTimerView.h */; settings = {ATTRIBUTES = (Public, ); }; };
		4F15723F1AB195B700945397 /* AMTimerView.m in Sources */ = {isa = PBXBuildFile; fileRef = 4F15723D1AB195B700945397 /* AMTimerView.m */; };
		4F5F13F31ADE542B00E12613 /* AMTableCellView.h in Headers */ = {isa = PBXBuildFile; fileRef = 4F5F13F11ADE542B00E12613 /* AMTableCellView.h */; settings = {ATTRIBUTES = (Public, ); }; };
		4F5F13F41ADE542B00E12613 /* AMTableCellView.m in Sources */ = {isa = PBXBuildFile; fileRef = 4F5F13F21ADE542B00E12613 /* AMTableCellView.m */; };
		4F809F581ACECA7D009AC0E6 /* AMWindow.h in Headers */ = {isa = PBXBuildFile; fileRef = 4F809F561ACECA7D009AC0E6 /* AMWindow.h */; settings = {ATTRIBUTES = (Public, ); }; };
		4F809F591ACECA7D009AC0E6 /* AMWindow.m in Sources */ = {isa = PBXBuildFile; fileRef = 4F809F571ACECA7D009AC0E6 /* AMWindow.m */; };
		4FA59E411AEF3EE000405112 /* AMLogger.framework in Frameworks */ = {isa = PBXBuildFile; fileRef = 4FA59E401AEF3EE000405112 /* AMLogger.framework */; };
		4FAA9B3E1AAACC8100D9266E /* AMBlinkView.h in Headers */ = {isa = PBXBuildFile; fileRef = 4FAA9B3C1AAACC8100D9266E /* AMBlinkView.h */; settings = {ATTRIBUTES = (Public, ); }; };
		4FAA9B3F1AAACC8100D9266E /* AMBlinkView.m in Sources */ = {isa = PBXBuildFile; fileRef = 4FAA9B3D1AAACC8100D9266E /* AMBlinkView.m */; };
		4FBBCB151A4FE43600DF4C3E /* AMRatioButtonView.h in Headers */ = {isa = PBXBuildFile; fileRef = 4FBBCB131A4FE43600DF4C3E /* AMRatioButtonView.h */; settings = {ATTRIBUTES = (Public, ); }; };
		4FBBCB161A4FE43600DF4C3E /* AMRatioButtonView.m in Sources */ = {isa = PBXBuildFile; fileRef = 4FBBCB141A4FE43600DF4C3E /* AMRatioButtonView.m */; };
		4FD498C61B6A16BA00427866 /* AMFakeBox.h in Headers */ = {isa = PBXBuildFile; fileRef = 4FD498C41B6A16BA00427866 /* AMFakeBox.h */; settings = {ATTRIBUTES = (Public, ); }; };
		4FD498C71B6A16BA00427866 /* AMFakeBox.m in Sources */ = {isa = PBXBuildFile; fileRef = 4FD498C51B6A16BA00427866 /* AMFakeBox.m */; };
		AF00D43A18C9B5E6004DE9E6 /* Cocoa.framework in Frameworks */ = {isa = PBXBuildFile; fileRef = AF00D43918C9B5E6004DE9E6 /* Cocoa.framework */; };
		AF00D44418C9B5E6004DE9E6 /* InfoPlist.strings in Resources */ = {isa = PBXBuildFile; fileRef = AF00D44218C9B5E6004DE9E6 /* InfoPlist.strings */; };
		AF00D44818C9B5E6004DE9E6 /* UIFramewrok.m in Sources */ = {isa = PBXBuildFile; fileRef = AF00D44718C9B5E6004DE9E6 /* UIFramewrok.m */; };
		AF2890E0198A398A00D05174 /* AMBlueButton.h in Headers */ = {isa = PBXBuildFile; fileRef = AF2890DE198A398A00D05174 /* AMBlueButton.h */; settings = {ATTRIBUTES = (Public, ); }; };
		AF2890E1198A398A00D05174 /* AMBlueButton.m in Sources */ = {isa = PBXBuildFile; fileRef = AF2890DF198A398A00D05174 /* AMBlueButton.m */; };
		AF3A729318C9B6B100DB7BA1 /* AMDragDropView.h in Headers */ = {isa = PBXBuildFile; fileRef = AF3A729118C9B6B100DB7BA1 /* AMDragDropView.h */; settings = {ATTRIBUTES = (Public, ); }; };
		AF3A729418C9B6B100DB7BA1 /* AMDragDropView.m in Sources */ = {isa = PBXBuildFile; fileRef = AF3A729218C9B6B100DB7BA1 /* AMDragDropView.m */; };
		AF7DF6E91904C26E00554E6F /* AMMaxSizeView.h in Headers */ = {isa = PBXBuildFile; fileRef = AF7DF6E51904C26E00554E6F /* AMMaxSizeView.h */; settings = {ATTRIBUTES = (Public, ); }; };
		AF7DF6EA1904C26E00554E6F /* AMMaxSizeView.m in Sources */ = {isa = PBXBuildFile; fileRef = AF7DF6E61904C26E00554E6F /* AMMaxSizeView.m */; };
		AF82E354190CA9680083487C /* AMFoundryFontView.h in Headers */ = {isa = PBXBuildFile; fileRef = AF82E352190CA9680083487C /* AMFoundryFontView.h */; settings = {ATTRIBUTES = (Public, ); }; };
		AF82E355190CA9680083487C /* AMFoundryFontView.m in Sources */ = {isa = PBXBuildFile; fileRef = AF82E353190CA9680083487C /* AMFoundryFontView.m */; };
		AF9DC78418E9643E0029DB97 /* BlueBackgroundView.h in Headers */ = {isa = PBXBuildFile; fileRef = AF9DC78218E9643E0029DB97 /* BlueBackgroundView.h */; settings = {ATTRIBUTES = (Public, ); }; };
		AF9DC78518E9643E0029DB97 /* BlueBackgroundView.m in Sources */ = {isa = PBXBuildFile; fileRef = AF9DC78318E9643E0029DB97 /* BlueBackgroundView.m */; };
		AFAA502418EC1375009286F4 /* AMMovableWindow.h in Headers */ = {isa = PBXBuildFile; fileRef = AFAA502218EC1375009286F4 /* AMMovableWindow.h */; settings = {ATTRIBUTES = (Public, ); }; };
		AFAA502518EC1375009286F4 /* AMMovableWindow.m in Sources */ = {isa = PBXBuildFile; fileRef = AFAA502318EC1375009286F4 /* AMMovableWindow.m */; };
		AFAC30C919382E71000FFC5F /* AMTextView.h in Headers */ = {isa = PBXBuildFile; fileRef = AFAC30C719382E71000FFC5F /* AMTextView.h */; settings = {ATTRIBUTES = (Public, ); }; };
		AFAC30CA19382E71000FFC5F /* AMTextView.m in Sources */ = {isa = PBXBuildFile; fileRef = AFAC30C819382E71000FFC5F /* AMTextView.m */; };
		AFB34F6A19065C1400092E33 /* AMButtonHandler.h in Headers */ = {isa = PBXBuildFile; fileRef = AFB34F6819065C1400092E33 /* AMButtonHandler.h */; settings = {ATTRIBUTES = (Public, ); }; };
		AFB34F6B19065C1400092E33 /* AMButtonHandler.m in Sources */ = {isa = PBXBuildFile; fileRef = AFB34F6919065C1400092E33 /* AMButtonHandler.m */; };
		AFD344C7193EF82C0057F222 /* AMUIConst.h in Headers */ = {isa = PBXBuildFile; fileRef = AFD344C6193EF82C0057F222 /* AMUIConst.h */; settings = {ATTRIBUTES = (Public, ); }; };
		AFF6054B1B08699F00B835B9 /* AMBlueBorderButton.h in Headers */ = {isa = PBXBuildFile; fileRef = AFF605491B08699F00B835B9 /* AMBlueBorderButton.h */; settings = {ATTRIBUTES = (Public, ); }; };
		AFF6054C1B08699F00B835B9 /* AMBlueBorderButton.m in Sources */ = {isa = PBXBuildFile; fileRef = AFF6054A1B08699F00B835B9 /* AMBlueBorderButton.m */; };
		AFF79DBB1B5B823E000A95DF /* AMBlueBorderButtonCell.h in Headers */ = {isa = PBXBuildFile; fileRef = AFF79DB91B5B823E000A95DF /* AMBlueBorderButtonCell.h */; };
		AFF79DBC1B5B823E000A95DF /* AMBlueBorderButtonCell.m in Sources */ = {isa = PBXBuildFile; fileRef = AFF79DBA1B5B823E000A95DF /* AMBlueBorderButtonCell.m */; };
		CE25C50F19775960003A8B39 /* AMBorderView.h in Headers */ = {isa = PBXBuildFile; fileRef = CE25C50D19775960003A8B39 /* AMBorderView.h */; settings = {ATTRIBUTES = (Public, ); }; };
		CE25C51019775960003A8B39 /* AMBorderView.m in Sources */ = {isa = PBXBuildFile; fileRef = CE25C50E19775960003A8B39 /* AMBorderView.m */; };
		CE25C51219775A08003A8B39 /* AMPanelView.m in Sources */ = {isa = PBXBuildFile; fileRef = CE25C51119775A08003A8B39 /* AMPanelView.m */; };
		CE883163192C44B800DA17CE /* AMBoxItem.h in Headers */ = {isa = PBXBuildFile; fileRef = CE88315F192C44B800DA17CE /* AMBoxItem.h */; settings = {ATTRIBUTES = (Public, ); }; };
		CE883164192C44B900DA17CE /* AMBoxItem.m in Sources */ = {isa = PBXBuildFile; fileRef = CE883160192C44B800DA17CE /* AMBoxItem.m */; };
		CE883165192C44B900DA17CE /* AMBox.h in Headers */ = {isa = PBXBuildFile; fileRef = CE883161192C44B800DA17CE /* AMBox.h */; settings = {ATTRIBUTES = (Public, ); }; };
		CE883166192C44B900DA17CE /* AMBox.m in Sources */ = {isa = PBXBuildFile; fileRef = CE883162192C44B800DA17CE /* AMBox.m */; };
		CE883169192C52EA00DA17CE /* AMPanelView.h in Headers */ = {isa = PBXBuildFile; fileRef = CE883167192C52EA00DA17CE /* AMPanelView.h */; settings = {ATTRIBUTES = (Public, ); }; };
		CEC231751A00D5B300AC7B7F /* AMBackgroundView.h in Headers */ = {isa = PBXBuildFile; fileRef = CEC231731A00D5B300AC7B7F /* AMBackgroundView.h */; settings = {ATTRIBUTES = (Public, ); }; };
		CEC231761A00D5B300AC7B7F /* AMBackgroundView.m in Sources */ = {isa = PBXBuildFile; fileRef = CEC231741A00D5B300AC7B7F /* AMBackgroundView.m */; };
		CEC27F0B1993877E0023163F /* AMTextFieldCell.h in Headers */ = {isa = PBXBuildFile; fileRef = CEC27F091993877E0023163F /* AMTextFieldCell.h */; settings = {ATTRIBUTES = (Public, ); }; };
		CEC27F0C1993877E0023163F /* AMTextFieldCell.m in Sources */ = {isa = PBXBuildFile; fileRef = CEC27F0A1993877E0023163F /* AMTextFieldCell.m */; };
/* End PBXBuildFile section */

/* Begin PBXFileReference section */
		01D059B11A2D5A3600BC51E7 /* AMBigBlueButton.h */ = {isa = PBXFileReference; fileEncoding = 4; lastKnownFileType = sourcecode.c.h; path = AMBigBlueButton.h; sourceTree = "<group>"; };
		01D059B21A2D5A3600BC51E7 /* AMBigBlueButton.m */ = {isa = PBXFileReference; fileEncoding = 4; lastKnownFileType = sourcecode.c.objc; path = AMBigBlueButton.m; sourceTree = "<group>"; };
		26253DD0193C24B100AFFC83 /* AMFoundryFontTextView.h */ = {isa = PBXFileReference; fileEncoding = 4; lastKnownFileType = sourcecode.c.h; name = AMFoundryFontTextView.h; path = UIFramewrok/AMFoundryFontTextView.h; sourceTree = "<group>"; };
		26253DD1193C24B100AFFC83 /* AMFoundryFontTextView.m */ = {isa = PBXFileReference; fileEncoding = 4; lastKnownFileType = sourcecode.c.objc; name = AMFoundryFontTextView.m; path = UIFramewrok/AMFoundryFontTextView.m; sourceTree = "<group>"; };
		2658877019899ABA001DA266 /* AMPopUpView.h */ = {isa = PBXFileReference; fileEncoding = 4; lastKnownFileType = sourcecode.c.h; path = AMPopUpView.h; sourceTree = "<group>"; };
		2658877119899ABA001DA266 /* AMPopUpView.m */ = {isa = PBXFileReference; fileEncoding = 4; lastKnownFileType = sourcecode.c.objc; path = AMPopUpView.m; sourceTree = "<group>"; };
		2658877219899ABA001DA266 /* AMPopUpMenuItem.h */ = {isa = PBXFileReference; fileEncoding = 4; lastKnownFileType = sourcecode.c.h; path = AMPopUpMenuItem.h; sourceTree = "<group>"; };
		2658877319899ABA001DA266 /* AMPopUpMenuItem.m */ = {isa = PBXFileReference; fileEncoding = 4; lastKnownFileType = sourcecode.c.objc; path = AMPopUpMenuItem.m; sourceTree = "<group>"; };
		2658877419899ABA001DA266 /* AMPopUpMenuController.h */ = {isa = PBXFileReference; fileEncoding = 4; lastKnownFileType = sourcecode.c.h; path = AMPopUpMenuController.h; sourceTree = "<group>"; };
		2658877519899ABA001DA266 /* AMPopUpMenuController.m */ = {isa = PBXFileReference; fileEncoding = 4; lastKnownFileType = sourcecode.c.objc; path = AMPopUpMenuController.m; sourceTree = "<group>"; };
		2658877619899ABA001DA266 /* AMPopUpMenuController.xib */ = {isa = PBXFileReference; fileEncoding = 4; lastKnownFileType = file.xib; path = AMPopUpMenuController.xib; sourceTree = "<group>"; };
		26CEAE8B197380F600DF285F /* AMCheckBoxView.h */ = {isa = PBXFileReference; fileEncoding = 4; lastKnownFileType = sourcecode.c.h; path = AMCheckBoxView.h; sourceTree = "<group>"; };
		26CEAE8C197380F600DF285F /* AMCheckBoxView.m */ = {isa = PBXFileReference; fileEncoding = 4; lastKnownFileType = sourcecode.c.objc; path = AMCheckBoxView.m; sourceTree = "<group>"; };
		2D9B7F311D3F2F650018580A /* AMTheme.h */ = {isa = PBXFileReference; fileEncoding = 4; lastKnownFileType = sourcecode.c.h; path = AMTheme.h; sourceTree = "<group>"; };
		2D9B7F321D3F2F650018580A /* AMTheme.m */ = {isa = PBXFileReference; fileEncoding = 4; lastKnownFileType = sourcecode.c.objc; path = AMTheme.m; sourceTree = "<group>"; };
		2DA43CCB1DEF9A630096373F /* AMFoundryFontFieldLabelView.h */ = {isa = PBXFileReference; fileEncoding = 4; lastKnownFileType = sourcecode.c.h; name = AMFoundryFontFieldLabelView.h; path = UIFramewrok/AMFoundryFontFieldLabelView.h; sourceTree = "<group>"; };
		2DA43CCC1DEF9A630096373F /* AMFoundryFontFieldLabelView.m */ = {isa = PBXFileReference; fileEncoding = 4; lastKnownFileType = sourcecode.c.objc; name = AMFoundryFontFieldLabelView.m; path = UIFramewrok/AMFoundryFontFieldLabelView.m; sourceTree = "<group>"; };
		4A207A6D1A875D8E006F4FA2 /* AMTextFieldView.h */ = {isa = PBXFileReference; fileEncoding = 4; lastKnownFileType = sourcecode.c.h; path = AMTextFieldView.h; sourceTree = "<group>"; };
		4A207A6E1A875D8E006F4FA2 /* AMTextFieldView.m */ = {isa = PBXFileReference; fileEncoding = 4; lastKnownFileType = sourcecode.c.objc; path = AMTextFieldView.m; sourceTree = "<group>"; };
		4A776D221A7886FB00281F46 /* AMCollectionView.h */ = {isa = PBXFileReference; fileEncoding = 4; lastKnownFileType = sourcecode.c.h; path = AMCollectionView.h; sourceTree = "<group>"; };
		4A776D231A7886FB00281F46 /* AMCollectionView.m */ = {isa = PBXFileReference; fileEncoding = 4; lastKnownFileType = sourcecode.c.objc; path = AMCollectionView.m; sourceTree = "<group>"; };
		4A776D261A78873300281F46 /* NSView_Constrains.h */ = {isa = PBXFileReference; fileEncoding = 4; lastKnownFileType = sourcecode.c.h; path = NSView_Constrains.h; sourceTree = "<group>"; };
		4A776D271A78873300281F46 /* NSView_Constrains.m */ = {isa = PBXFileReference; fileEncoding = 4; lastKnownFileType = sourcecode.c.objc; path = NSView_Constrains.m; sourceTree = "<group>"; };
		4F15723C1AB195B700945397 /* AMTimerView.h */ = {isa = PBXFileReference; fileEncoding = 4; lastKnownFileType = sourcecode.c.h; path = AMTimerView.h; sourceTree = "<group>"; };
		4F15723D1AB195B700945397 /* AMTimerView.m */ = {isa = PBXFileReference; fileEncoding = 4; lastKnownFileType = sourcecode.c.objc; path = AMTimerView.m; sourceTree = "<group>"; };
		4F5F13F11ADE542B00E12613 /* AMTableCellView.h */ = {isa = PBXFileReference; fileEncoding = 4; lastKnownFileType = sourcecode.c.h; path = AMTableCellView.h; sourceTree = "<group>"; };
		4F5F13F21ADE542B00E12613 /* AMTableCellView.m */ = {isa = PBXFileReference; fileEncoding = 4; lastKnownFileType = sourcecode.c.objc; path = AMTableCellView.m; sourceTree = "<group>"; };
		4F809F561ACECA7D009AC0E6 /* AMWindow.h */ = {isa = PBXFileReference; fileEncoding = 4; lastKnownFileType = sourcecode.c.h; path = AMWindow.h; sourceTree = "<group>"; };
		4F809F571ACECA7D009AC0E6 /* AMWindow.m */ = {isa = PBXFileReference; fileEncoding = 4; lastKnownFileType = sourcecode.c.objc; path = AMWindow.m; sourceTree = "<group>"; };
		4FA59E401AEF3EE000405112 /* AMLogger.framework */ = {isa = PBXFileReference; lastKnownFileType = wrapper.framework; name = AMLogger.framework; path = ../DerivedData/Artsmesh/Build/Products/Debug/AMLogger.framework; sourceTree = "<group>"; };
		4FAA9B3C1AAACC8100D9266E /* AMBlinkView.h */ = {isa = PBXFileReference; fileEncoding = 4; lastKnownFileType = sourcecode.c.h; path = AMBlinkView.h; sourceTree = "<group>"; };
		4FAA9B3D1AAACC8100D9266E /* AMBlinkView.m */ = {isa = PBXFileReference; fileEncoding = 4; lastKnownFileType = sourcecode.c.objc; path = AMBlinkView.m; sourceTree = "<group>"; };
		4FBBCB131A4FE43600DF4C3E /* AMRatioButtonView.h */ = {isa = PBXFileReference; fileEncoding = 4; lastKnownFileType = sourcecode.c.h; path = AMRatioButtonView.h; sourceTree = "<group>"; };
		4FBBCB141A4FE43600DF4C3E /* AMRatioButtonView.m */ = {isa = PBXFileReference; fileEncoding = 4; lastKnownFileType = sourcecode.c.objc; path = AMRatioButtonView.m; sourceTree = "<group>"; };
		4FD498C41B6A16BA00427866 /* AMFakeBox.h */ = {isa = PBXFileReference; fileEncoding = 4; lastKnownFileType = sourcecode.c.h; path = AMFakeBox.h; sourceTree = "<group>"; };
		4FD498C51B6A16BA00427866 /* AMFakeBox.m */ = {isa = PBXFileReference; fileEncoding = 4; lastKnownFileType = sourcecode.c.objc; path = AMFakeBox.m; sourceTree = "<group>"; };
		AF00D43618C9B5E6004DE9E6 /* UIFramework.framework */ = {isa = PBXFileReference; explicitFileType = wrapper.framework; includeInIndex = 0; path = UIFramework.framework; sourceTree = BUILT_PRODUCTS_DIR; };
		AF00D43918C9B5E6004DE9E6 /* Cocoa.framework */ = {isa = PBXFileReference; lastKnownFileType = wrapper.framework; name = Cocoa.framework; path = System/Library/Frameworks/Cocoa.framework; sourceTree = SDKROOT; };
		AF00D43C18C9B5E6004DE9E6 /* Foundation.framework */ = {isa = PBXFileReference; lastKnownFileType = wrapper.framework; name = Foundation.framework; path = System/Library/Frameworks/Foundation.framework; sourceTree = SDKROOT; };
		AF00D43D18C9B5E6004DE9E6 /* CoreData.framework */ = {isa = PBXFileReference; lastKnownFileType = wrapper.framework; name = CoreData.framework; path = System/Library/Frameworks/CoreData.framework; sourceTree = SDKROOT; };
		AF00D43E18C9B5E6004DE9E6 /* AppKit.framework */ = {isa = PBXFileReference; lastKnownFileType = wrapper.framework; name = AppKit.framework; path = System/Library/Frameworks/AppKit.framework; sourceTree = SDKROOT; };
		AF00D44118C9B5E6004DE9E6 /* UIFramework-Info.plist */ = {isa = PBXFileReference; lastKnownFileType = text.plist.xml; path = "UIFramework-Info.plist"; sourceTree = "<group>"; };
		AF00D44318C9B5E6004DE9E6 /* en */ = {isa = PBXFileReference; lastKnownFileType = text.plist.strings; name = en; path = en.lproj/InfoPlist.strings; sourceTree = "<group>"; };
		AF00D44518C9B5E6004DE9E6 /* UIFramework-Prefix.pch */ = {isa = PBXFileReference; lastKnownFileType = sourcecode.c.h; path = "UIFramework-Prefix.pch"; sourceTree = "<group>"; };
		AF00D44618C9B5E6004DE9E6 /* UIFramewrok.h */ = {isa = PBXFileReference; lastKnownFileType = sourcecode.c.h; path = UIFramewrok.h; sourceTree = "<group>"; };
		AF00D44718C9B5E6004DE9E6 /* UIFramewrok.m */ = {isa = PBXFileReference; lastKnownFileType = sourcecode.c.objc; path = UIFramewrok.m; sourceTree = "<group>"; };
		AF00D44E18C9B5E6004DE9E6 /* XCTest.framework */ = {isa = PBXFileReference; lastKnownFileType = wrapper.framework; name = XCTest.framework; path = Library/Frameworks/XCTest.framework; sourceTree = DEVELOPER_DIR; };
		AF2890DE198A398A00D05174 /* AMBlueButton.h */ = {isa = PBXFileReference; fileEncoding = 4; lastKnownFileType = sourcecode.c.h; path = AMBlueButton.h; sourceTree = "<group>"; };
		AF2890DF198A398A00D05174 /* AMBlueButton.m */ = {isa = PBXFileReference; fileEncoding = 4; lastKnownFileType = sourcecode.c.objc; path = AMBlueButton.m; sourceTree = "<group>"; };
		AF3A729118C9B6B100DB7BA1 /* AMDragDropView.h */ = {isa = PBXFileReference; fileEncoding = 4; lastKnownFileType = sourcecode.c.h; name = AMDragDropView.h; path = UIFramewrok/AMDragDropView.h; sourceTree = "<group>"; };
		AF3A729218C9B6B100DB7BA1 /* AMDragDropView.m */ = {isa = PBXFileReference; fileEncoding = 4; lastKnownFileType = sourcecode.c.objc; name = AMDragDropView.m; path = UIFramewrok/AMDragDropView.m; sourceTree = "<group>"; };
		AF7DF6E51904C26E00554E6F /* AMMaxSizeView.h */ = {isa = PBXFileReference; fileEncoding = 4; lastKnownFileType = sourcecode.c.h; path = AMMaxSizeView.h; sourceTree = "<group>"; };
		AF7DF6E61904C26E00554E6F /* AMMaxSizeView.m */ = {isa = PBXFileReference; fileEncoding = 4; lastKnownFileType = sourcecode.c.objc; path = AMMaxSizeView.m; sourceTree = "<group>"; };
		AF82E352190CA9680083487C /* AMFoundryFontView.h */ = {isa = PBXFileReference; fileEncoding = 4; lastKnownFileType = sourcecode.c.h; name = AMFoundryFontView.h; path = UIFramewrok/AMFoundryFontView.h; sourceTree = "<group>"; };
		AF82E353190CA9680083487C /* AMFoundryFontView.m */ = {isa = PBXFileReference; fileEncoding = 4; lastKnownFileType = sourcecode.c.objc; name = AMFoundryFontView.m; path = UIFramewrok/AMFoundryFontView.m; sourceTree = "<group>"; };
		AF9DC78218E9643E0029DB97 /* BlueBackgroundView.h */ = {isa = PBXFileReference; fileEncoding = 4; lastKnownFileType = sourcecode.c.h; name = BlueBackgroundView.h; path = UIFramewrok/BlueBackgroundView.h; sourceTree = "<group>"; };
		AF9DC78318E9643E0029DB97 /* BlueBackgroundView.m */ = {isa = PBXFileReference; fileEncoding = 4; lastKnownFileType = sourcecode.c.objc; name = BlueBackgroundView.m; path = UIFramewrok/BlueBackgroundView.m; sourceTree = "<group>"; };
		AFAA502218EC1375009286F4 /* AMMovableWindow.h */ = {isa = PBXFileReference; fileEncoding = 4; lastKnownFileType = sourcecode.c.h; name = AMMovableWindow.h; path = UIFramewrok/AMMovableWindow.h; sourceTree = "<group>"; };
		AFAA502318EC1375009286F4 /* AMMovableWindow.m */ = {isa = PBXFileReference; fileEncoding = 4; lastKnownFileType = sourcecode.c.objc; name = AMMovableWindow.m; path = UIFramewrok/AMMovableWindow.m; sourceTree = "<group>"; };
		AFAC30C719382E71000FFC5F /* AMTextView.h */ = {isa = PBXFileReference; fileEncoding = 4; lastKnownFileType = sourcecode.c.h; path = AMTextView.h; sourceTree = "<group>"; };
		AFAC30C819382E71000FFC5F /* AMTextView.m */ = {isa = PBXFileReference; fileEncoding = 4; lastKnownFileType = sourcecode.c.objc; path = AMTextView.m; sourceTree = "<group>"; };
		AFB34F6819065C1400092E33 /* AMButtonHandler.h */ = {isa = PBXFileReference; fileEncoding = 4; lastKnownFileType = sourcecode.c.h; path = AMButtonHandler.h; sourceTree = "<group>"; };
		AFB34F6919065C1400092E33 /* AMButtonHandler.m */ = {isa = PBXFileReference; fileEncoding = 4; lastKnownFileType = sourcecode.c.objc; path = AMButtonHandler.m; sourceTree = "<group>"; };
		AFD344C6193EF82C0057F222 /* AMUIConst.h */ = {isa = PBXFileReference; fileEncoding = 4; lastKnownFileType = sourcecode.c.h; path = AMUIConst.h; sourceTree = "<group>"; };
		AFF605491B08699F00B835B9 /* AMBlueBorderButton.h */ = {isa = PBXFileReference; fileEncoding = 4; lastKnownFileType = sourcecode.c.h; path = AMBlueBorderButton.h; sourceTree = "<group>"; };
		AFF6054A1B08699F00B835B9 /* AMBlueBorderButton.m */ = {isa = PBXFileReference; fileEncoding = 4; lastKnownFileType = sourcecode.c.objc; path = AMBlueBorderButton.m; sourceTree = "<group>"; };
		AFF79DB91B5B823E000A95DF /* AMBlueBorderButtonCell.h */ = {isa = PBXFileReference; fileEncoding = 4; lastKnownFileType = sourcecode.c.h; path = AMBlueBorderButtonCell.h; sourceTree = "<group>"; };
		AFF79DBA1B5B823E000A95DF /* AMBlueBorderButtonCell.m */ = {isa = PBXFileReference; fileEncoding = 4; lastKnownFileType = sourcecode.c.objc; path = AMBlueBorderButtonCell.m; sourceTree = "<group>"; };
		CE25C50D19775960003A8B39 /* AMBorderView.h */ = {isa = PBXFileReference; fileEncoding = 4; lastKnownFileType = sourcecode.c.h; path = AMBorderView.h; sourceTree = "<group>"; };
		CE25C50E19775960003A8B39 /* AMBorderView.m */ = {isa = PBXFileReference; fileEncoding = 4; lastKnownFileType = sourcecode.c.objc; path = AMBorderView.m; sourceTree = "<group>"; };
		CE25C51119775A08003A8B39 /* AMPanelView.m */ = {isa = PBXFileReference; fileEncoding = 4; lastKnownFileType = sourcecode.c.objc; path = AMPanelView.m; sourceTree = "<group>"; };
		CE88315F192C44B800DA17CE /* AMBoxItem.h */ = {isa = PBXFileReference; fileEncoding = 4; lastKnownFileType = sourcecode.c.h; path = AMBoxItem.h; sourceTree = "<group>"; };
		CE883160192C44B800DA17CE /* AMBoxItem.m */ = {isa = PBXFileReference; fileEncoding = 4; lastKnownFileType = sourcecode.c.objc; path = AMBoxItem.m; sourceTree = "<group>"; };
		CE883161192C44B800DA17CE /* AMBox.h */ = {isa = PBXFileReference; fileEncoding = 4; lastKnownFileType = sourcecode.c.h; path = AMBox.h; sourceTree = "<group>"; };
		CE883162192C44B800DA17CE /* AMBox.m */ = {isa = PBXFileReference; fileEncoding = 4; lastKnownFileType = sourcecode.c.objc; path = AMBox.m; sourceTree = "<group>"; };
		CE883167192C52EA00DA17CE /* AMPanelView.h */ = {isa = PBXFileReference; fileEncoding = 4; lastKnownFileType = sourcecode.c.h; path = AMPanelView.h; sourceTree = "<group>"; };
		CEC231731A00D5B300AC7B7F /* AMBackgroundView.h */ = {isa = PBXFileReference; fileEncoding = 4; lastKnownFileType = sourcecode.c.h; path = AMBackgroundView.h; sourceTree = "<group>"; };
		CEC231741A00D5B300AC7B7F /* AMBackgroundView.m */ = {isa = PBXFileReference; fileEncoding = 4; lastKnownFileType = sourcecode.c.objc; path = AMBackgroundView.m; sourceTree = "<group>"; };
		CEC27F091993877E0023163F /* AMTextFieldCell.h */ = {isa = PBXFileReference; fileEncoding = 4; lastKnownFileType = sourcecode.c.h; path = AMTextFieldCell.h; sourceTree = "<group>"; };
		CEC27F0A1993877E0023163F /* AMTextFieldCell.m */ = {isa = PBXFileReference; fileEncoding = 4; lastKnownFileType = sourcecode.c.objc; path = AMTextFieldCell.m; sourceTree = "<group>"; };
/* End PBXFileReference section */

/* Begin PBXFrameworksBuildPhase section */
		AF00D43218C9B5E6004DE9E6 /* Frameworks */ = {
			isa = PBXFrameworksBuildPhase;
			buildActionMask = 2147483647;
			files = (
				4FA59E411AEF3EE000405112 /* AMLogger.framework in Frameworks */,
				AF00D43A18C9B5E6004DE9E6 /* Cocoa.framework in Frameworks */,
			);
			runOnlyForDeploymentPostprocessing = 0;
		};
/* End PBXFrameworksBuildPhase section */

/* Begin PBXGroup section */
		2658876C19899A97001DA266 /* AMPopupMenuButton */ = {
			isa = PBXGroup;
			children = (
				2658877019899ABA001DA266 /* AMPopUpView.h */,
				2658877119899ABA001DA266 /* AMPopUpView.m */,
				2658877219899ABA001DA266 /* AMPopUpMenuItem.h */,
				2658877319899ABA001DA266 /* AMPopUpMenuItem.m */,
				2658877419899ABA001DA266 /* AMPopUpMenuController.h */,
				2658877519899ABA001DA266 /* AMPopUpMenuController.m */,
				2658877619899ABA001DA266 /* AMPopUpMenuController.xib */,
			);
			name = AMPopupMenuButton;
			sourceTree = "<group>";
		};
		AF00D42C18C9B5E6004DE9E6 = {
			isa = PBXGroup;
			children = (
				2D9B7F311D3F2F650018580A /* AMTheme.h */,
				2D9B7F321D3F2F650018580A /* AMTheme.m */,
				4FD498C41B6A16BA00427866 /* AMFakeBox.h */,
				4FD498C51B6A16BA00427866 /* AMFakeBox.m */,
				AFF79DB91B5B823E000A95DF /* AMBlueBorderButtonCell.h */,
				AFF79DBA1B5B823E000A95DF /* AMBlueBorderButtonCell.m */,
				AFF605491B08699F00B835B9 /* AMBlueBorderButton.h */,
				AFF6054A1B08699F00B835B9 /* AMBlueBorderButton.m */,
				4F5F13F11ADE542B00E12613 /* AMTableCellView.h */,
				4F5F13F21ADE542B00E12613 /* AMTableCellView.m */,
				4F809F561ACECA7D009AC0E6 /* AMWindow.h */,
				4F809F571ACECA7D009AC0E6 /* AMWindow.m */,
				4F15723C1AB195B700945397 /* AMTimerView.h */,
				4F15723D1AB195B700945397 /* AMTimerView.m */,
				4A776D221A7886FB00281F46 /* AMCollectionView.h */,
				4A776D231A7886FB00281F46 /* AMCollectionView.m */,
				4FAA9B3C1AAACC8100D9266E /* AMBlinkView.h */,
				4FAA9B3D1AAACC8100D9266E /* AMBlinkView.m */,
				CE88315F192C44B800DA17CE /* AMBoxItem.h */,
				CE883160192C44B800DA17CE /* AMBoxItem.m */,
				CE883161192C44B800DA17CE /* AMBox.h */,
				CE883162192C44B800DA17CE /* AMBox.m */,
				CE25C50D19775960003A8B39 /* AMBorderView.h */,
				CE25C50E19775960003A8B39 /* AMBorderView.m */,
				01D059B11A2D5A3600BC51E7 /* AMBigBlueButton.h */,
				01D059B21A2D5A3600BC51E7 /* AMBigBlueButton.m */,
				AF2890DE198A398A00D05174 /* AMBlueButton.h */,
				AF2890DF198A398A00D05174 /* AMBlueButton.m */,
				4A207A6D1A875D8E006F4FA2 /* AMTextFieldView.h */,
				4A207A6E1A875D8E006F4FA2 /* AMTextFieldView.m */,
				4A776D261A78873300281F46 /* NSView_Constrains.h */,
				4A776D271A78873300281F46 /* NSView_Constrains.m */,
				2658876C19899A97001DA266 /* AMPopupMenuButton */,
				26CEAE8B197380F600DF285F /* AMCheckBoxView.h */,
				26CEAE8C197380F600DF285F /* AMCheckBoxView.m */,
				4FBBCB131A4FE43600DF4C3E /* AMRatioButtonView.h */,
				4FBBCB141A4FE43600DF4C3E /* AMRatioButtonView.m */,
				AFAC30C719382E71000FFC5F /* AMTextView.h */,
				AFAC30C819382E71000FFC5F /* AMTextView.m */,
				AFD344C6193EF82C0057F222 /* AMUIConst.h */,
				CE883167192C52EA00DA17CE /* AMPanelView.h */,
				CE25C51119775A08003A8B39 /* AMPanelView.m */,
				CEC27F091993877E0023163F /* AMTextFieldCell.h */,
				CEC27F0A1993877E0023163F /* AMTextFieldCell.m */,
				AF82E352190CA9680083487C /* AMFoundryFontView.h */,
				AF82E353190CA9680083487C /* AMFoundryFontView.m */,
				2DA43CCB1DEF9A630096373F /* AMFoundryFontFieldLabelView.h */,
				2DA43CCC1DEF9A630096373F /* AMFoundryFontFieldLabelView.m */,
				26253DD0193C24B100AFFC83 /* AMFoundryFontTextView.h */,
				26253DD1193C24B100AFFC83 /* AMFoundryFontTextView.m */,
				AFB34F6819065C1400092E33 /* AMButtonHandler.h */,
				AFB34F6919065C1400092E33 /* AMButtonHandler.m */,
				AF7DF6E51904C26E00554E6F /* AMMaxSizeView.h */,
				AF7DF6E61904C26E00554E6F /* AMMaxSizeView.m */,
				AFAA502218EC1375009286F4 /* AMMovableWindow.h */,
				AFAA502318EC1375009286F4 /* AMMovableWindow.m */,
				CEC231731A00D5B300AC7B7F /* AMBackgroundView.h */,
				CEC231741A00D5B300AC7B7F /* AMBackgroundView.m */,
				AF9DC78218E9643E0029DB97 /* BlueBackgroundView.h */,
				AF9DC78318E9643E0029DB97 /* BlueBackgroundView.m */,
				AF3A729118C9B6B100DB7BA1 /* AMDragDropView.h */,
				AF3A729218C9B6B100DB7BA1 /* AMDragDropView.m */,
				AF00D43F18C9B5E6004DE9E6 /* UIFramewrok */,
				AF00D43818C9B5E6004DE9E6 /* Frameworks */,
				AF00D43718C9B5E6004DE9E6 /* Products */,
			);
			sourceTree = "<group>";
		};
		AF00D43718C9B5E6004DE9E6 /* Products */ = {
			isa = PBXGroup;
			children = (
				AF00D43618C9B5E6004DE9E6 /* UIFramework.framework */,
			);
			name = Products;
			sourceTree = "<group>";
		};
		AF00D43818C9B5E6004DE9E6 /* Frameworks */ = {
			isa = PBXGroup;
			children = (
				4FA59E401AEF3EE000405112 /* AMLogger.framework */,
				AF00D43918C9B5E6004DE9E6 /* Cocoa.framework */,
				AF00D44E18C9B5E6004DE9E6 /* XCTest.framework */,
				AF00D43B18C9B5E6004DE9E6 /* Other Frameworks */,
			);
			name = Frameworks;
			sourceTree = "<group>";
		};
		AF00D43B18C9B5E6004DE9E6 /* Other Frameworks */ = {
			isa = PBXGroup;
			children = (
				AF00D43C18C9B5E6004DE9E6 /* Foundation.framework */,
				AF00D43D18C9B5E6004DE9E6 /* CoreData.framework */,
				AF00D43E18C9B5E6004DE9E6 /* AppKit.framework */,
			);
			name = "Other Frameworks";
			sourceTree = "<group>";
		};
		AF00D43F18C9B5E6004DE9E6 /* UIFramewrok */ = {
			isa = PBXGroup;
			children = (
				AF00D44618C9B5E6004DE9E6 /* UIFramewrok.h */,
				AF00D44718C9B5E6004DE9E6 /* UIFramewrok.m */,
				AF00D44018C9B5E6004DE9E6 /* Supporting Files */,
			);
			path = UIFramewrok;
			sourceTree = "<group>";
		};
		AF00D44018C9B5E6004DE9E6 /* Supporting Files */ = {
			isa = PBXGroup;
			children = (
				AF00D44118C9B5E6004DE9E6 /* UIFramework-Info.plist */,
				AF00D44218C9B5E6004DE9E6 /* InfoPlist.strings */,
				AF00D44518C9B5E6004DE9E6 /* UIFramework-Prefix.pch */,
			);
			name = "Supporting Files";
			sourceTree = "<group>";
		};
/* End PBXGroup section */

/* Begin PBXHeadersBuildPhase section */
		AF00D43318C9B5E6004DE9E6 /* Headers */ = {
			isa = PBXHeadersBuildPhase;
			buildActionMask = 2147483647;
			files = (
				4FAA9B3E1AAACC8100D9266E /* AMBlinkView.h in Headers */,
				26CEAE8D197380F600DF285F /* AMCheckBoxView.h in Headers */,
				4A776D241A7886FB00281F46 /* AMCollectionView.h in Headers */,
				4FBBCB151A4FE43600DF4C3E /* AMRatioButtonView.h in Headers */,
				2658877E19899ABA001DA266 /* AMPopUpMenuController.h in Headers */,
				AF9DC78418E9643E0029DB97 /* BlueBackgroundView.h in Headers */,
				AFD344C7193EF82C0057F222 /* AMUIConst.h in Headers */,
				AFB34F6A19065C1400092E33 /* AMButtonHandler.h in Headers */,
				CE883165192C44B900DA17CE /* AMBox.h in Headers */,
				CE883169192C52EA00DA17CE /* AMPanelView.h in Headers */,
				26253DD2193C24B100AFFC83 /* AMFoundryFontTextView.h in Headers */,
				AF82E354190CA9680083487C /* AMFoundryFontView.h in Headers */,
				2DA43CCD1DEF9A630096373F /* AMFoundryFontFieldLabelView.h in Headers */,
				AF3A729318C9B6B100DB7BA1 /* AMDragDropView.h in Headers */,
				CE25C50F19775960003A8B39 /* AMBorderView.h in Headers */,
				4F15723E1AB195B700945397 /* AMTimerView.h in Headers */,
				AFAA502418EC1375009286F4 /* AMMovableWindow.h in Headers */,
				AFF79DBB1B5B823E000A95DF /* AMBlueBorderButtonCell.h in Headers */,
				AF2890E0198A398A00D05174 /* AMBlueButton.h in Headers */,
				4F5F13F31ADE542B00E12613 /* AMTableCellView.h in Headers */,
				2658877A19899ABA001DA266 /* AMPopUpView.h in Headers */,
				AFAC30C919382E71000FFC5F /* AMTextView.h in Headers */,
				CEC231751A00D5B300AC7B7F /* AMBackgroundView.h in Headers */,
				01D059B31A2D5A3600BC51E7 /* AMBigBlueButton.h in Headers */,
				4F809F581ACECA7D009AC0E6 /* AMWindow.h in Headers */,
				4FD498C61B6A16BA00427866 /* AMFakeBox.h in Headers */,
				4A776D291A78873300281F46 /* NSView_Constrains.h in Headers */,
				CEC27F0B1993877E0023163F /* AMTextFieldCell.h in Headers */,
				AF7DF6E91904C26E00554E6F /* AMMaxSizeView.h in Headers */,
				2658877C19899ABA001DA266 /* AMPopUpMenuItem.h in Headers */,
				AFF6054B1B08699F00B835B9 /* AMBlueBorderButton.h in Headers */,
				2D9B7F331D3F2F650018580A /* AMTheme.h in Headers */,
				4A207A6F1A875D8E006F4FA2 /* AMTextFieldView.h in Headers */,
				CE883163192C44B800DA17CE /* AMBoxItem.h in Headers */,
			);
			runOnlyForDeploymentPostprocessing = 0;
		};
/* End PBXHeadersBuildPhase section */

/* Begin PBXNativeTarget section */
		AF00D43518C9B5E6004DE9E6 /* UIFramework */ = {
			isa = PBXNativeTarget;
			buildConfigurationList = AF00D45E18C9B5E6004DE9E6 /* Build configuration list for PBXNativeTarget "UIFramework" */;
			buildPhases = (
				AF00D43118C9B5E6004DE9E6 /* Sources */,
				AF00D43218C9B5E6004DE9E6 /* Frameworks */,
				AF00D43318C9B5E6004DE9E6 /* Headers */,
				AF00D43418C9B5E6004DE9E6 /* Resources */,
			);
			buildRules = (
			);
			dependencies = (
			);
			name = UIFramework;
			productName = UIFramewrok;
			productReference = AF00D43618C9B5E6004DE9E6 /* UIFramework.framework */;
			productType = "com.apple.product-type.framework";
		};
/* End PBXNativeTarget section */

/* Begin PBXProject section */
		AF00D42D18C9B5E6004DE9E6 /* Project object */ = {
			isa = PBXProject;
			attributes = {
				LastUpgradeCheck = 0500;
				ORGANIZATIONNAME = Artsmesh;
				TargetAttributes = {
					AF00D43518C9B5E6004DE9E6 = {
						LastSwiftMigration = 0810;
					};
				};
			};
			buildConfigurationList = AF00D43018C9B5E6004DE9E6 /* Build configuration list for PBXProject "UIFramework" */;
			compatibilityVersion = "Xcode 3.2";
			developmentRegion = English;
			hasScannedForEncodings = 0;
			knownRegions = (
				en,
			);
			mainGroup = AF00D42C18C9B5E6004DE9E6;
			productRefGroup = AF00D43718C9B5E6004DE9E6 /* Products */;
			projectDirPath = "";
			projectRoot = "";
			targets = (
				AF00D43518C9B5E6004DE9E6 /* UIFramework */,
			);
		};
/* End PBXProject section */

/* Begin PBXResourcesBuildPhase section */
		AF00D43418C9B5E6004DE9E6 /* Resources */ = {
			isa = PBXResourcesBuildPhase;
			buildActionMask = 2147483647;
			files = (
				2658878019899ABA001DA266 /* AMPopUpMenuController.xib in Resources */,
				AF00D44418C9B5E6004DE9E6 /* InfoPlist.strings in Resources */,
			);
			runOnlyForDeploymentPostprocessing = 0;
		};
/* End PBXResourcesBuildPhase section */

/* Begin PBXSourcesBuildPhase section */
		AF00D43118C9B5E6004DE9E6 /* Sources */ = {
			isa = PBXSourcesBuildPhase;
			buildActionMask = 2147483647;
			files = (
				CE883166192C44B900DA17CE /* AMBox.m in Sources */,
				2658877D19899ABA001DA266 /* AMPopUpMenuItem.m in Sources */,
				4F15723F1AB195B700945397 /* AMTimerView.m in Sources */,
				4A776D251A7886FB00281F46 /* AMCollectionView.m in Sources */,
				2658877B19899ABA001DA266 /* AMPopUpView.m in Sources */,
				26253DD3193C24B100AFFC83 /* AMFoundryFontTextView.m in Sources */,
				4FBBCB161A4FE43600DF4C3E /* AMRatioButtonView.m in Sources */,
				2DA43CCE1DEF9A630096373F /* AMFoundryFontFieldLabelView.m in Sources */,
				2658877F19899ABA001DA266 /* AMPopUpMenuController.m in Sources */,
				AFF79DBC1B5B823E000A95DF /* AMBlueBorderButtonCell.m in Sources */,
				AFB34F6B19065C1400092E33 /* AMButtonHandler.m in Sources */,
				AFF6054C1B08699F00B835B9 /* AMBlueBorderButton.m in Sources */,
				CE25C51219775A08003A8B39 /* AMPanelView.m in Sources */,
				CE25C51019775960003A8B39 /* AMBorderView.m in Sources */,
				26CEAE8E197380F600DF285F /* AMCheckBoxView.m in Sources */,
				AFAA502518EC1375009286F4 /* AMMovableWindow.m in Sources */,
				CEC231761A00D5B300AC7B7F /* AMBackgroundView.m in Sources */,
				4A207A701A875D8E006F4FA2 /* AMTextFieldView.m in Sources */,
				4F809F591ACECA7D009AC0E6 /* AMWindow.m in Sources */,
				AF00D44818C9B5E6004DE9E6 /* UIFramewrok.m in Sources */,
				AF9DC78518E9643E0029DB97 /* BlueBackgroundView.m in Sources */,
				4FD498C71B6A16BA00427866 /* AMFakeBox.m in Sources */,
				CEC27F0C1993877E0023163F /* AMTextFieldCell.m in Sources */,
				4F5F13F41ADE542B00E12613 /* AMTableCellView.m in Sources */,
				CE883164192C44B900DA17CE /* AMBoxItem.m in Sources */,
				AFAC30CA19382E71000FFC5F /* AMTextView.m in Sources */,
				AF2890E1198A398A00D05174 /* AMBlueButton.m in Sources */,
				AF82E355190CA9680083487C /* AMFoundryFontView.m in Sources */,
				AF3A729418C9B6B100DB7BA1 /* AMDragDropView.m in Sources */,
				4A776D2A1A78873300281F46 /* NSView_Constrains.m in Sources */,
				01D059B41A2D5A3600BC51E7 /* AMBigBlueButton.m in Sources */,
				AF7DF6EA1904C26E00554E6F /* AMMaxSizeView.m in Sources */,
				2D9B7F341D3F2F650018580A /* AMTheme.m in Sources */,
				4FAA9B3F1AAACC8100D9266E /* AMBlinkView.m in Sources */,
			);
			runOnlyForDeploymentPostprocessing = 0;
		};
/* End PBXSourcesBuildPhase section */

/* Begin PBXVariantGroup section */
		AF00D44218C9B5E6004DE9E6 /* InfoPlist.strings */ = {
			isa = PBXVariantGroup;
			children = (
				AF00D44318C9B5E6004DE9E6 /* en */,
			);
			name = InfoPlist.strings;
			sourceTree = "<group>";
		};
/* End PBXVariantGroup section */

/* Begin XCBuildConfiguration section */
		AF00D45C18C9B5E6004DE9E6 /* Debug */ = {
			isa = XCBuildConfiguration;
			buildSettings = {
				ALWAYS_SEARCH_USER_PATHS = NO;
				CLANG_CXX_LANGUAGE_STANDARD = "gnu++0x";
				CLANG_CXX_LIBRARY = "libc++";
				CLANG_ENABLE_OBJC_ARC = YES;
				CLANG_WARN_BOOL_CONVERSION = YES;
				CLANG_WARN_CONSTANT_CONVERSION = YES;
				CLANG_WARN_DIRECT_OBJC_ISA_USAGE = YES_ERROR;
				CLANG_WARN_EMPTY_BODY = YES;
				CLANG_WARN_ENUM_CONVERSION = YES;
				CLANG_WARN_INT_CONVERSION = YES;
				CLANG_WARN_OBJC_ROOT_CLASS = YES_ERROR;
				CLANG_WARN__DUPLICATE_METHOD_MATCH = YES;
				COPY_PHASE_STRIP = NO;
				GCC_C_LANGUAGE_STANDARD = gnu99;
				GCC_DYNAMIC_NO_PIC = NO;
				GCC_ENABLE_OBJC_EXCEPTIONS = YES;
				GCC_OPTIMIZATION_LEVEL = 0;
				GCC_PREPROCESSOR_DEFINITIONS = (
					"DEBUG=1",
					"$(inherited)",
				);
				GCC_SYMBOLS_PRIVATE_EXTERN = NO;
				GCC_WARN_64_TO_32_BIT_CONVERSION = YES;
				GCC_WARN_ABOUT_RETURN_TYPE = YES_ERROR;
				GCC_WARN_UNDECLARED_SELECTOR = YES;
				GCC_WARN_UNINITIALIZED_AUTOS = YES;
				GCC_WARN_UNUSED_FUNCTION = YES;
				GCC_WARN_UNUSED_VARIABLE = YES;
				MACOSX_DEPLOYMENT_TARGET = 10.9;
				ONLY_ACTIVE_ARCH = YES;
				SDKROOT = macosx;
			};
			name = Debug;
		};
		AF00D45D18C9B5E6004DE9E6 /* Release */ = {
			isa = XCBuildConfiguration;
			buildSettings = {
				ALWAYS_SEARCH_USER_PATHS = NO;
				CLANG_CXX_LANGUAGE_STANDARD = "gnu++0x";
				CLANG_CXX_LIBRARY = "libc++";
				CLANG_ENABLE_OBJC_ARC = YES;
				CLANG_WARN_BOOL_CONVERSION = YES;
				CLANG_WARN_CONSTANT_CONVERSION = YES;
				CLANG_WARN_DIRECT_OBJC_ISA_USAGE = YES_ERROR;
				CLANG_WARN_EMPTY_BODY = YES;
				CLANG_WARN_ENUM_CONVERSION = YES;
				CLANG_WARN_INT_CONVERSION = YES;
				CLANG_WARN_OBJC_ROOT_CLASS = YES_ERROR;
				CLANG_WARN__DUPLICATE_METHOD_MATCH = YES;
				COPY_PHASE_STRIP = YES;
				DEBUG_INFORMATION_FORMAT = "dwarf-with-dsym";
				ENABLE_NS_ASSERTIONS = NO;
				GCC_C_LANGUAGE_STANDARD = gnu99;
				GCC_ENABLE_OBJC_EXCEPTIONS = YES;
				GCC_WARN_64_TO_32_BIT_CONVERSION = YES;
				GCC_WARN_ABOUT_RETURN_TYPE = YES_ERROR;
				GCC_WARN_UNDECLARED_SELECTOR = YES;
				GCC_WARN_UNINITIALIZED_AUTOS = YES;
				GCC_WARN_UNUSED_FUNCTION = YES;
				GCC_WARN_UNUSED_VARIABLE = YES;
				MACOSX_DEPLOYMENT_TARGET = 10.9;
				SDKROOT = macosx;
			};
			name = Release;
		};
		AF00D45F18C9B5E6004DE9E6 /* Debug */ = {
			isa = XCBuildConfiguration;
			buildSettings = {
				CLANG_ENABLE_MODULES = YES;
				COMBINE_HIDPI_IMAGES = YES;
				DEFINES_MODULE = YES;
				DYLIB_COMPATIBILITY_VERSION = 1;
				DYLIB_CURRENT_VERSION = 1;
				FRAMEWORK_SEARCH_PATHS = (
					"$(inherited)",
					/Users/whisky/Work/Artsmesh/DerivedData/Artsmesh/Build/Products/Debug,
					"$(SRCROOT)/**",
				);
				FRAMEWORK_VERSION = A;
				GCC_PRECOMPILE_PREFIX_HEADER = YES;
				GCC_PREFIX_HEADER = "UIFramewrok/UIFramework-Prefix.pch";
				INFOPLIST_FILE = "UIFramewrok/UIFramework-Info.plist";
				INSTALL_PATH = "@executable_path/../Frameworks";
				LD_RUNPATH_SEARCH_PATHS = "$(inherited) @executable_path/../Frameworks @loader_path/Frameworks";
				PRODUCT_NAME = UIFramework;
				SWIFT_OPTIMIZATION_LEVEL = "-Onone";
				SWIFT_VERSION = 3.0;
				WRAPPER_EXTENSION = framework;
			};
			name = Debug;
		};
		AF00D46018C9B5E6004DE9E6 /* Release */ = {
			isa = XCBuildConfiguration;
			buildSettings = {
				CLANG_ENABLE_MODULES = YES;
				COMBINE_HIDPI_IMAGES = YES;
				DEFINES_MODULE = YES;
				DYLIB_COMPATIBILITY_VERSION = 1;
				DYLIB_CURRENT_VERSION = 1;
				FRAMEWORK_SEARCH_PATHS = (
					"$(inherited)",
					/Users/whisky/Work/Artsmesh/DerivedData/Artsmesh/Build/Products/Debug,
					"$(SRCROOT)/**",
				);
				FRAMEWORK_VERSION = A;
				GCC_PRECOMPILE_PREFIX_HEADER = YES;
				GCC_PREFIX_HEADER = "UIFramewrok/UIFramework-Prefix.pch";
				INFOPLIST_FILE = "UIFramewrok/UIFramework-Info.plist";
				INSTALL_PATH = "@executable_path/../Frameworks";
				LD_RUNPATH_SEARCH_PATHS = "$(inherited) @executable_path/../Frameworks @loader_path/Frameworks";
				PRODUCT_NAME = UIFramework;
				SWIFT_VERSION = 3.0;
				WRAPPER_EXTENSION = framework;
			};
			name = Release;
		};
/* End XCBuildConfiguration section */

/* Begin XCConfigurationList section */
		AF00D43018C9B5E6004DE9E6 /* Build configuration list for PBXProject "UIFramework" */ = {
			isa = XCConfigurationList;
			buildConfigurations = (
				AF00D45C18C9B5E6004DE9E6 /* Debug */,
				AF00D45D18C9B5E6004DE9E6 /* Release */,
			);
			defaultConfigurationIsVisible = 0;
			defaultConfigurationName = Release;
		};
		AF00D45E18C9B5E6004DE9E6 /* Build configuration list for PBXNativeTarget "UIFramework" */ = {
			isa = XCConfigurationList;
			buildConfigurations = (
				AF00D45F18C9B5E6004DE9E6 /* Debug */,
				AF00D46018C9B5E6004DE9E6 /* Release */,
			);
			defaultConfigurationIsVisible = 0;
			defaultConfigurationName = Release;
		};
/* End XCConfigurationList section */
	};
	rootObject = AF00D42D18C9B5E6004DE9E6 /* Project object */;
}
